{
  "pins" : [
    {
      "identity" : "swiftlykodiapi",
      "kind" : "remoteSourceControl",
      "location" : "https://github.com/Desbeers/SwiftlyKodiAPI",
      "state" : {
        "branch" : "main",
        "revision" : "5be6c1e5c3483d2609c543ce559e83186b8f0599"
      }
    },
    {
      "identity" : "swiftlyrotatingview",
      "kind" : "remoteSourceControl",
      "location" : "https://github.com/Desbeers/SwiftlyRotatingView",
      "state" : {
        "branch" : "main",
        "revision" : "e69b43d30b799af2f883737be4805d2c194dfef9"
      }
    },
    {
      "identity" : "swiftlystructcache",
      "kind" : "remoteSourceControl",
      "location" : "https://github.com/Desbeers/SwiftlyStructCache",
      "state" : {
        "branch" : "main",
        "revision" : "e9b371734411f18e98982944ad213756b7f891fb"
      }
    }
  ],
  "version" : 2
}
