{
  "pins" : [
    {
      "identity" : "swiftlykodiapi",
      "kind" : "remoteSourceControl",
      "location" : "https://github.com/Desbeers/SwiftlyKodiAPI",
      "state" : {
        "branch" : "main",
        "revision" : "54285377d10214eb07e48e21e4448fe7307f4469"
      }
    },
    {
      "identity" : "swiftlystructcache",
      "kind" : "remoteSourceControl",
      "location" : "https://github.com/Desbeers/SwiftlyStructCache",
      "state" : {
        "branch" : "main",
        "revision" : "e9b371734411f18e98982944ad213756b7f891fb"
      }
    }
  ],
  "version" : 2
}
