// !$*UTF8*$!
{
	archiveVersion = 1;
	classes = {
	};
	objectVersion = 56;
	objects = {

/* Begin PBXBuildFile section */
		D71170AC2934E36E0059FCD3 /* SeasonView.swift in Sources */ = {isa = PBXBuildFile; fileRef = D71BD56329059B1400037DC9 /* SeasonView.swift */; };
		D71170AD2934E37A0059FCD3 /* EpisodeView.swift in Sources */ = {isa = PBXBuildFile; fileRef = D71BD56529059B6000037DC9 /* EpisodeView.swift */; };
		D71170B12934E72D0059FCD3 /* TVShowView.swift in Sources */ = {isa = PBXBuildFile; fileRef = D71170B02934E72D0059FCD3 /* TVShowView.swift */; };
		D71170B32934E8570059FCD3 /* MovieView.swift in Sources */ = {isa = PBXBuildFile; fileRef = D71170B22934E8570059FCD3 /* MovieView.swift */; };
		D71170B7293502E90059FCD3 /* MusicVideosView.swift in Sources */ = {isa = PBXBuildFile; fileRef = D71170B6293502E90059FCD3 /* MusicVideosView.swift */; };
		D71170B9293503520059FCD3 /* ArtistsView.swift in Sources */ = {isa = PBXBuildFile; fileRef = D71170B8293503520059FCD3 /* ArtistsView.swift */; };
		D71170BB293503710059FCD3 /* ArtistView.swift in Sources */ = {isa = PBXBuildFile; fileRef = D71170BA293503710059FCD3 /* ArtistView.swift */; };
		D71170BD293503A40059FCD3 /* AlbumView.swift in Sources */ = {isa = PBXBuildFile; fileRef = D71170BC293503A40059FCD3 /* AlbumView.swift */; };
		D71170BF293503C70059FCD3 /* MusicVideoView.swift in Sources */ = {isa = PBXBuildFile; fileRef = D71170BE293503C70059FCD3 /* MusicVideoView.swift */; };
		D71BD53529056A5C00037DC9 /* KomodioApp.swift in Sources */ = {isa = PBXBuildFile; fileRef = D71BD53429056A5C00037DC9 /* KomodioApp.swift */; };
		D71BD53729056A5C00037DC9 /* MainView.swift in Sources */ = {isa = PBXBuildFile; fileRef = D71BD53629056A5C00037DC9 /* MainView.swift */; };
		D71BD53C29056A5E00037DC9 /* Preview Assets.xcassets in Resources */ = {isa = PBXBuildFile; fileRef = D71BD53B29056A5E00037DC9 /* Preview Assets.xcassets */; };
		D71BD54529056AD800037DC9 /* SwiftlyKodiAPI in Frameworks */ = {isa = PBXBuildFile; productRef = D71BD54429056AD800037DC9 /* SwiftlyKodiAPI */; };
		D71BD54C29056F1100037DC9 /* Router.swift in Sources */ = {isa = PBXBuildFile; fileRef = D71BD54B29056F1100037DC9 /* Router.swift */; };
		D71BD54E29056F3700037DC9 /* SidebarView.swift in Sources */ = {isa = PBXBuildFile; fileRef = D71BD54D29056F3700037DC9 /* SidebarView.swift */; };
		D71BD55229056FB500037DC9 /* SceneState.swift in Sources */ = {isa = PBXBuildFile; fileRef = D71BD55129056FB500037DC9 /* SceneState.swift */; };
		D71BD5542905726A00037DC9 /* MoviesView.swift in Sources */ = {isa = PBXBuildFile; fileRef = D71BD5532905726A00037DC9 /* MoviesView.swift */; };
		D71BD55629057E6600037DC9 /* DetailView.swift in Sources */ = {isa = PBXBuildFile; fileRef = D71BD55529057E6600037DC9 /* DetailView.swift */; };
		D71BD55829057F1A00037DC9 /* Buttons.swift in Sources */ = {isa = PBXBuildFile; fileRef = D71BD55729057F1A00037DC9 /* Buttons.swift */; };
		D71BD55A29057FE400037DC9 /* MediaItem.swift in Sources */ = {isa = PBXBuildFile; fileRef = D71BD55929057FE400037DC9 /* MediaItem.swift */; };
		D71BD55E290583F600037DC9 /* TVShowsView.swift in Sources */ = {isa = PBXBuildFile; fileRef = D71BD55D290583F600037DC9 /* TVShowsView.swift */; };
		D71BD5602905849A00037DC9 /* ContentView.swift in Sources */ = {isa = PBXBuildFile; fileRef = D71BD55F2905849A00037DC9 /* ContentView.swift */; };
		D71BD562290595FF00037DC9 /* Modifiers.swift in Sources */ = {isa = PBXBuildFile; fileRef = D71BD561290595FF00037DC9 /* Modifiers.swift */; };
		D71BD56829059C6D00037DC9 /* SeasonsView.swift in Sources */ = {isa = PBXBuildFile; fileRef = D71BD56729059C6D00037DC9 /* SeasonsView.swift */; };
		D7254F43295739CA00DC704B /* Buttons+macOS.swift in Sources */ = {isa = PBXBuildFile; fileRef = D7254F42295739CA00DC704B /* Buttons+macOS.swift */; };
		D7254F4429573BD900DC704B /* Buttons+tvOS.swift in Sources */ = {isa = PBXBuildFile; fileRef = D7254F402957399C00DC704B /* Buttons+tvOS.swift */; };
		D7254F4629573FAB00DC704B /* Modifiers+tvOS.swift in Sources */ = {isa = PBXBuildFile; fileRef = D7254F4529573FAB00DC704B /* Modifiers+tvOS.swift */; };
		D7254F49295853C900DC704B /* SearchView.swift in Sources */ = {isa = PBXBuildFile; fileRef = D7254F48295853C900DC704B /* SearchView.swift */; };
		D7254F4A295853F800DC704B /* SearchView.swift in Sources */ = {isa = PBXBuildFile; fileRef = D7EFE45B293A525800CE9B8D /* SearchView.swift */; };
		D7254F4D2959FCC800DC704B /* RotatingIconModel.swift in Sources */ = {isa = PBXBuildFile; fileRef = D7254F4C2959FCC800DC704B /* RotatingIconModel.swift */; };
		D7254F4E2959FCC800DC704B /* RotatingIconModel.swift in Sources */ = {isa = PBXBuildFile; fileRef = D7254F4C2959FCC800DC704B /* RotatingIconModel.swift */; };
		D7254F4F295A06D200DC704B /* Assets.xcassets in Resources */ = {isa = PBXBuildFile; fileRef = D71BD53829056A5E00037DC9 /* Assets.xcassets */; };
		D72DE7B52955F22500DD0FFB /* SidebarView.swift in Sources */ = {isa = PBXBuildFile; fileRef = D72DE7B42955F22500DD0FFB /* SidebarView.swift */; };
		D7325D522906852000D15D79 /* MovieSetView.swift in Sources */ = {isa = PBXBuildFile; fileRef = D7325D512906852000D15D79 /* MovieSetView.swift */; };
		D75C3F64294DCFE2002BC065 /* Assets.xcassets in Resources */ = {isa = PBXBuildFile; fileRef = D71BD53829056A5E00037DC9 /* Assets.xcassets */; };
		D75C3F65294DCFE6002BC065 /* Preview Assets.xcassets in Resources */ = {isa = PBXBuildFile; fileRef = D71BD53B29056A5E00037DC9 /* Preview Assets.xcassets */; };
		D75C3F68294DDD3B002BC065 /* TVShowsView.swift in Sources */ = {isa = PBXBuildFile; fileRef = D71BD55D290583F600037DC9 /* TVShowsView.swift */; };
		D75C3F69294DDD3F002BC065 /* TVShowView.swift in Sources */ = {isa = PBXBuildFile; fileRef = D71170B02934E72D0059FCD3 /* TVShowView.swift */; };
		D75C3F6A294DDD42002BC065 /* SeasonsView.swift in Sources */ = {isa = PBXBuildFile; fileRef = D71BD56729059C6D00037DC9 /* SeasonsView.swift */; };
		D75C3F6B294DDD46002BC065 /* SeasonView.swift in Sources */ = {isa = PBXBuildFile; fileRef = D71BD56329059B1400037DC9 /* SeasonView.swift */; };
		D75C3F6C294DDD49002BC065 /* EpisodeView.swift in Sources */ = {isa = PBXBuildFile; fileRef = D71BD56529059B6000037DC9 /* EpisodeView.swift */; };
		D75C3F6D294DDD4D002BC065 /* UpNextView.swift in Sources */ = {isa = PBXBuildFile; fileRef = D7EFE462293B6B9100CE9B8D /* UpNextView.swift */; };
		D75C3F6E294DED8F002BC065 /* ArtistsView.swift in Sources */ = {isa = PBXBuildFile; fileRef = D71170B8293503520059FCD3 /* ArtistsView.swift */; };
		D75C3F6F294DED93002BC065 /* MusicVideosView.swift in Sources */ = {isa = PBXBuildFile; fileRef = D71170B6293502E90059FCD3 /* MusicVideosView.swift */; };
		D75C3F70294DED96002BC065 /* ArtistView.swift in Sources */ = {isa = PBXBuildFile; fileRef = D71170BA293503710059FCD3 /* ArtistView.swift */; };
		D75C3F71294DED9A002BC065 /* AlbumView.swift in Sources */ = {isa = PBXBuildFile; fileRef = D71170BC293503A40059FCD3 /* AlbumView.swift */; };
		D75C3F72294DED9D002BC065 /* MusicVideoView.swift in Sources */ = {isa = PBXBuildFile; fileRef = D71170BE293503C70059FCD3 /* MusicVideoView.swift */; };
		D76750DB2969838800A95D52 /* Styles.swift in Sources */ = {isa = PBXBuildFile; fileRef = D76750DA2969838800A95D52 /* Styles.swift */; };
		D76750DC2969838800A95D52 /* Styles.swift in Sources */ = {isa = PBXBuildFile; fileRef = D76750DA2969838800A95D52 /* Styles.swift */; };
		D76BFFD32990F7E7000E8E54 /* LaunchScreen.storyboard in Resources */ = {isa = PBXBuildFile; fileRef = D76BFFD12990F7E7000E8E54 /* LaunchScreen.storyboard */; };
		D779BEB029882A67009FD90A /* Parts.swift in Sources */ = {isa = PBXBuildFile; fileRef = D779BEAF29882A67009FD90A /* Parts.swift */; };
		D779BEB129882A67009FD90A /* Parts.swift in Sources */ = {isa = PBXBuildFile; fileRef = D779BEAF29882A67009FD90A /* Parts.swift */; };
		D77B1361296DECBF00ECE2F9 /* KomodioPlayerView.swift in Sources */ = {isa = PBXBuildFile; fileRef = D77B1360296DECBF00ECE2F9 /* KomodioPlayerView.swift */; };
		D77B1362296DECBF00ECE2F9 /* KomodioPlayerView.swift in Sources */ = {isa = PBXBuildFile; fileRef = D77B1360296DECBF00ECE2F9 /* KomodioPlayerView.swift */; };
		D77B1364296ECD2E00ECE2F9 /* Documentation.docc in Sources */ = {isa = PBXBuildFile; fileRef = D77B1363296ECD2E00ECE2F9 /* Documentation.docc */; };
		D77B1367296ED6DC00ECE2F9 /* Documentation.docc in Sources */ = {isa = PBXBuildFile; fileRef = D77B1366296ED6DC00ECE2F9 /* Documentation.docc */; };
		D77B1372297561AA00ECE2F9 /* HostItemView.swift in Sources */ = {isa = PBXBuildFile; fileRef = D77B1371297561AA00ECE2F9 /* HostItemView.swift */; };
		D77B1373297561AA00ECE2F9 /* HostItemView.swift in Sources */ = {isa = PBXBuildFile; fileRef = D77B1371297561AA00ECE2F9 /* HostItemView.swift */; };
		D785A19A294B63D900530F62 /* SwiftlyKodiAPI in Frameworks */ = {isa = PBXBuildFile; productRef = D785A199294B63D900530F62 /* SwiftlyKodiAPI */; };
		D785A19B294B63FA00530F62 /* Router.swift in Sources */ = {isa = PBXBuildFile; fileRef = D71BD54B29056F1100037DC9 /* Router.swift */; };
		D785A19D294B640300530F62 /* SceneState.swift in Sources */ = {isa = PBXBuildFile; fileRef = D71BD55129056FB500037DC9 /* SceneState.swift */; };
		D785A19E294B640800530F62 /* MediaItem.swift in Sources */ = {isa = PBXBuildFile; fileRef = D71BD55929057FE400037DC9 /* MediaItem.swift */; };
		D785A19F294B652100530F62 /* MoviesView.swift in Sources */ = {isa = PBXBuildFile; fileRef = D71BD5532905726A00037DC9 /* MoviesView.swift */; };
		D785A1A0294B653C00530F62 /* PartsView.swift in Sources */ = {isa = PBXBuildFile; fileRef = D7EFE45D293A59AC00CE9B8D /* PartsView.swift */; };
		D785A1A2294B665600530F62 /* ContentView.swift in Sources */ = {isa = PBXBuildFile; fileRef = D785A1A1294B665600530F62 /* ContentView.swift */; };
		D785A1A3294B665F00530F62 /* MovieSetView.swift in Sources */ = {isa = PBXBuildFile; fileRef = D7325D512906852000D15D79 /* MovieSetView.swift */; };
		D785A1A4294B668C00530F62 /* Modifiers.swift in Sources */ = {isa = PBXBuildFile; fileRef = D71BD561290595FF00037DC9 /* Modifiers.swift */; };
		D785A1A7294B7F3A00530F62 /* DetailView.swift in Sources */ = {isa = PBXBuildFile; fileRef = D71BD55529057E6600037DC9 /* DetailView.swift */; };
		D785A1A8294B7F8E00530F62 /* MovieView.swift in Sources */ = {isa = PBXBuildFile; fileRef = D71170B22934E8570059FCD3 /* MovieView.swift */; };
		D785A1A9294B7FA000530F62 /* Buttons.swift in Sources */ = {isa = PBXBuildFile; fileRef = D71BD55729057F1A00037DC9 /* Buttons.swift */; };
		D785A1AB294CBC6100530F62 /* StartView.swift in Sources */ = {isa = PBXBuildFile; fileRef = D7EFE45F293B2C3300CE9B8D /* StartView.swift */; };
		D7B49BE22953262A00BBCB80 /* SiriRemoteController.swift in Sources */ = {isa = PBXBuildFile; fileRef = D7B49BE12953262A00BBCB80 /* SiriRemoteController.swift */; };
		D7EFE450293A4E7900CE9B8D /* KomodioApp.swift in Sources */ = {isa = PBXBuildFile; fileRef = D7EFE44F293A4E7900CE9B8D /* KomodioApp.swift */; };
		D7EFE452293A4E7900CE9B8D /* MainView.swift in Sources */ = {isa = PBXBuildFile; fileRef = D7EFE451293A4E7900CE9B8D /* MainView.swift */; };
		D7EFE45E293A59AC00CE9B8D /* PartsView.swift in Sources */ = {isa = PBXBuildFile; fileRef = D7EFE45D293A59AC00CE9B8D /* PartsView.swift */; };
		D7EFE460293B2C3300CE9B8D /* StartView.swift in Sources */ = {isa = PBXBuildFile; fileRef = D7EFE45F293B2C3300CE9B8D /* StartView.swift */; };
		D7EFE463293B6B9100CE9B8D /* UpNextView.swift in Sources */ = {isa = PBXBuildFile; fileRef = D7EFE462293B6B9100CE9B8D /* UpNextView.swift */; };
		D7F03A6D295F141C0026D815 /* KodiSettingsView.swift in Sources */ = {isa = PBXBuildFile; fileRef = D7EFE467293CDDE600CE9B8D /* KodiSettingsView.swift */; };
		D7F03A6F296071F40026D815 /* KodiSettingsView.swift in Sources */ = {isa = PBXBuildFile; fileRef = D7EFE467293CDDE600CE9B8D /* KodiSettingsView.swift */; };
		D7F03A712960819D0026D815 /* KodiSettingsView+tvOS.swift in Sources */ = {isa = PBXBuildFile; fileRef = D7F03A702960819D0026D815 /* KodiSettingsView+tvOS.swift */; };
		D7F03A792964635B0026D815 /* StatisticsView.swift in Sources */ = {isa = PBXBuildFile; fileRef = D7F03A782964635B0026D815 /* StatisticsView.swift */; };
		D7F03A7A2964635B0026D815 /* StatisticsView.swift in Sources */ = {isa = PBXBuildFile; fileRef = D7F03A782964635B0026D815 /* StatisticsView.swift */; };
		D7F03A7C296466C40026D815 /* StartView+macOS.swift in Sources */ = {isa = PBXBuildFile; fileRef = D7F03A7B296466C40026D815 /* StartView+macOS.swift */; };
		D7F03A7E2964676A0026D815 /* StartView+tvOS.swift in Sources */ = {isa = PBXBuildFile; fileRef = D7F03A7D2964676A0026D815 /* StartView+tvOS.swift */; };
/* End PBXBuildFile section */

/* Begin PBXFileReference section */
		D71170B02934E72D0059FCD3 /* TVShowView.swift */ = {isa = PBXFileReference; lastKnownFileType = sourcecode.swift; path = TVShowView.swift; sourceTree = "<group>"; };
		D71170B22934E8570059FCD3 /* MovieView.swift */ = {isa = PBXFileReference; lastKnownFileType = sourcecode.swift; path = MovieView.swift; sourceTree = "<group>"; };
		D71170B6293502E90059FCD3 /* MusicVideosView.swift */ = {isa = PBXFileReference; lastKnownFileType = sourcecode.swift; path = MusicVideosView.swift; sourceTree = "<group>"; };
		D71170B8293503520059FCD3 /* ArtistsView.swift */ = {isa = PBXFileReference; lastKnownFileType = sourcecode.swift; path = ArtistsView.swift; sourceTree = "<group>"; };
		D71170BA293503710059FCD3 /* ArtistView.swift */ = {isa = PBXFileReference; lastKnownFileType = sourcecode.swift; path = ArtistView.swift; sourceTree = "<group>"; };
		D71170BC293503A40059FCD3 /* AlbumView.swift */ = {isa = PBXFileReference; lastKnownFileType = sourcecode.swift; path = AlbumView.swift; sourceTree = "<group>"; };
		D71170BE293503C70059FCD3 /* MusicVideoView.swift */ = {isa = PBXFileReference; lastKnownFileType = sourcecode.swift; path = MusicVideoView.swift; sourceTree = "<group>"; };
		D71BD53129056A5C00037DC9 /* Komodio.app */ = {isa = PBXFileReference; explicitFileType = wrapper.application; includeInIndex = 0; path = Komodio.app; sourceTree = BUILT_PRODUCTS_DIR; };
		D71BD53429056A5C00037DC9 /* KomodioApp.swift */ = {isa = PBXFileReference; lastKnownFileType = sourcecode.swift; path = KomodioApp.swift; sourceTree = "<group>"; };
		D71BD53629056A5C00037DC9 /* MainView.swift */ = {isa = PBXFileReference; lastKnownFileType = sourcecode.swift; path = MainView.swift; sourceTree = "<group>"; };
		D71BD53829056A5E00037DC9 /* Assets.xcassets */ = {isa = PBXFileReference; lastKnownFileType = folder.assetcatalog; path = Assets.xcassets; sourceTree = "<group>"; };
		D71BD53B29056A5E00037DC9 /* Preview Assets.xcassets */ = {isa = PBXFileReference; lastKnownFileType = folder.assetcatalog; path = "Preview Assets.xcassets"; sourceTree = "<group>"; };
		D71BD53D29056A5E00037DC9 /* Komodio.entitlements */ = {isa = PBXFileReference; lastKnownFileType = text.plist.entitlements; path = Komodio.entitlements; sourceTree = "<group>"; };
		D71BD54B29056F1100037DC9 /* Router.swift */ = {isa = PBXFileReference; lastKnownFileType = sourcecode.swift; path = Router.swift; sourceTree = "<group>"; };
		D71BD54D29056F3700037DC9 /* SidebarView.swift */ = {isa = PBXFileReference; lastKnownFileType = sourcecode.swift; path = SidebarView.swift; sourceTree = "<group>"; };
		D71BD55129056FB500037DC9 /* SceneState.swift */ = {isa = PBXFileReference; lastKnownFileType = sourcecode.swift; path = SceneState.swift; sourceTree = "<group>"; };
		D71BD5532905726A00037DC9 /* MoviesView.swift */ = {isa = PBXFileReference; lastKnownFileType = sourcecode.swift; path = MoviesView.swift; sourceTree = "<group>"; };
		D71BD55529057E6600037DC9 /* DetailView.swift */ = {isa = PBXFileReference; lastKnownFileType = sourcecode.swift; path = DetailView.swift; sourceTree = "<group>"; };
		D71BD55729057F1A00037DC9 /* Buttons.swift */ = {isa = PBXFileReference; lastKnownFileType = sourcecode.swift; path = Buttons.swift; sourceTree = "<group>"; };
		D71BD55929057FE400037DC9 /* MediaItem.swift */ = {isa = PBXFileReference; lastKnownFileType = sourcecode.swift; path = MediaItem.swift; sourceTree = "<group>"; };
		D71BD55D290583F600037DC9 /* TVShowsView.swift */ = {isa = PBXFileReference; lastKnownFileType = sourcecode.swift; path = TVShowsView.swift; sourceTree = "<group>"; };
		D71BD55F2905849A00037DC9 /* ContentView.swift */ = {isa = PBXFileReference; lastKnownFileType = sourcecode.swift; path = ContentView.swift; sourceTree = "<group>"; };
		D71BD561290595FF00037DC9 /* Modifiers.swift */ = {isa = PBXFileReference; lastKnownFileType = sourcecode.swift; path = Modifiers.swift; sourceTree = "<group>"; };
		D71BD56329059B1400037DC9 /* SeasonView.swift */ = {isa = PBXFileReference; lastKnownFileType = sourcecode.swift; path = SeasonView.swift; sourceTree = "<group>"; };
		D71BD56529059B6000037DC9 /* EpisodeView.swift */ = {isa = PBXFileReference; lastKnownFileType = sourcecode.swift; path = EpisodeView.swift; sourceTree = "<group>"; };
		D71BD56729059C6D00037DC9 /* SeasonsView.swift */ = {isa = PBXFileReference; lastKnownFileType = sourcecode.swift; path = SeasonsView.swift; sourceTree = "<group>"; };
		D7254F402957399C00DC704B /* Buttons+tvOS.swift */ = {isa = PBXFileReference; lastKnownFileType = sourcecode.swift; path = "Buttons+tvOS.swift"; sourceTree = "<group>"; };
		D7254F42295739CA00DC704B /* Buttons+macOS.swift */ = {isa = PBXFileReference; lastKnownFileType = sourcecode.swift; path = "Buttons+macOS.swift"; sourceTree = "<group>"; };
		D7254F4529573FAB00DC704B /* Modifiers+tvOS.swift */ = {isa = PBXFileReference; lastKnownFileType = sourcecode.swift; path = "Modifiers+tvOS.swift"; sourceTree = "<group>"; };
		D7254F48295853C900DC704B /* SearchView.swift */ = {isa = PBXFileReference; lastKnownFileType = sourcecode.swift; path = SearchView.swift; sourceTree = "<group>"; };
		D7254F4C2959FCC800DC704B /* RotatingIconModel.swift */ = {isa = PBXFileReference; lastKnownFileType = sourcecode.swift; path = RotatingIconModel.swift; sourceTree = "<group>"; };
		D72DE7B42955F22500DD0FFB /* SidebarView.swift */ = {isa = PBXFileReference; lastKnownFileType = sourcecode.swift; path = SidebarView.swift; sourceTree = "<group>"; };
		D7325D512906852000D15D79 /* MovieSetView.swift */ = {isa = PBXFileReference; lastKnownFileType = sourcecode.swift; path = MovieSetView.swift; sourceTree = "<group>"; };
		D76750DA2969838800A95D52 /* Styles.swift */ = {isa = PBXFileReference; lastKnownFileType = sourcecode.swift; path = Styles.swift; sourceTree = "<group>"; };
		D76BFFD12990F7E7000E8E54 /* LaunchScreen.storyboard */ = {isa = PBXFileReference; fileEncoding = 4; lastKnownFileType = file.storyboard; path = LaunchScreen.storyboard; sourceTree = "<group>"; };
		D779BEAF29882A67009FD90A /* Parts.swift */ = {isa = PBXFileReference; lastKnownFileType = sourcecode.swift; path = Parts.swift; sourceTree = "<group>"; };
		D77B1360296DECBF00ECE2F9 /* KomodioPlayerView.swift */ = {isa = PBXFileReference; lastKnownFileType = sourcecode.swift; path = KomodioPlayerView.swift; sourceTree = "<group>"; };
		D77B1363296ECD2E00ECE2F9 /* Documentation.docc */ = {isa = PBXFileReference; lastKnownFileType = folder.documentationcatalog; path = Documentation.docc; sourceTree = "<group>"; };
		D77B1366296ED6DC00ECE2F9 /* Documentation.docc */ = {isa = PBXFileReference; lastKnownFileType = folder.documentationcatalog; path = Documentation.docc; sourceTree = "<group>"; };
		D77B1371297561AA00ECE2F9 /* HostItemView.swift */ = {isa = PBXFileReference; lastKnownFileType = sourcecode.swift; path = HostItemView.swift; sourceTree = "<group>"; };
		D785A1A1294B665600530F62 /* ContentView.swift */ = {isa = PBXFileReference; lastKnownFileType = sourcecode.swift; path = ContentView.swift; sourceTree = "<group>"; };
		D7B49BE12953262A00BBCB80 /* SiriRemoteController.swift */ = {isa = PBXFileReference; fileEncoding = 4; lastKnownFileType = sourcecode.swift; path = SiriRemoteController.swift; sourceTree = "<group>"; };
		D7EFE44D293A4E7900CE9B8D /* KomodioTV.app */ = {isa = PBXFileReference; explicitFileType = wrapper.application; includeInIndex = 0; path = KomodioTV.app; sourceTree = BUILT_PRODUCTS_DIR; };
		D7EFE44F293A4E7900CE9B8D /* KomodioApp.swift */ = {isa = PBXFileReference; lastKnownFileType = sourcecode.swift; path = KomodioApp.swift; sourceTree = "<group>"; };
		D7EFE451293A4E7900CE9B8D /* MainView.swift */ = {isa = PBXFileReference; lastKnownFileType = sourcecode.swift; path = MainView.swift; sourceTree = "<group>"; };
		D7EFE45B293A525800CE9B8D /* SearchView.swift */ = {isa = PBXFileReference; lastKnownFileType = sourcecode.swift; path = SearchView.swift; sourceTree = "<group>"; };
		D7EFE45D293A59AC00CE9B8D /* PartsView.swift */ = {isa = PBXFileReference; lastKnownFileType = sourcecode.swift; path = PartsView.swift; sourceTree = "<group>"; };
		D7EFE45F293B2C3300CE9B8D /* StartView.swift */ = {isa = PBXFileReference; lastKnownFileType = sourcecode.swift; path = StartView.swift; sourceTree = "<group>"; };
		D7EFE462293B6B9100CE9B8D /* UpNextView.swift */ = {isa = PBXFileReference; lastKnownFileType = sourcecode.swift; path = UpNextView.swift; sourceTree = "<group>"; };
		D7EFE467293CDDE600CE9B8D /* KodiSettingsView.swift */ = {isa = PBXFileReference; lastKnownFileType = sourcecode.swift; path = KodiSettingsView.swift; sourceTree = "<group>"; };
		D7F03A702960819D0026D815 /* KodiSettingsView+tvOS.swift */ = {isa = PBXFileReference; lastKnownFileType = sourcecode.swift; path = "KodiSettingsView+tvOS.swift"; sourceTree = "<group>"; };
		D7F03A782964635B0026D815 /* StatisticsView.swift */ = {isa = PBXFileReference; lastKnownFileType = sourcecode.swift; path = StatisticsView.swift; sourceTree = "<group>"; };
		D7F03A7B296466C40026D815 /* StartView+macOS.swift */ = {isa = PBXFileReference; lastKnownFileType = sourcecode.swift; path = "StartView+macOS.swift"; sourceTree = "<group>"; };
		D7F03A7D2964676A0026D815 /* StartView+tvOS.swift */ = {isa = PBXFileReference; lastKnownFileType = sourcecode.swift; path = "StartView+tvOS.swift"; sourceTree = "<group>"; };
		D7F03A8029685E2D0026D815 /* Komodio.plist */ = {isa = PBXFileReference; lastKnownFileType = text.plist.xml; path = Komodio.plist; sourceTree = "<group>"; };
/* End PBXFileReference section */

/* Begin PBXFrameworksBuildPhase section */
		D71BD52E29056A5C00037DC9 /* Frameworks */ = {
			isa = PBXFrameworksBuildPhase;
			buildActionMask = 2147483647;
			files = (
				D71BD54529056AD800037DC9 /* SwiftlyKodiAPI in Frameworks */,
			);
			runOnlyForDeploymentPostprocessing = 0;
		};
		D7EFE44A293A4E7900CE9B8D /* Frameworks */ = {
			isa = PBXFrameworksBuildPhase;
			buildActionMask = 2147483647;
			files = (
				D785A19A294B63D900530F62 /* SwiftlyKodiAPI in Frameworks */,
			);
			runOnlyForDeploymentPostprocessing = 0;
		};
/* End PBXFrameworksBuildPhase section */

/* Begin PBXGroup section */
		D71170AE2934E6AF0059FCD3 /* Movies */ = {
			isa = PBXGroup;
			children = (
				D71BD5532905726A00037DC9 /* MoviesView.swift */,
				D7325D512906852000D15D79 /* MovieSetView.swift */,
				D71170B22934E8570059FCD3 /* MovieView.swift */,
			);
			path = Movies;
			sourceTree = "<group>";
		};
		D71170AF2934E6CB0059FCD3 /* TVShows */ = {
			isa = PBXGroup;
			children = (
				D71BD55D290583F600037DC9 /* TVShowsView.swift */,
				D71170B02934E72D0059FCD3 /* TVShowView.swift */,
				D71BD56729059C6D00037DC9 /* SeasonsView.swift */,
				D71BD56329059B1400037DC9 /* SeasonView.swift */,
				D71BD56529059B6000037DC9 /* EpisodeView.swift */,
				D7EFE462293B6B9100CE9B8D /* UpNextView.swift */,
			);
			path = TVShows;
			sourceTree = "<group>";
		};
		D71170B5293502D00059FCD3 /* MusicVideos */ = {
			isa = PBXGroup;
			children = (
				D71170B8293503520059FCD3 /* ArtistsView.swift */,
				D71170BA293503710059FCD3 /* ArtistView.swift */,
				D71170B6293502E90059FCD3 /* MusicVideosView.swift */,
				D71170BC293503A40059FCD3 /* AlbumView.swift */,
				D71170BE293503C70059FCD3 /* MusicVideoView.swift */,
			);
			path = MusicVideos;
			sourceTree = "<group>";
		};
		D71BD52829056A5C00037DC9 = {
			isa = PBXGroup;
			children = (
				D71BD53329056A5C00037DC9 /* Komodio */,
				D71BD53229056A5C00037DC9 /* Products */,
				D785A198294B63D900530F62 /* Frameworks */,
			);
			sourceTree = "<group>";
		};
		D71BD53229056A5C00037DC9 /* Products */ = {
			isa = PBXGroup;
			children = (
				D71BD53129056A5C00037DC9 /* Komodio.app */,
				D7EFE44D293A4E7900CE9B8D /* KomodioTV.app */,
			);
			name = Products;
			sourceTree = "<group>";
		};
		D71BD53329056A5C00037DC9 /* Komodio */ = {
			isa = PBXGroup;
			children = (
				D75C3F60294DCCB2002BC065 /* Shared */,
				D75C3F5F294DCCAA002BC065 /* macOS */,
				D7EFE44E293A4E7900CE9B8D /* tvOS */,
			);
			path = Komodio;
			sourceTree = "<group>";
		};
		D71BD53A29056A5E00037DC9 /* Preview Content */ = {
			isa = PBXGroup;
			children = (
				D71BD53B29056A5E00037DC9 /* Preview Assets.xcassets */,
			);
			path = "Preview Content";
			sourceTree = "<group>";
		};
		D71BD54929056CA400037DC9 /* Views */ = {
			isa = PBXGroup;
			children = (
				D71BD53629056A5C00037DC9 /* MainView.swift */,
				D71BD54D29056F3700037DC9 /* SidebarView.swift */,
				D71BD55F2905849A00037DC9 /* ContentView.swift */,
				D7F03A7B296466C40026D815 /* StartView+macOS.swift */,
				D7EFE45B293A525800CE9B8D /* SearchView.swift */,
				D7254F42295739CA00DC704B /* Buttons+macOS.swift */,
			);
			path = Views;
			sourceTree = "<group>";
		};
		D71BD54A29056F0500037DC9 /* General */ = {
			isa = PBXGroup;
			children = (
				D77B1363296ECD2E00ECE2F9 /* Documentation.docc */,
			);
			path = General;
			sourceTree = "<group>";
		};
		D72DE7B32955F21200DD0FFB /* Views */ = {
			isa = PBXGroup;
			children = (
				D7EFE451293A4E7900CE9B8D /* MainView.swift */,
				D72DE7B42955F22500DD0FFB /* SidebarView.swift */,
				D785A1A1294B665600530F62 /* ContentView.swift */,
				D7F03A7D2964676A0026D815 /* StartView+tvOS.swift */,
				D7254F48295853C900DC704B /* SearchView.swift */,
				D7254F402957399C00DC704B /* Buttons+tvOS.swift */,
				D7254F4529573FAB00DC704B /* Modifiers+tvOS.swift */,
				D7F03A702960819D0026D815 /* KodiSettingsView+tvOS.swift */,
			);
			path = Views;
			sourceTree = "<group>";
		};
		D72DE7B62955F27300DD0FFB /* General */ = {
			isa = PBXGroup;
			children = (
				D7B49BE12953262A00BBCB80 /* SiriRemoteController.swift */,
				D77B1366296ED6DC00ECE2F9 /* Documentation.docc */,
			);
			path = General;
			sourceTree = "<group>";
		};
		D75C3F5F294DCCAA002BC065 /* macOS */ = {
			isa = PBXGroup;
			children = (
				D71BD54A29056F0500037DC9 /* General */,
				D71BD54929056CA400037DC9 /* Views */,
				D71BD53429056A5C00037DC9 /* KomodioApp.swift */,
				D71BD53D29056A5E00037DC9 /* Komodio.entitlements */,
			);
			path = macOS;
			sourceTree = "<group>";
		};
		D75C3F60294DCCB2002BC065 /* Shared */ = {
			isa = PBXGroup;
			children = (
				D75C3F61294DCCC8002BC065 /* General */,
				D75C3F66294DD454002BC065 /* Views */,
				D71BD53A29056A5E00037DC9 /* Preview Content */,
			);
			path = Shared;
			sourceTree = "<group>";
		};
		D75C3F61294DCCC8002BC065 /* General */ = {
			isa = PBXGroup;
			children = (
				D71BD55129056FB500037DC9 /* SceneState.swift */,
				D71BD54B29056F1100037DC9 /* Router.swift */,
				D71BD55929057FE400037DC9 /* MediaItem.swift */,
				D779BEAF29882A67009FD90A /* Parts.swift */,
				D7254F4C2959FCC800DC704B /* RotatingIconModel.swift */,
				D71BD53829056A5E00037DC9 /* Assets.xcassets */,
			);
			path = General;
			sourceTree = "<group>";
		};
		D75C3F66294DD454002BC065 /* Views */ = {
			isa = PBXGroup;
			children = (
				D71170AE2934E6AF0059FCD3 /* Movies */,
				D71170AF2934E6CB0059FCD3 /* TVShows */,
				D71170B5293502D00059FCD3 /* MusicVideos */,
				D7EFE45F293B2C3300CE9B8D /* StartView.swift */,
				D71BD55529057E6600037DC9 /* DetailView.swift */,
				D7EFE467293CDDE600CE9B8D /* KodiSettingsView.swift */,
				D77B1371297561AA00ECE2F9 /* HostItemView.swift */,
				D7F03A782964635B0026D815 /* StatisticsView.swift */,
				D77B1360296DECBF00ECE2F9 /* KomodioPlayerView.swift */,
				D7EFE45D293A59AC00CE9B8D /* PartsView.swift */,
				D71BD55729057F1A00037DC9 /* Buttons.swift */,
				D71BD561290595FF00037DC9 /* Modifiers.swift */,
				D76750DA2969838800A95D52 /* Styles.swift */,
			);
			path = Views;
			sourceTree = "<group>";
		};
		D785A198294B63D900530F62 /* Frameworks */ = {
			isa = PBXGroup;
			children = (
			);
			name = Frameworks;
			sourceTree = "<group>";
		};
		D7EFE44E293A4E7900CE9B8D /* tvOS */ = {
			isa = PBXGroup;
			children = (
				D72DE7B62955F27300DD0FFB /* General */,
				D72DE7B32955F21200DD0FFB /* Views */,
				D7EFE44F293A4E7900CE9B8D /* KomodioApp.swift */,
				D7F03A8029685E2D0026D815 /* Komodio.plist */,
				D76BFFD12990F7E7000E8E54 /* LaunchScreen.storyboard */,
			);
			path = tvOS;
			sourceTree = "<group>";
		};
/* End PBXGroup section */

/* Begin PBXNativeTarget section */
		D71BD53029056A5C00037DC9 /* Komodio */ = {
			isa = PBXNativeTarget;
			buildConfigurationList = D71BD54029056A5E00037DC9 /* Build configuration list for PBXNativeTarget "Komodio" */;
			buildPhases = (
				D71BD52D29056A5C00037DC9 /* Sources */,
				D71BD52E29056A5C00037DC9 /* Frameworks */,
				D71BD52F29056A5C00037DC9 /* Resources */,
				D71170B42934E9100059FCD3 /* ShellScript */,
			);
			buildRules = (
			);
			dependencies = (
			);
			name = Komodio;
			packageProductDependencies = (
				D71BD54429056AD800037DC9 /* SwiftlyKodiAPI */,
			);
			productName = KomodioMac;
			productReference = D71BD53129056A5C00037DC9 /* Komodio.app */;
			productType = "com.apple.product-type.application";
		};
		D7EFE44C293A4E7900CE9B8D /* KomodioTV */ = {
			isa = PBXNativeTarget;
			buildConfigurationList = D7EFE45A293A4E7900CE9B8D /* Build configuration list for PBXNativeTarget "KomodioTV" */;
			buildPhases = (
				D7EFE449293A4E7900CE9B8D /* Sources */,
				D7EFE44A293A4E7900CE9B8D /* Frameworks */,
				D7EFE44B293A4E7900CE9B8D /* Resources */,
				D72DE7B72955F29600DD0FFB /* ShellScript */,
			);
			buildRules = (
			);
			dependencies = (
			);
			name = KomodioTV;
			packageProductDependencies = (
				D785A199294B63D900530F62 /* SwiftlyKodiAPI */,
			);
			productName = KomodioTV;
			productReference = D7EFE44D293A4E7900CE9B8D /* KomodioTV.app */;
			productType = "com.apple.product-type.application";
		};
/* End PBXNativeTarget section */

/* Begin PBXProject section */
		D71BD52929056A5C00037DC9 /* Project object */ = {
			isa = PBXProject;
			attributes = {
				BuildIndependentTargetsInParallel = 1;
				LastSwiftUpdateCheck = 1410;
				LastUpgradeCheck = 1420;
				TargetAttributes = {
					D71BD53029056A5C00037DC9 = {
						CreatedOnToolsVersion = 14.1;
					};
					D7EFE44C293A4E7900CE9B8D = {
						CreatedOnToolsVersion = 14.1;
					};
				};
			};
			buildConfigurationList = D71BD52C29056A5C00037DC9 /* Build configuration list for PBXProject "Komodio" */;
			compatibilityVersion = "Xcode 14.0";
			developmentRegion = en;
			hasScannedForEncodings = 0;
			knownRegions = (
				en,
				Base,
			);
			mainGroup = D71BD52829056A5C00037DC9;
			packageReferences = (
				D71BD54329056AD800037DC9 /* XCRemoteSwiftPackageReference "SwiftlyKodiAPI" */,
			);
			productRefGroup = D71BD53229056A5C00037DC9 /* Products */;
			projectDirPath = "";
			projectRoot = "";
			targets = (
				D71BD53029056A5C00037DC9 /* Komodio */,
				D7EFE44C293A4E7900CE9B8D /* KomodioTV */,
			);
		};
/* End PBXProject section */

/* Begin PBXResourcesBuildPhase section */
		D71BD52F29056A5C00037DC9 /* Resources */ = {
			isa = PBXResourcesBuildPhase;
			buildActionMask = 2147483647;
			files = (
				D7254F4F295A06D200DC704B /* Assets.xcassets in Resources */,
				D71BD53C29056A5E00037DC9 /* Preview Assets.xcassets in Resources */,
			);
			runOnlyForDeploymentPostprocessing = 0;
		};
		D7EFE44B293A4E7900CE9B8D /* Resources */ = {
			isa = PBXResourcesBuildPhase;
			buildActionMask = 2147483647;
			files = (
				D76BFFD32990F7E7000E8E54 /* LaunchScreen.storyboard in Resources */,
				D75C3F65294DCFE6002BC065 /* Preview Assets.xcassets in Resources */,
				D75C3F64294DCFE2002BC065 /* Assets.xcassets in Resources */,
			);
			runOnlyForDeploymentPostprocessing = 0;
		};
/* End PBXResourcesBuildPhase section */

/* Begin PBXShellScriptBuildPhase section */
		D71170B42934E9100059FCD3 /* ShellScript */ = {
			isa = PBXShellScriptBuildPhase;
			alwaysOutOfDate = 1;
			buildActionMask = 2147483647;
			files = (
			);
			inputFileListPaths = (
			);
			inputPaths = (
			);
			outputFileListPaths = (
			);
			outputPaths = (
			);
			runOnlyForDeploymentPostprocessing = 0;
			shellPath = /bin/sh;
			shellScript = "if which /opt/homebrew/bin/swiftlint >/dev/null; then\n  # swiftlint --enable-all-rules\n  # swiftlint autocorrect\n  /opt/homebrew/bin/swiftlint\nelse\n  echo \"warning: SwiftLint not installed, download from https://github.com/realm/SwiftLint\"\nfi\n";
		};
		D72DE7B72955F29600DD0FFB /* ShellScript */ = {
			isa = PBXShellScriptBuildPhase;
			alwaysOutOfDate = 1;
			buildActionMask = 2147483647;
			files = (
			);
			inputFileListPaths = (
			);
			inputPaths = (
			);
			outputFileListPaths = (
			);
			outputPaths = (
			);
			runOnlyForDeploymentPostprocessing = 0;
			shellPath = /bin/sh;
			shellScript = "if which /opt/homebrew/bin/swiftlint >/dev/null; then\n  # swiftlint --enable-all-rules\n  # swiftlint autocorrect\n  /opt/homebrew/bin/swiftlint\nelse\n  echo \"warning: SwiftLint not installed, download from https://github.com/realm/SwiftLint\"\nfi\n";
		};
/* End PBXShellScriptBuildPhase section */

/* Begin PBXSourcesBuildPhase section */
		D71BD52D29056A5C00037DC9 /* Sources */ = {
			isa = PBXSourcesBuildPhase;
			buildActionMask = 2147483647;
			files = (
				D71170B12934E72D0059FCD3 /* TVShowView.swift in Sources */,
				D76750DB2969838800A95D52 /* Styles.swift in Sources */,
				D7EFE45E293A59AC00CE9B8D /* PartsView.swift in Sources */,
				D71BD55A29057FE400037DC9 /* MediaItem.swift in Sources */,
				D71170BD293503A40059FCD3 /* AlbumView.swift in Sources */,
				D7F03A6D295F141C0026D815 /* KodiSettingsView.swift in Sources */,
				D77B1372297561AA00ECE2F9 /* HostItemView.swift in Sources */,
				D71BD562290595FF00037DC9 /* Modifiers.swift in Sources */,
				D7F03A7C296466C40026D815 /* StartView+macOS.swift in Sources */,
				D779BEB029882A67009FD90A /* Parts.swift in Sources */,
				D71BD55829057F1A00037DC9 /* Buttons.swift in Sources */,
				D71170B9293503520059FCD3 /* ArtistsView.swift in Sources */,
				D71170BB293503710059FCD3 /* ArtistView.swift in Sources */,
				D71170B32934E8570059FCD3 /* MovieView.swift in Sources */,
				D7325D522906852000D15D79 /* MovieSetView.swift in Sources */,
				D71BD55229056FB500037DC9 /* SceneState.swift in Sources */,
				D71BD54C29056F1100037DC9 /* Router.swift in Sources */,
				D71170AC2934E36E0059FCD3 /* SeasonView.swift in Sources */,
				D7EFE463293B6B9100CE9B8D /* UpNextView.swift in Sources */,
				D7254F4A295853F800DC704B /* SearchView.swift in Sources */,
				D77B1364296ECD2E00ECE2F9 /* Documentation.docc in Sources */,
				D71BD54E29056F3700037DC9 /* SidebarView.swift in Sources */,
				D7F03A792964635B0026D815 /* StatisticsView.swift in Sources */,
				D71170AD2934E37A0059FCD3 /* EpisodeView.swift in Sources */,
				D7254F4D2959FCC800DC704B /* RotatingIconModel.swift in Sources */,
				D71BD5542905726A00037DC9 /* MoviesView.swift in Sources */,
				D71BD55629057E6600037DC9 /* DetailView.swift in Sources */,
				D71BD56829059C6D00037DC9 /* SeasonsView.swift in Sources */,
				D71BD55E290583F600037DC9 /* TVShowsView.swift in Sources */,
				D71170BF293503C70059FCD3 /* MusicVideoView.swift in Sources */,
				D71BD5602905849A00037DC9 /* ContentView.swift in Sources */,
				D7254F43295739CA00DC704B /* Buttons+macOS.swift in Sources */,
				D71BD53729056A5C00037DC9 /* MainView.swift in Sources */,
				D77B1361296DECBF00ECE2F9 /* KomodioPlayerView.swift in Sources */,
				D71170B7293502E90059FCD3 /* MusicVideosView.swift in Sources */,
				D71BD53529056A5C00037DC9 /* KomodioApp.swift in Sources */,
				D7EFE460293B2C3300CE9B8D /* StartView.swift in Sources */,
			);
			runOnlyForDeploymentPostprocessing = 0;
		};
		D7EFE449293A4E7900CE9B8D /* Sources */ = {
			isa = PBXSourcesBuildPhase;
			buildActionMask = 2147483647;
			files = (
				D779BEB129882A67009FD90A /* Parts.swift in Sources */,
				D75C3F6D294DDD4D002BC065 /* UpNextView.swift in Sources */,
				D75C3F69294DDD3F002BC065 /* TVShowView.swift in Sources */,
				D785A1AB294CBC6100530F62 /* StartView.swift in Sources */,
				D77B1367296ED6DC00ECE2F9 /* Documentation.docc in Sources */,
				D785A1A9294B7FA000530F62 /* Buttons.swift in Sources */,
				D7B49BE22953262A00BBCB80 /* SiriRemoteController.swift in Sources */,
				D7F03A7E2964676A0026D815 /* StartView+tvOS.swift in Sources */,
				D75C3F68294DDD3B002BC065 /* TVShowsView.swift in Sources */,
				D75C3F72294DED9D002BC065 /* MusicVideoView.swift in Sources */,
				D785A1A0294B653C00530F62 /* PartsView.swift in Sources */,
				D7254F4629573FAB00DC704B /* Modifiers+tvOS.swift in Sources */,
				D75C3F6B294DDD46002BC065 /* SeasonView.swift in Sources */,
				D7254F49295853C900DC704B /* SearchView.swift in Sources */,
				D75C3F6F294DED93002BC065 /* MusicVideosView.swift in Sources */,
				D76750DC2969838800A95D52 /* Styles.swift in Sources */,
				D785A1A4294B668C00530F62 /* Modifiers.swift in Sources */,
				D75C3F6E294DED8F002BC065 /* ArtistsView.swift in Sources */,
				D7EFE452293A4E7900CE9B8D /* MainView.swift in Sources */,
				D7F03A712960819D0026D815 /* KodiSettingsView+tvOS.swift in Sources */,
				D785A1A3294B665F00530F62 /* MovieSetView.swift in Sources */,
				D7254F4E2959FCC800DC704B /* RotatingIconModel.swift in Sources */,
				D785A19D294B640300530F62 /* SceneState.swift in Sources */,
				D785A19B294B63FA00530F62 /* Router.swift in Sources */,
				D785A1A7294B7F3A00530F62 /* DetailView.swift in Sources */,
				D75C3F6C294DDD49002BC065 /* EpisodeView.swift in Sources */,
				D7EFE450293A4E7900CE9B8D /* KomodioApp.swift in Sources */,
				D785A1A8294B7F8E00530F62 /* MovieView.swift in Sources */,
				D7F03A6F296071F40026D815 /* KodiSettingsView.swift in Sources */,
				D785A1A2294B665600530F62 /* ContentView.swift in Sources */,
				D77B1362296DECBF00ECE2F9 /* KomodioPlayerView.swift in Sources */,
				D75C3F71294DED9A002BC065 /* AlbumView.swift in Sources */,
				D7F03A7A2964635B0026D815 /* StatisticsView.swift in Sources */,
				D75C3F70294DED96002BC065 /* ArtistView.swift in Sources */,
				D785A19F294B652100530F62 /* MoviesView.swift in Sources */,
				D7254F4429573BD900DC704B /* Buttons+tvOS.swift in Sources */,
				D72DE7B52955F22500DD0FFB /* SidebarView.swift in Sources */,
				D77B1373297561AA00ECE2F9 /* HostItemView.swift in Sources */,
				D785A19E294B640800530F62 /* MediaItem.swift in Sources */,
				D75C3F6A294DDD42002BC065 /* SeasonsView.swift in Sources */,
			);
			runOnlyForDeploymentPostprocessing = 0;
		};
/* End PBXSourcesBuildPhase section */

/* Begin XCBuildConfiguration section */
		D71BD53E29056A5E00037DC9 /* Debug */ = {
			isa = XCBuildConfiguration;
			buildSettings = {
				ALWAYS_SEARCH_USER_PATHS = NO;
				CLANG_ANALYZER_NONNULL = YES;
				CLANG_ANALYZER_NUMBER_OBJECT_CONVERSION = YES_AGGRESSIVE;
				CLANG_CXX_LANGUAGE_STANDARD = "gnu++20";
				CLANG_ENABLE_MODULES = YES;
				CLANG_ENABLE_OBJC_ARC = YES;
				CLANG_ENABLE_OBJC_WEAK = YES;
				CLANG_WARN_BLOCK_CAPTURE_AUTORELEASING = YES;
				CLANG_WARN_BOOL_CONVERSION = YES;
				CLANG_WARN_COMMA = YES;
				CLANG_WARN_CONSTANT_CONVERSION = YES;
				CLANG_WARN_DEPRECATED_OBJC_IMPLEMENTATIONS = YES;
				CLANG_WARN_DIRECT_OBJC_ISA_USAGE = YES_ERROR;
				CLANG_WARN_DOCUMENTATION_COMMENTS = YES;
				CLANG_WARN_EMPTY_BODY = YES;
				CLANG_WARN_ENUM_CONVERSION = YES;
				CLANG_WARN_INFINITE_RECURSION = YES;
				CLANG_WARN_INT_CONVERSION = YES;
				CLANG_WARN_NON_LITERAL_NULL_CONVERSION = YES;
				CLANG_WARN_OBJC_IMPLICIT_RETAIN_SELF = YES;
				CLANG_WARN_OBJC_LITERAL_CONVERSION = YES;
				CLANG_WARN_OBJC_ROOT_CLASS = YES_ERROR;
				CLANG_WARN_QUOTED_INCLUDE_IN_FRAMEWORK_HEADER = YES;
				CLANG_WARN_RANGE_LOOP_ANALYSIS = YES;
				CLANG_WARN_STRICT_PROTOTYPES = YES;
				CLANG_WARN_SUSPICIOUS_MOVE = YES;
				CLANG_WARN_UNGUARDED_AVAILABILITY = YES_AGGRESSIVE;
				CLANG_WARN_UNREACHABLE_CODE = YES;
				CLANG_WARN__DUPLICATE_METHOD_MATCH = YES;
				COPY_PHASE_STRIP = NO;
				DEAD_CODE_STRIPPING = YES;
				DEBUG_INFORMATION_FORMAT = dwarf;
				ENABLE_STRICT_OBJC_MSGSEND = YES;
				ENABLE_TESTABILITY = YES;
				GCC_C_LANGUAGE_STANDARD = gnu11;
				GCC_DYNAMIC_NO_PIC = NO;
				GCC_NO_COMMON_BLOCKS = YES;
				GCC_OPTIMIZATION_LEVEL = 0;
				GCC_PREPROCESSOR_DEFINITIONS = (
					"DEBUG=1",
					"$(inherited)",
				);
				GCC_WARN_64_TO_32_BIT_CONVERSION = YES;
				GCC_WARN_ABOUT_RETURN_TYPE = YES_ERROR;
				GCC_WARN_UNDECLARED_SELECTOR = YES;
				GCC_WARN_UNINITIALIZED_AUTOS = YES_AGGRESSIVE;
				GCC_WARN_UNUSED_FUNCTION = YES;
				GCC_WARN_UNUSED_VARIABLE = YES;
				MACOSX_DEPLOYMENT_TARGET = 13.0;
				MTL_ENABLE_DEBUG_INFO = INCLUDE_SOURCE;
				MTL_FAST_MATH = YES;
				ONLY_ACTIVE_ARCH = YES;
				SDKROOT = macosx;
				SWIFT_ACTIVE_COMPILATION_CONDITIONS = DEBUG;
				SWIFT_OPTIMIZATION_LEVEL = "-Onone";
				TVOS_DEPLOYMENT_TARGET = 16.1;
			};
			name = Debug;
		};
		D71BD53F29056A5E00037DC9 /* Release */ = {
			isa = XCBuildConfiguration;
			buildSettings = {
				ALWAYS_SEARCH_USER_PATHS = NO;
				CLANG_ANALYZER_NONNULL = YES;
				CLANG_ANALYZER_NUMBER_OBJECT_CONVERSION = YES_AGGRESSIVE;
				CLANG_CXX_LANGUAGE_STANDARD = "gnu++20";
				CLANG_ENABLE_MODULES = YES;
				CLANG_ENABLE_OBJC_ARC = YES;
				CLANG_ENABLE_OBJC_WEAK = YES;
				CLANG_WARN_BLOCK_CAPTURE_AUTORELEASING = YES;
				CLANG_WARN_BOOL_CONVERSION = YES;
				CLANG_WARN_COMMA = YES;
				CLANG_WARN_CONSTANT_CONVERSION = YES;
				CLANG_WARN_DEPRECATED_OBJC_IMPLEMENTATIONS = YES;
				CLANG_WARN_DIRECT_OBJC_ISA_USAGE = YES_ERROR;
				CLANG_WARN_DOCUMENTATION_COMMENTS = YES;
				CLANG_WARN_EMPTY_BODY = YES;
				CLANG_WARN_ENUM_CONVERSION = YES;
				CLANG_WARN_INFINITE_RECURSION = YES;
				CLANG_WARN_INT_CONVERSION = YES;
				CLANG_WARN_NON_LITERAL_NULL_CONVERSION = YES;
				CLANG_WARN_OBJC_IMPLICIT_RETAIN_SELF = YES;
				CLANG_WARN_OBJC_LITERAL_CONVERSION = YES;
				CLANG_WARN_OBJC_ROOT_CLASS = YES_ERROR;
				CLANG_WARN_QUOTED_INCLUDE_IN_FRAMEWORK_HEADER = YES;
				CLANG_WARN_RANGE_LOOP_ANALYSIS = YES;
				CLANG_WARN_STRICT_PROTOTYPES = YES;
				CLANG_WARN_SUSPICIOUS_MOVE = YES;
				CLANG_WARN_UNGUARDED_AVAILABILITY = YES_AGGRESSIVE;
				CLANG_WARN_UNREACHABLE_CODE = YES;
				CLANG_WARN__DUPLICATE_METHOD_MATCH = YES;
				COPY_PHASE_STRIP = NO;
				DEAD_CODE_STRIPPING = YES;
				DEBUG_INFORMATION_FORMAT = "dwarf-with-dsym";
				ENABLE_NS_ASSERTIONS = NO;
				ENABLE_STRICT_OBJC_MSGSEND = YES;
				GCC_C_LANGUAGE_STANDARD = gnu11;
				GCC_NO_COMMON_BLOCKS = YES;
				GCC_WARN_64_TO_32_BIT_CONVERSION = YES;
				GCC_WARN_ABOUT_RETURN_TYPE = YES_ERROR;
				GCC_WARN_UNDECLARED_SELECTOR = YES;
				GCC_WARN_UNINITIALIZED_AUTOS = YES_AGGRESSIVE;
				GCC_WARN_UNUSED_FUNCTION = YES;
				GCC_WARN_UNUSED_VARIABLE = YES;
				MACOSX_DEPLOYMENT_TARGET = 13.0;
				MTL_ENABLE_DEBUG_INFO = NO;
				MTL_FAST_MATH = YES;
				SDKROOT = macosx;
				SWIFT_COMPILATION_MODE = wholemodule;
				SWIFT_OPTIMIZATION_LEVEL = "-O";
				TVOS_DEPLOYMENT_TARGET = 16.1;
			};
			name = Release;
		};
		D71BD54129056A5E00037DC9 /* Debug */ = {
			isa = XCBuildConfiguration;
			buildSettings = {
				ASSETCATALOG_COMPILER_APPICON_NAME = AppIcon;
				ASSETCATALOG_COMPILER_GLOBAL_ACCENT_COLOR_NAME = AccentColor;
				CODE_SIGN_ENTITLEMENTS = Komodio/macOS/Komodio.entitlements;
				CODE_SIGN_IDENTITY = "-";
				CODE_SIGN_STYLE = Automatic;
				COMBINE_HIDPI_IMAGES = YES;
				CURRENT_PROJECT_VERSION = 1;
				DEAD_CODE_STRIPPING = YES;
				DEVELOPMENT_ASSET_PATHS = "\"Komodio/Shared/Preview Content\"";
				DEVELOPMENT_TEAM = FHPCJ7396C;
				ENABLE_HARDENED_RUNTIME = YES;
				ENABLE_PREVIEWS = YES;
				GENERATE_INFOPLIST_FILE = YES;
				INFOPLIST_KEY_NSHumanReadableCopyright = "";
				LD_RUNPATH_SEARCH_PATHS = (
					"$(inherited)",
					"@executable_path/../Frameworks",
				);
				MARKETING_VERSION = 1.0;
				PRODUCT_BUNDLE_IDENTIFIER = nl.desbeers.KomodioMac;
				PRODUCT_NAME = "$(TARGET_NAME)";
				SWIFT_EMIT_LOC_STRINGS = YES;
				SWIFT_STRICT_CONCURRENCY = complete;
				SWIFT_VERSION = 5.0;
			};
			name = Debug;
		};
		D71BD54229056A5E00037DC9 /* Release */ = {
			isa = XCBuildConfiguration;
			buildSettings = {
				ASSETCATALOG_COMPILER_APPICON_NAME = AppIcon;
				ASSETCATALOG_COMPILER_GLOBAL_ACCENT_COLOR_NAME = AccentColor;
				CODE_SIGN_ENTITLEMENTS = Komodio/macOS/Komodio.entitlements;
				CODE_SIGN_IDENTITY = "-";
				CODE_SIGN_STYLE = Automatic;
				COMBINE_HIDPI_IMAGES = YES;
				CURRENT_PROJECT_VERSION = 1;
				DEAD_CODE_STRIPPING = YES;
				DEVELOPMENT_ASSET_PATHS = "\"Komodio/Shared/Preview Content\"";
				DEVELOPMENT_TEAM = FHPCJ7396C;
				ENABLE_HARDENED_RUNTIME = YES;
				ENABLE_PREVIEWS = YES;
				GENERATE_INFOPLIST_FILE = YES;
				INFOPLIST_KEY_NSHumanReadableCopyright = "";
				LD_RUNPATH_SEARCH_PATHS = (
					"$(inherited)",
					"@executable_path/../Frameworks",
				);
				MARKETING_VERSION = 1.0;
				PRODUCT_BUNDLE_IDENTIFIER = nl.desbeers.KomodioMac;
				PRODUCT_NAME = "$(TARGET_NAME)";
				SWIFT_EMIT_LOC_STRINGS = YES;
				SWIFT_STRICT_CONCURRENCY = complete;
				SWIFT_VERSION = 5.0;
			};
			name = Release;
		};
		D7EFE458293A4E7900CE9B8D /* Debug */ = {
			isa = XCBuildConfiguration;
			buildSettings = {
				ASSETCATALOG_COMPILER_APPICON_NAME = "App Icon & Top Shelf Image";
				ASSETCATALOG_COMPILER_GLOBAL_ACCENT_COLOR_NAME = AccentColor;
				CODE_SIGN_STYLE = Automatic;
				CURRENT_PROJECT_VERSION = 1;
				DEVELOPMENT_ASSET_PATHS = "\"Komodio/Shared/Preview Content\"";
				DEVELOPMENT_TEAM = FHPCJ7396C;
				ENABLE_PREVIEWS = YES;
				GENERATE_INFOPLIST_FILE = YES;
				INFOPLIST_FILE = Komodio/tvOS/Komodio.plist;
				INFOPLIST_KEY_UILaunchScreen_Generation = YES;
				INFOPLIST_KEY_UILaunchStoryboardName = LaunchScreen.storyboard;
				INFOPLIST_KEY_UIUserInterfaceStyle = Automatic;
				LD_RUNPATH_SEARCH_PATHS = (
					"$(inherited)",
					"@executable_path/Frameworks",
				);
				MARKETING_VERSION = 1.0;
				PRODUCT_BUNDLE_IDENTIFIER = nl.desbeers.KomodioTV;
				PRODUCT_NAME = "$(TARGET_NAME)";
				SDKROOT = appletvos;
				SWIFT_EMIT_LOC_STRINGS = YES;
				SWIFT_STRICT_CONCURRENCY = minimal;
				SWIFT_VERSION = 5.0;
				TARGETED_DEVICE_FAMILY = 3;
				TVOS_DEPLOYMENT_TARGET = 16.1;
			};
			name = Debug;
		};
		D7EFE459293A4E7900CE9B8D /* Release */ = {
			isa = XCBuildConfiguration;
			buildSettings = {
				ASSETCATALOG_COMPILER_APPICON_NAME = "App Icon & Top Shelf Image";
				ASSETCATALOG_COMPILER_GLOBAL_ACCENT_COLOR_NAME = AccentColor;
				CODE_SIGN_STYLE = Automatic;
				CURRENT_PROJECT_VERSION = 1;
				DEVELOPMENT_ASSET_PATHS = "\"Komodio/Shared/Preview Content\"";
				DEVELOPMENT_TEAM = FHPCJ7396C;
				ENABLE_PREVIEWS = YES;
				GENERATE_INFOPLIST_FILE = YES;
				INFOPLIST_FILE = Komodio/tvOS/Komodio.plist;
				INFOPLIST_KEY_UILaunchScreen_Generation = YES;
				INFOPLIST_KEY_UILaunchStoryboardName = LaunchScreen.storyboard;
				INFOPLIST_KEY_UIUserInterfaceStyle = Automatic;
				LD_RUNPATH_SEARCH_PATHS = (
					"$(inherited)",
					"@executable_path/Frameworks",
				);
				MARKETING_VERSION = 1.0;
				PRODUCT_BUNDLE_IDENTIFIER = nl.desbeers.KomodioTV;
				PRODUCT_NAME = "$(TARGET_NAME)";
				SDKROOT = appletvos;
				SWIFT_EMIT_LOC_STRINGS = YES;
				SWIFT_STRICT_CONCURRENCY = minimal;
				SWIFT_VERSION = 5.0;
				TARGETED_DEVICE_FAMILY = 3;
				TVOS_DEPLOYMENT_TARGET = 16.1;
				VALIDATE_PRODUCT = YES;
			};
			name = Release;
		};
/* End XCBuildConfiguration section */

/* Begin XCConfigurationList section */
		D71BD52C29056A5C00037DC9 /* Build configuration list for PBXProject "Komodio" */ = {
			isa = XCConfigurationList;
			buildConfigurations = (
				D71BD53E29056A5E00037DC9 /* Debug */,
				D71BD53F29056A5E00037DC9 /* Release */,
			);
			defaultConfigurationIsVisible = 0;
			defaultConfigurationName = Release;
		};
		D71BD54029056A5E00037DC9 /* Build configuration list for PBXNativeTarget "Komodio" */ = {
			isa = XCConfigurationList;
			buildConfigurations = (
				D71BD54129056A5E00037DC9 /* Debug */,
				D71BD54229056A5E00037DC9 /* Release */,
			);
			defaultConfigurationIsVisible = 0;
			defaultConfigurationName = Release;
		};
		D7EFE45A293A4E7900CE9B8D /* Build configuration list for PBXNativeTarget "KomodioTV" */ = {
			isa = XCConfigurationList;
			buildConfigurations = (
				D7EFE458293A4E7900CE9B8D /* Debug */,
				D7EFE459293A4E7900CE9B8D /* Release */,
			);
			defaultConfigurationIsVisible = 0;
			defaultConfigurationName = Release;
		};
/* End XCConfigurationList section */

/* Begin XCRemoteSwiftPackageReference section */
		D71BD54329056AD800037DC9 /* XCRemoteSwiftPackageReference "SwiftlyKodiAPI" */ = {
			isa = XCRemoteSwiftPackageReference;
			repositoryURL = "https://github.com/Desbeers/SwiftlyKodiAPI";
			requirement = {
				branch = main;
				kind = branch;
			};
		};
/* End XCRemoteSwiftPackageReference section */

/* Begin XCSwiftPackageProductDependency section */
		D71BD54429056AD800037DC9 /* SwiftlyKodiAPI */ = {
			isa = XCSwiftPackageProductDependency;
			package = D71BD54329056AD800037DC9 /* XCRemoteSwiftPackageReference "SwiftlyKodiAPI" */;
			productName = SwiftlyKodiAPI;
		};
		D785A199294B63D900530F62 /* SwiftlyKodiAPI */ = {
			isa = XCSwiftPackageProductDependency;
			package = D71BD54329056AD800037DC9 /* XCRemoteSwiftPackageReference "SwiftlyKodiAPI" */;
			productName = SwiftlyKodiAPI;
		};
/* End XCSwiftPackageProductDependency section */
	};
	rootObject = D71BD52929056A5C00037DC9 /* Project object */;
}
