// !$*UTF8*$!
{
	archiveVersion = 1;
	classes = {
	};
	objectVersion = 55;
	objects = {

/* Begin PBXBuildFile section */
		D731124027ECA3F000F1BF4A /* MovieSetView.swift in Sources */ = {isa = PBXBuildFile; fileRef = D731123F27ECA3F000F1BF4A /* MovieSetView.swift */; };
		D731124127ECA3F000F1BF4A /* MovieSetView.swift in Sources */ = {isa = PBXBuildFile; fileRef = D731123F27ECA3F000F1BF4A /* MovieSetView.swift */; };
		D731124227ECA3F000F1BF4A /* MovieSetView.swift in Sources */ = {isa = PBXBuildFile; fileRef = D731123F27ECA3F000F1BF4A /* MovieSetView.swift */; };
		D735DEAD27C9EB6D00C63E1D /* ArtView.swift in Sources */ = {isa = PBXBuildFile; fileRef = D735DEAC27C9EB6D00C63E1D /* ArtView.swift */; };
		D735DEAE27C9EB6D00C63E1D /* ArtView.swift in Sources */ = {isa = PBXBuildFile; fileRef = D735DEAC27C9EB6D00C63E1D /* ArtView.swift */; };
		D735DEAF27C9EB6D00C63E1D /* ArtView.swift in Sources */ = {isa = PBXBuildFile; fileRef = D735DEAC27C9EB6D00C63E1D /* ArtView.swift */; };
		D735DEB127C9EB9E00C63E1D /* Extensions.swift in Sources */ = {isa = PBXBuildFile; fileRef = D735DEB027C9EB9E00C63E1D /* Extensions.swift */; };
		D735DEB227C9EB9E00C63E1D /* Extensions.swift in Sources */ = {isa = PBXBuildFile; fileRef = D735DEB027C9EB9E00C63E1D /* Extensions.swift */; };
		D735DEB327C9EB9E00C63E1D /* Extensions.swift in Sources */ = {isa = PBXBuildFile; fileRef = D735DEB027C9EB9E00C63E1D /* Extensions.swift */; };
		D735DEB527C9F1C400C63E1D /* ItemsView.swift in Sources */ = {isa = PBXBuildFile; fileRef = D735DEB427C9F1C400C63E1D /* ItemsView.swift */; };
		D735DEB627C9F1C400C63E1D /* ItemsView.swift in Sources */ = {isa = PBXBuildFile; fileRef = D735DEB427C9F1C400C63E1D /* ItemsView.swift */; };
		D735DEB727C9F1C400C63E1D /* ItemsView.swift in Sources */ = {isa = PBXBuildFile; fileRef = D735DEB427C9F1C400C63E1D /* ItemsView.swift */; };
		D735DEB927C9F23600C63E1D /* ButtonStyles.swift in Sources */ = {isa = PBXBuildFile; fileRef = D735DEB827C9F23600C63E1D /* ButtonStyles.swift */; };
		D735DEBA27C9F23600C63E1D /* ButtonStyles.swift in Sources */ = {isa = PBXBuildFile; fileRef = D735DEB827C9F23600C63E1D /* ButtonStyles.swift */; };
		D735DEBF27C9F4FD00C63E1D /* ButtonStyles+tvOS.swift in Sources */ = {isa = PBXBuildFile; fileRef = D735DEBC27C9F4FD00C63E1D /* ButtonStyles+tvOS.swift */; };
		D735DEC127CA732700C63E1D /* RootView+iOS.swift in Sources */ = {isa = PBXBuildFile; fileRef = D7B2F23927C98CCB002DFC41 /* RootView+iOS.swift */; };
		D735DEC827CABC2C00C63E1D /* PartsView+macOS.swift in Sources */ = {isa = PBXBuildFile; fileRef = D735DEC627CABC2C00C63E1D /* PartsView+macOS.swift */; };
		D735DECB27CABCB800C63E1D /* PartsView+tvOS.swift in Sources */ = {isa = PBXBuildFile; fileRef = D735DECA27CABCB800C63E1D /* PartsView+tvOS.swift */; };
		D735DECD27CABCCF00C63E1D /* PartsView+iOS.swift in Sources */ = {isa = PBXBuildFile; fileRef = D735DECC27CABCCF00C63E1D /* PartsView+iOS.swift */; };
		D735DECF27CACAA400C63E1D /* DetailsView.swift in Sources */ = {isa = PBXBuildFile; fileRef = D7B2F24027C99465002DFC41 /* DetailsView.swift */; };
		D735DED027CACAA400C63E1D /* DetailsView.swift in Sources */ = {isa = PBXBuildFile; fileRef = D7B2F24027C99465002DFC41 /* DetailsView.swift */; };
		D735DED227CAF76300C63E1D /* EpisodesView.swift in Sources */ = {isa = PBXBuildFile; fileRef = D735DED127CAF76300C63E1D /* EpisodesView.swift */; };
		D735DED327CAF76300C63E1D /* EpisodesView.swift in Sources */ = {isa = PBXBuildFile; fileRef = D735DED127CAF76300C63E1D /* EpisodesView.swift */; };
		D735DED427CAF76300C63E1D /* EpisodesView.swift in Sources */ = {isa = PBXBuildFile; fileRef = D735DED127CAF76300C63E1D /* EpisodesView.swift */; };
		D735DED727CB07D800C63E1D /* Extensions+macOS.swift in Sources */ = {isa = PBXBuildFile; fileRef = D735DED527CB07D800C63E1D /* Extensions+macOS.swift */; };
		D735DEDA27CB088900C63E1D /* PlayerMetaData+tvOS.swift in Sources */ = {isa = PBXBuildFile; fileRef = D735DED927CB088900C63E1D /* PlayerMetaData+tvOS.swift */; };
		D735DEDC27CB1CB100C63E1D /* Extensions+tvOS.swift in Sources */ = {isa = PBXBuildFile; fileRef = D735DEDB27CB1CB100C63E1D /* Extensions+tvOS.swift */; };
		D735DEDE27CB1FC700C63E1D /* LabelStyles.swift in Sources */ = {isa = PBXBuildFile; fileRef = D735DEDD27CB1FC700C63E1D /* LabelStyles.swift */; };
		D735DEDF27CB1FC700C63E1D /* LabelStyles.swift in Sources */ = {isa = PBXBuildFile; fileRef = D735DEDD27CB1FC700C63E1D /* LabelStyles.swift */; };
		D735DEE027CB1FC700C63E1D /* LabelStyles.swift in Sources */ = {isa = PBXBuildFile; fileRef = D735DEDD27CB1FC700C63E1D /* LabelStyles.swift */; };
		D74F34A927D3FB5D009377FA /* TableView+macOS.swift in Sources */ = {isa = PBXBuildFile; fileRef = D74F34A827D3FB5D009377FA /* TableView+macOS.swift */; };
		D75630A727E43879007A624C /* MainView.swift in Sources */ = {isa = PBXBuildFile; fileRef = D7D0B86527D052EB00C1C873 /* MainView.swift */; };
		D75630A927E43A87007A624C /* RootView+tvOS.swift in Sources */ = {isa = PBXBuildFile; fileRef = D7B2F24927C99FA7002DFC41 /* RootView+tvOS.swift */; };
		D75630AA27E4594F007A624C /* MainView.swift in Sources */ = {isa = PBXBuildFile; fileRef = D7D0B86527D052EB00C1C873 /* MainView.swift */; };
		D75630AE27E5F368007A624C /* LabelStyles+macOS.swift in Sources */ = {isa = PBXBuildFile; fileRef = D75630AC27E5F2F3007A624C /* LabelStyles+macOS.swift */; };
		D78850C727D82C21002DC6FC /* AlbumsView.swift in Sources */ = {isa = PBXBuildFile; fileRef = D78850C627D82C21002DC6FC /* AlbumsView.swift */; };
		D78850C827D82C21002DC6FC /* AlbumsView.swift in Sources */ = {isa = PBXBuildFile; fileRef = D78850C627D82C21002DC6FC /* AlbumsView.swift */; };
		D78850C927D82C21002DC6FC /* AlbumsView.swift in Sources */ = {isa = PBXBuildFile; fileRef = D78850C627D82C21002DC6FC /* AlbumsView.swift */; };
		D78850CB27D83389002DC6FC /* ArtistsView.swift in Sources */ = {isa = PBXBuildFile; fileRef = D78850CA27D83389002DC6FC /* ArtistsView.swift */; };
		D78850CC27D83389002DC6FC /* ArtistsView.swift in Sources */ = {isa = PBXBuildFile; fileRef = D78850CA27D83389002DC6FC /* ArtistsView.swift */; };
		D78850CD27D83389002DC6FC /* ArtistsView.swift in Sources */ = {isa = PBXBuildFile; fileRef = D78850CA27D83389002DC6FC /* ArtistsView.swift */; };
		D78850CF27D85A9B002DC6FC /* SongsView.swift in Sources */ = {isa = PBXBuildFile; fileRef = D78850CE27D85A9B002DC6FC /* SongsView.swift */; };
		D78850D027D85A9B002DC6FC /* SongsView.swift in Sources */ = {isa = PBXBuildFile; fileRef = D78850CE27D85A9B002DC6FC /* SongsView.swift */; };
		D78850D127D85A9B002DC6FC /* SongsView.swift in Sources */ = {isa = PBXBuildFile; fileRef = D78850CE27D85A9B002DC6FC /* SongsView.swift */; };
		D788807427CC76D400F0C51A /* LaunchScreen.storyboard in Resources */ = {isa = PBXBuildFile; fileRef = D788807327CC76D400F0C51A /* LaunchScreen.storyboard */; };
		D7ADD15A27C9763A00321E23 /* KomodioApp.swift in Sources */ = {isa = PBXBuildFile; fileRef = D7ADD14A27C9763900321E23 /* KomodioApp.swift */; };
		D7ADD15B27C9763A00321E23 /* KomodioApp.swift in Sources */ = {isa = PBXBuildFile; fileRef = D7ADD14A27C9763900321E23 /* KomodioApp.swift */; };
		D7ADD15E27C9763A00321E23 /* Assets.xcassets in Resources */ = {isa = PBXBuildFile; fileRef = D7ADD14C27C9763A00321E23 /* Assets.xcassets */; };
		D7ADD15F27C9763A00321E23 /* Assets.xcassets in Resources */ = {isa = PBXBuildFile; fileRef = D7ADD14C27C9763A00321E23 /* Assets.xcassets */; };
		D7B2F20727C97926002DFC41 /* KomodioApp.swift in Sources */ = {isa = PBXBuildFile; fileRef = D7ADD14A27C9763900321E23 /* KomodioApp.swift */; };
		D7B2F20927C9792E002DFC41 /* Assets.xcassets in Resources */ = {isa = PBXBuildFile; fileRef = D7ADD14C27C9763A00321E23 /* Assets.xcassets */; };
		D7B2F21B27C97CD9002DFC41 /* AppState.swift in Sources */ = {isa = PBXBuildFile; fileRef = D7B2F21A27C97CD9002DFC41 /* AppState.swift */; };
		D7B2F21C27C97CD9002DFC41 /* AppState.swift in Sources */ = {isa = PBXBuildFile; fileRef = D7B2F21A27C97CD9002DFC41 /* AppState.swift */; };
		D7B2F21D27C97CD9002DFC41 /* AppState.swift in Sources */ = {isa = PBXBuildFile; fileRef = D7B2F21A27C97CD9002DFC41 /* AppState.swift */; };
		D7B2F22127C97D4A002DFC41 /* RootView+macOS.swift in Sources */ = {isa = PBXBuildFile; fileRef = D7B2F21F27C97D4A002DFC41 /* RootView+macOS.swift */; };
		D7B2F22427C97EF0002DFC41 /* MoviesView.swift in Sources */ = {isa = PBXBuildFile; fileRef = D7B2F22327C97EF0002DFC41 /* MoviesView.swift */; };
		D7B2F22527C97EF0002DFC41 /* MoviesView.swift in Sources */ = {isa = PBXBuildFile; fileRef = D7B2F22327C97EF0002DFC41 /* MoviesView.swift */; };
		D7B2F22627C97EF0002DFC41 /* MoviesView.swift in Sources */ = {isa = PBXBuildFile; fileRef = D7B2F22327C97EF0002DFC41 /* MoviesView.swift */; };
		D7B2F22827C97F1E002DFC41 /* TVshowsView.swift in Sources */ = {isa = PBXBuildFile; fileRef = D7B2F22727C97F1E002DFC41 /* TVshowsView.swift */; };
		D7B2F22927C97F1E002DFC41 /* TVshowsView.swift in Sources */ = {isa = PBXBuildFile; fileRef = D7B2F22727C97F1E002DFC41 /* TVshowsView.swift */; };
		D7B2F22A27C97F1E002DFC41 /* TVshowsView.swift in Sources */ = {isa = PBXBuildFile; fileRef = D7B2F22727C97F1E002DFC41 /* TVshowsView.swift */; };
		D7B2F22C27C97F2D002DFC41 /* MusicVideosView.swift in Sources */ = {isa = PBXBuildFile; fileRef = D7B2F22B27C97F2D002DFC41 /* MusicVideosView.swift */; };
		D7B2F22D27C97F2D002DFC41 /* MusicVideosView.swift in Sources */ = {isa = PBXBuildFile; fileRef = D7B2F22B27C97F2D002DFC41 /* MusicVideosView.swift */; };
		D7B2F22E27C97F2D002DFC41 /* MusicVideosView.swift in Sources */ = {isa = PBXBuildFile; fileRef = D7B2F22B27C97F2D002DFC41 /* MusicVideosView.swift */; };
		D7B2F23027C9846B002DFC41 /* LoadingView.swift in Sources */ = {isa = PBXBuildFile; fileRef = D7B2F22F27C9846B002DFC41 /* LoadingView.swift */; };
		D7B2F23127C9846B002DFC41 /* LoadingView.swift in Sources */ = {isa = PBXBuildFile; fileRef = D7B2F22F27C9846B002DFC41 /* LoadingView.swift */; };
		D7B2F23227C9846B002DFC41 /* LoadingView.swift in Sources */ = {isa = PBXBuildFile; fileRef = D7B2F22F27C9846B002DFC41 /* LoadingView.swift */; };
		D7B2F23427C98578002DFC41 /* HomeView.swift in Sources */ = {isa = PBXBuildFile; fileRef = D7B2F23327C98578002DFC41 /* HomeView.swift */; };
		D7B2F23527C98578002DFC41 /* HomeView.swift in Sources */ = {isa = PBXBuildFile; fileRef = D7B2F23327C98578002DFC41 /* HomeView.swift */; };
		D7B2F23627C98578002DFC41 /* HomeView.swift in Sources */ = {isa = PBXBuildFile; fileRef = D7B2F23327C98578002DFC41 /* HomeView.swift */; };
		D7B2F23D27C98FDB002DFC41 /* GenresView.swift in Sources */ = {isa = PBXBuildFile; fileRef = D7B2F23C27C98FDB002DFC41 /* GenresView.swift */; };
		D7B2F23E27C98FDB002DFC41 /* GenresView.swift in Sources */ = {isa = PBXBuildFile; fileRef = D7B2F23C27C98FDB002DFC41 /* GenresView.swift */; };
		D7B2F23F27C98FDB002DFC41 /* GenresView.swift in Sources */ = {isa = PBXBuildFile; fileRef = D7B2F23C27C98FDB002DFC41 /* GenresView.swift */; };
		D7B2F24327C99465002DFC41 /* DetailsView.swift in Sources */ = {isa = PBXBuildFile; fileRef = D7B2F24027C99465002DFC41 /* DetailsView.swift */; };
		D7CCA97127CC3B19001B4828 /* SwiftlyKodiAPI in Frameworks */ = {isa = PBXBuildFile; productRef = D7CCA97027CC3B19001B4828 /* SwiftlyKodiAPI */; };
		D7CCA97327CC3B21001B4828 /* SwiftlyKodiAPI in Frameworks */ = {isa = PBXBuildFile; productRef = D7CCA97227CC3B21001B4828 /* SwiftlyKodiAPI */; };
		D7CCA97527CC3B28001B4828 /* SwiftlyKodiAPI in Frameworks */ = {isa = PBXBuildFile; productRef = D7CCA97427CC3B28001B4828 /* SwiftlyKodiAPI */; };
		D7D0B86227D052B900C1C873 /* RouterModel.swift in Sources */ = {isa = PBXBuildFile; fileRef = D7D0B86127D052B900C1C873 /* RouterModel.swift */; };
		D7D0B86327D052B900C1C873 /* RouterModel.swift in Sources */ = {isa = PBXBuildFile; fileRef = D7D0B86127D052B900C1C873 /* RouterModel.swift */; };
		D7D0B86427D052B900C1C873 /* RouterModel.swift in Sources */ = {isa = PBXBuildFile; fileRef = D7D0B86127D052B900C1C873 /* RouterModel.swift */; };
		D7D0B86627D052EB00C1C873 /* MainView.swift in Sources */ = {isa = PBXBuildFile; fileRef = D7D0B86527D052EB00C1C873 /* MainView.swift */; };
		D7D0B86827D0673B00C1C873 /* Route.swift in Sources */ = {isa = PBXBuildFile; fileRef = D7D0B86727D0673B00C1C873 /* Route.swift */; };
		D7D0B86927D0673B00C1C873 /* Route.swift in Sources */ = {isa = PBXBuildFile; fileRef = D7D0B86727D0673B00C1C873 /* Route.swift */; };
		D7D0B86A27D0673B00C1C873 /* Route.swift in Sources */ = {isa = PBXBuildFile; fileRef = D7D0B86727D0673B00C1C873 /* Route.swift */; };
		D7D0B86C27D2DE0B00C1C873 /* RouterLink.swift in Sources */ = {isa = PBXBuildFile; fileRef = D7D0B86B27D2DE0B00C1C873 /* RouterLink.swift */; };
		D7D0B86D27D2DE0B00C1C873 /* RouterLink.swift in Sources */ = {isa = PBXBuildFile; fileRef = D7D0B86B27D2DE0B00C1C873 /* RouterLink.swift */; };
		D7D0B86E27D2DE0B00C1C873 /* RouterLink.swift in Sources */ = {isa = PBXBuildFile; fileRef = D7D0B86B27D2DE0B00C1C873 /* RouterLink.swift */; };
		D7EC594427C9BB53004FFC57 /* PlayerView.swift in Sources */ = {isa = PBXBuildFile; fileRef = D7EC594327C9BB53004FFC57 /* PlayerView.swift */; };
		D7EC594527C9BB53004FFC57 /* PlayerView.swift in Sources */ = {isa = PBXBuildFile; fileRef = D7EC594327C9BB53004FFC57 /* PlayerView.swift */; };
		D7EC594627C9BB53004FFC57 /* PlayerView.swift in Sources */ = {isa = PBXBuildFile; fileRef = D7EC594327C9BB53004FFC57 /* PlayerView.swift */; };
		D7EC594827C9C5B8004FFC57 /* PartsView.swift in Sources */ = {isa = PBXBuildFile; fileRef = D7EC594727C9C5B8004FFC57 /* PartsView.swift */; };
		D7EC594927C9C5B8004FFC57 /* PartsView.swift in Sources */ = {isa = PBXBuildFile; fileRef = D7EC594727C9C5B8004FFC57 /* PartsView.swift */; };
		D7EC594A27C9C5B8004FFC57 /* PartsView.swift in Sources */ = {isa = PBXBuildFile; fileRef = D7EC594727C9C5B8004FFC57 /* PartsView.swift */; };
/* End PBXBuildFile section */

/* Begin PBXFileReference section */
		D722643727CC56500037FC76 /* tvOS.plist */ = {isa = PBXFileReference; lastKnownFileType = text.plist.xml; path = tvOS.plist; sourceTree = "<group>"; };
		D731123F27ECA3F000F1BF4A /* MovieSetView.swift */ = {isa = PBXFileReference; lastKnownFileType = sourcecode.swift; path = MovieSetView.swift; sourceTree = "<group>"; };
		D735DEA827C9DCD800C63E1D /* StackNavigation.swift */ = {isa = PBXFileReference; lastKnownFileType = sourcecode.swift; path = StackNavigation.swift; sourceTree = "<group>"; };
		D735DEAC27C9EB6D00C63E1D /* ArtView.swift */ = {isa = PBXFileReference; lastKnownFileType = sourcecode.swift; path = ArtView.swift; sourceTree = "<group>"; };
		D735DEB027C9EB9E00C63E1D /* Extensions.swift */ = {isa = PBXFileReference; lastKnownFileType = sourcecode.swift; path = Extensions.swift; sourceTree = "<group>"; };
		D735DEB427C9F1C400C63E1D /* ItemsView.swift */ = {isa = PBXFileReference; lastKnownFileType = sourcecode.swift; path = ItemsView.swift; sourceTree = "<group>"; };
		D735DEB827C9F23600C63E1D /* ButtonStyles.swift */ = {isa = PBXFileReference; lastKnownFileType = sourcecode.swift; path = ButtonStyles.swift; sourceTree = "<group>"; };
		D735DEBC27C9F4FD00C63E1D /* ButtonStyles+tvOS.swift */ = {isa = PBXFileReference; lastKnownFileType = sourcecode.swift; path = "ButtonStyles+tvOS.swift"; sourceTree = "<group>"; };
		D735DEC627CABC2C00C63E1D /* PartsView+macOS.swift */ = {isa = PBXFileReference; lastKnownFileType = sourcecode.swift; path = "PartsView+macOS.swift"; sourceTree = "<group>"; };
		D735DECA27CABCB800C63E1D /* PartsView+tvOS.swift */ = {isa = PBXFileReference; lastKnownFileType = sourcecode.swift; path = "PartsView+tvOS.swift"; sourceTree = "<group>"; };
		D735DECC27CABCCF00C63E1D /* PartsView+iOS.swift */ = {isa = PBXFileReference; lastKnownFileType = sourcecode.swift; path = "PartsView+iOS.swift"; sourceTree = "<group>"; };
		D735DED127CAF76300C63E1D /* EpisodesView.swift */ = {isa = PBXFileReference; lastKnownFileType = sourcecode.swift; path = EpisodesView.swift; sourceTree = "<group>"; };
		D735DED527CB07D800C63E1D /* Extensions+macOS.swift */ = {isa = PBXFileReference; lastKnownFileType = sourcecode.swift; path = "Extensions+macOS.swift"; sourceTree = "<group>"; };
		D735DED927CB088900C63E1D /* PlayerMetaData+tvOS.swift */ = {isa = PBXFileReference; lastKnownFileType = sourcecode.swift; path = "PlayerMetaData+tvOS.swift"; sourceTree = "<group>"; };
		D735DEDB27CB1CB100C63E1D /* Extensions+tvOS.swift */ = {isa = PBXFileReference; lastKnownFileType = sourcecode.swift; path = "Extensions+tvOS.swift"; sourceTree = "<group>"; };
		D735DEDD27CB1FC700C63E1D /* LabelStyles.swift */ = {isa = PBXFileReference; lastKnownFileType = sourcecode.swift; path = LabelStyles.swift; sourceTree = "<group>"; };
		D74F34A827D3FB5D009377FA /* TableView+macOS.swift */ = {isa = PBXFileReference; fileEncoding = 4; lastKnownFileType = sourcecode.swift; path = "TableView+macOS.swift"; sourceTree = "<group>"; };
		D75630AC27E5F2F3007A624C /* LabelStyles+macOS.swift */ = {isa = PBXFileReference; lastKnownFileType = sourcecode.swift; path = "LabelStyles+macOS.swift"; sourceTree = "<group>"; };
		D76FE5A427CC25C1006A1DF0 /* README.md */ = {isa = PBXFileReference; lastKnownFileType = net.daringfireball.markdown; path = README.md; sourceTree = SOURCE_ROOT; };
		D78850C627D82C21002DC6FC /* AlbumsView.swift */ = {isa = PBXFileReference; lastKnownFileType = sourcecode.swift; path = AlbumsView.swift; sourceTree = "<group>"; };
		D78850CA27D83389002DC6FC /* ArtistsView.swift */ = {isa = PBXFileReference; fileEncoding = 4; lastKnownFileType = sourcecode.swift; path = ArtistsView.swift; sourceTree = "<group>"; };
		D78850CE27D85A9B002DC6FC /* SongsView.swift */ = {isa = PBXFileReference; lastKnownFileType = sourcecode.swift; path = SongsView.swift; sourceTree = "<group>"; };
		D788807327CC76D400F0C51A /* LaunchScreen.storyboard */ = {isa = PBXFileReference; lastKnownFileType = file.storyboard; path = LaunchScreen.storyboard; sourceTree = "<group>"; };
		D7ADD14A27C9763900321E23 /* KomodioApp.swift */ = {isa = PBXFileReference; lastKnownFileType = sourcecode.swift; path = KomodioApp.swift; sourceTree = "<group>"; };
		D7ADD14C27C9763A00321E23 /* Assets.xcassets */ = {isa = PBXFileReference; lastKnownFileType = folder.assetcatalog; path = Assets.xcassets; sourceTree = "<group>"; };
		D7ADD15127C9763A00321E23 /* Komodio.app */ = {isa = PBXFileReference; explicitFileType = wrapper.application; includeInIndex = 0; path = Komodio.app; sourceTree = BUILT_PRODUCTS_DIR; };
		D7ADD15727C9763A00321E23 /* Komodio.app */ = {isa = PBXFileReference; explicitFileType = wrapper.application; includeInIndex = 0; path = Komodio.app; sourceTree = BUILT_PRODUCTS_DIR; };
		D7ADD15927C9763A00321E23 /* macOS.entitlements */ = {isa = PBXFileReference; lastKnownFileType = text.plist.entitlements; path = macOS.entitlements; sourceTree = "<group>"; };
		D7ADD16827C9772400321E23 /* .swiftlint.yml */ = {isa = PBXFileReference; lastKnownFileType = text.yaml; path = .swiftlint.yml; sourceTree = "<group>"; };
		D7ADD16927C9772400321E23 /* .periphery.yml */ = {isa = PBXFileReference; lastKnownFileType = text.yaml; path = .periphery.yml; sourceTree = "<group>"; };
		D7ADD16A27C9772400321E23 /* .jazzy.yaml */ = {isa = PBXFileReference; lastKnownFileType = text.yaml; path = .jazzy.yaml; sourceTree = "<group>"; };
		D7ADD16B27C9772400321E23 /* .gitignore */ = {isa = PBXFileReference; lastKnownFileType = text; path = .gitignore; sourceTree = "<group>"; };
		D7ADD17127C9789D00321E23 /* Komodio.app */ = {isa = PBXFileReference; explicitFileType = wrapper.application; includeInIndex = 0; path = Komodio.app; sourceTree = BUILT_PRODUCTS_DIR; };
		D7B2F21A27C97CD9002DFC41 /* AppState.swift */ = {isa = PBXFileReference; lastKnownFileType = sourcecode.swift; path = AppState.swift; sourceTree = "<group>"; };
		D7B2F21F27C97D4A002DFC41 /* RootView+macOS.swift */ = {isa = PBXFileReference; lastKnownFileType = sourcecode.swift; path = "RootView+macOS.swift"; sourceTree = "<group>"; };
		D7B2F22327C97EF0002DFC41 /* MoviesView.swift */ = {isa = PBXFileReference; lastKnownFileType = sourcecode.swift; path = MoviesView.swift; sourceTree = "<group>"; };
		D7B2F22727C97F1E002DFC41 /* TVshowsView.swift */ = {isa = PBXFileReference; lastKnownFileType = sourcecode.swift; path = TVshowsView.swift; sourceTree = "<group>"; };
		D7B2F22B27C97F2D002DFC41 /* MusicVideosView.swift */ = {isa = PBXFileReference; lastKnownFileType = sourcecode.swift; path = MusicVideosView.swift; sourceTree = "<group>"; };
		D7B2F22F27C9846B002DFC41 /* LoadingView.swift */ = {isa = PBXFileReference; lastKnownFileType = sourcecode.swift; path = LoadingView.swift; sourceTree = "<group>"; };
		D7B2F23327C98578002DFC41 /* HomeView.swift */ = {isa = PBXFileReference; lastKnownFileType = sourcecode.swift; path = HomeView.swift; sourceTree = "<group>"; };
		D7B2F23927C98CCB002DFC41 /* RootView+iOS.swift */ = {isa = PBXFileReference; lastKnownFileType = sourcecode.swift; path = "RootView+iOS.swift"; sourceTree = "<group>"; };
		D7B2F23C27C98FDB002DFC41 /* GenresView.swift */ = {isa = PBXFileReference; lastKnownFileType = sourcecode.swift; path = GenresView.swift; sourceTree = "<group>"; };
		D7B2F24027C99465002DFC41 /* DetailsView.swift */ = {isa = PBXFileReference; lastKnownFileType = sourcecode.swift; path = DetailsView.swift; sourceTree = "<group>"; };
		D7B2F24927C99FA7002DFC41 /* RootView+tvOS.swift */ = {isa = PBXFileReference; fileEncoding = 4; lastKnownFileType = sourcecode.swift; name = "RootView+tvOS.swift"; path = "Komodio/tvOS/RootView+tvOS.swift"; sourceTree = SOURCE_ROOT; };
		D7CCA96F27CC3B08001B4828 /* SwiftlyKodiAPI */ = {isa = PBXFileReference; lastKnownFileType = wrapper; name = SwiftlyKodiAPI; path = ../SwiftlyKodiAPI; sourceTree = "<group>"; };
		D7D0B86127D052B900C1C873 /* RouterModel.swift */ = {isa = PBXFileReference; fileEncoding = 4; lastKnownFileType = sourcecode.swift; path = RouterModel.swift; sourceTree = "<group>"; };
		D7D0B86527D052EB00C1C873 /* MainView.swift */ = {isa = PBXFileReference; fileEncoding = 4; lastKnownFileType = sourcecode.swift; path = MainView.swift; sourceTree = "<group>"; };
		D7D0B86727D0673B00C1C873 /* Route.swift */ = {isa = PBXFileReference; lastKnownFileType = sourcecode.swift; path = Route.swift; sourceTree = "<group>"; };
		D7D0B86B27D2DE0B00C1C873 /* RouterLink.swift */ = {isa = PBXFileReference; lastKnownFileType = sourcecode.swift; path = RouterLink.swift; sourceTree = "<group>"; };
		D7EC594327C9BB53004FFC57 /* PlayerView.swift */ = {isa = PBXFileReference; lastKnownFileType = sourcecode.swift; path = PlayerView.swift; sourceTree = "<group>"; };
		D7EC594727C9C5B8004FFC57 /* PartsView.swift */ = {isa = PBXFileReference; lastKnownFileType = sourcecode.swift; path = PartsView.swift; sourceTree = "<group>"; };
/* End PBXFileReference section */

/* Begin PBXFrameworksBuildPhase section */
		D7ADD14E27C9763A00321E23 /* Frameworks */ = {
			isa = PBXFrameworksBuildPhase;
			buildActionMask = 2147483647;
			files = (
				D7CCA97327CC3B21001B4828 /* SwiftlyKodiAPI in Frameworks */,
			);
			runOnlyForDeploymentPostprocessing = 0;
		};
		D7ADD15427C9763A00321E23 /* Frameworks */ = {
			isa = PBXFrameworksBuildPhase;
			buildActionMask = 2147483647;
			files = (
				D7CCA97127CC3B19001B4828 /* SwiftlyKodiAPI in Frameworks */,
			);
			runOnlyForDeploymentPostprocessing = 0;
		};
		D7ADD16E27C9789D00321E23 /* Frameworks */ = {
			isa = PBXFrameworksBuildPhase;
			buildActionMask = 2147483647;
			files = (
				D7CCA97527CC3B28001B4828 /* SwiftlyKodiAPI in Frameworks */,
			);
			runOnlyForDeploymentPostprocessing = 0;
		};
/* End PBXFrameworksBuildPhase section */

/* Begin PBXGroup section */
		D7ADD14427C9763900321E23 = {
			isa = PBXGroup;
			children = (
				D7CCA96E27CC3B08001B4828 /* Packages */,
				D7ADD16C27C9774E00321E23 /* Komodio */,
				D76FE5A427CC25C1006A1DF0 /* README.md */,
				D7ADD16B27C9772400321E23 /* .gitignore */,
				D7ADD16A27C9772400321E23 /* .jazzy.yaml */,
				D7ADD16927C9772400321E23 /* .periphery.yml */,
				D7ADD16827C9772400321E23 /* .swiftlint.yml */,
				D7ADD15227C9763A00321E23 /* Products */,
				D7B2F20E27C97C10002DFC41 /* Frameworks */,
			);
			sourceTree = "<group>";
		};
		D7ADD14927C9763900321E23 /* SharedItems */ = {
			isa = PBXGroup;
			children = (
				D7ADD14A27C9763900321E23 /* KomodioApp.swift */,
				D7B2F21A27C97CD9002DFC41 /* AppState.swift */,
				D7ADD14C27C9763A00321E23 /* Assets.xcassets */,
				D735DEA827C9DCD800C63E1D /* StackNavigation.swift */,
				D735DEB027C9EB9E00C63E1D /* Extensions.swift */,
				D735DEB827C9F23600C63E1D /* ButtonStyles.swift */,
				D7D0B86727D0673B00C1C873 /* Route.swift */,
				D7D0B86127D052B900C1C873 /* RouterModel.swift */,
				D7D0B86B27D2DE0B00C1C873 /* RouterLink.swift */,
				D735DEDD27CB1FC700C63E1D /* LabelStyles.swift */,
			);
			path = SharedItems;
			sourceTree = "<group>";
		};
		D7ADD15227C9763A00321E23 /* Products */ = {
			isa = PBXGroup;
			children = (
				D7ADD15127C9763A00321E23 /* Komodio.app */,
				D7ADD15727C9763A00321E23 /* Komodio.app */,
				D7ADD17127C9789D00321E23 /* Komodio.app */,
			);
			name = Products;
			sourceTree = "<group>";
		};
		D7ADD15827C9763A00321E23 /* macOS */ = {
			isa = PBXGroup;
			children = (
				D7B2F21F27C97D4A002DFC41 /* RootView+macOS.swift */,
				D74F34A827D3FB5D009377FA /* TableView+macOS.swift */,
				D735DEC627CABC2C00C63E1D /* PartsView+macOS.swift */,
				D75630AC27E5F2F3007A624C /* LabelStyles+macOS.swift */,
				D735DED527CB07D800C63E1D /* Extensions+macOS.swift */,
				D7ADD15927C9763A00321E23 /* macOS.entitlements */,
			);
			path = macOS;
			sourceTree = "<group>";
		};
		D7ADD16C27C9774E00321E23 /* Komodio */ = {
			isa = PBXGroup;
			children = (
				D7ADD14927C9763900321E23 /* SharedItems */,
				D7B2F21E27C97D29002DFC41 /* SharedViews */,
				D7ADD15827C9763A00321E23 /* macOS */,
				D7B2F24827C99F8C002DFC41 /* tvOS */,
				D7B2F23827C98CBA002DFC41 /* iOS */,
			);
			path = Komodio;
			sourceTree = "<group>";
		};
		D7B2F20E27C97C10002DFC41 /* Frameworks */ = {
			isa = PBXGroup;
			children = (
			);
			name = Frameworks;
			sourceTree = "<group>";
		};
		D7B2F21E27C97D29002DFC41 /* SharedViews */ = {
			isa = PBXGroup;
			children = (
				D7D0B86527D052EB00C1C873 /* MainView.swift */,
				D7B2F23327C98578002DFC41 /* HomeView.swift */,
				D7B2F22327C97EF0002DFC41 /* MoviesView.swift */,
				D731123F27ECA3F000F1BF4A /* MovieSetView.swift */,
				D7B2F22727C97F1E002DFC41 /* TVshowsView.swift */,
				D735DED127CAF76300C63E1D /* EpisodesView.swift */,
				D7B2F22B27C97F2D002DFC41 /* MusicVideosView.swift */,
				D78850CA27D83389002DC6FC /* ArtistsView.swift */,
				D78850C627D82C21002DC6FC /* AlbumsView.swift */,
				D78850CE27D85A9B002DC6FC /* SongsView.swift */,
				D7B2F23C27C98FDB002DFC41 /* GenresView.swift */,
				D735DEB427C9F1C400C63E1D /* ItemsView.swift */,
				D7B2F22F27C9846B002DFC41 /* LoadingView.swift */,
				D7B2F24027C99465002DFC41 /* DetailsView.swift */,
				D7EC594327C9BB53004FFC57 /* PlayerView.swift */,
				D7EC594727C9C5B8004FFC57 /* PartsView.swift */,
				D735DEAC27C9EB6D00C63E1D /* ArtView.swift */,
			);
			path = SharedViews;
			sourceTree = "<group>";
		};
		D7B2F23827C98CBA002DFC41 /* iOS */ = {
			isa = PBXGroup;
			children = (
				D7B2F23927C98CCB002DFC41 /* RootView+iOS.swift */,
				D735DECC27CABCCF00C63E1D /* PartsView+iOS.swift */,
			);
			path = iOS;
			sourceTree = "<group>";
		};
		D7B2F24827C99F8C002DFC41 /* tvOS */ = {
			isa = PBXGroup;
			children = (
				D7B2F24927C99FA7002DFC41 /* RootView+tvOS.swift */,
				D735DECA27CABCB800C63E1D /* PartsView+tvOS.swift */,
				D735DEBC27C9F4FD00C63E1D /* ButtonStyles+tvOS.swift */,
				D735DED927CB088900C63E1D /* PlayerMetaData+tvOS.swift */,
				D735DEDB27CB1CB100C63E1D /* Extensions+tvOS.swift */,
				D788807327CC76D400F0C51A /* LaunchScreen.storyboard */,
				D722643727CC56500037FC76 /* tvOS.plist */,
			);
			path = tvOS;
			sourceTree = "<group>";
		};
		D7CCA96E27CC3B08001B4828 /* Packages */ = {
			isa = PBXGroup;
			children = (
				D7CCA96F27CC3B08001B4828 /* SwiftlyKodiAPI */,
			);
			name = Packages;
			sourceTree = "<group>";
		};
/* End PBXGroup section */

/* Begin PBXNativeTarget section */
		D7ADD15027C9763A00321E23 /* Komodio (iOS) */ = {
			isa = PBXNativeTarget;
			buildConfigurationList = D7ADD16227C9763A00321E23 /* Build configuration list for PBXNativeTarget "Komodio (iOS)" */;
			buildPhases = (
				D7ADD14D27C9763A00321E23 /* Sources */,
				D7ADD14E27C9763A00321E23 /* Frameworks */,
				D7ADD14F27C9763A00321E23 /* Resources */,
			);
			buildRules = (
			);
			dependencies = (
			);
			name = "Komodio (iOS)";
			packageProductDependencies = (
				D7CCA97227CC3B21001B4828 /* SwiftlyKodiAPI */,
			);
			productName = "Komodio (iOS)";
			productReference = D7ADD15127C9763A00321E23 /* Komodio.app */;
			productType = "com.apple.product-type.application";
		};
		D7ADD15627C9763A00321E23 /* Komodio (macOS) */ = {
			isa = PBXNativeTarget;
			buildConfigurationList = D7ADD16527C9763A00321E23 /* Build configuration list for PBXNativeTarget "Komodio (macOS)" */;
			buildPhases = (
				D7ADD15327C9763A00321E23 /* Sources */,
				D7ADD15427C9763A00321E23 /* Frameworks */,
				D7ADD15527C9763A00321E23 /* Resources */,
			);
			buildRules = (
			);
			dependencies = (
			);
			name = "Komodio (macOS)";
			packageProductDependencies = (
				D7CCA97027CC3B19001B4828 /* SwiftlyKodiAPI */,
			);
			productName = "Komodio (macOS)";
			productReference = D7ADD15727C9763A00321E23 /* Komodio.app */;
			productType = "com.apple.product-type.application";
		};
		D7ADD17027C9789D00321E23 /* Komodio (tvOS) */ = {
			isa = PBXNativeTarget;
			buildConfigurationList = D7ADD17C27C9789E00321E23 /* Build configuration list for PBXNativeTarget "Komodio (tvOS)" */;
			buildPhases = (
				D7ADD16D27C9789D00321E23 /* Sources */,
				D7ADD16E27C9789D00321E23 /* Frameworks */,
				D7ADD16F27C9789D00321E23 /* Resources */,
			);
			buildRules = (
			);
			dependencies = (
			);
			name = "Komodio (tvOS)";
			packageProductDependencies = (
				D7CCA97427CC3B28001B4828 /* SwiftlyKodiAPI */,
			);
			productName = Komodio;
			productReference = D7ADD17127C9789D00321E23 /* Komodio.app */;
			productType = "com.apple.product-type.application";
		};
/* End PBXNativeTarget section */

/* Begin PBXProject section */
		D7ADD14527C9763900321E23 /* Project object */ = {
			isa = PBXProject;
			attributes = {
				BuildIndependentTargetsInParallel = 1;
				LastSwiftUpdateCheck = 1320;
				LastUpgradeCheck = 1330;
				TargetAttributes = {
					D7ADD15027C9763A00321E23 = {
						CreatedOnToolsVersion = 13.2.1;
					};
					D7ADD15627C9763A00321E23 = {
						CreatedOnToolsVersion = 13.2.1;
					};
					D7ADD17027C9789D00321E23 = {
						CreatedOnToolsVersion = 13.2.1;
					};
				};
			};
			buildConfigurationList = D7ADD14827C9763900321E23 /* Build configuration list for PBXProject "Komodio" */;
			compatibilityVersion = "Xcode 13.0";
			developmentRegion = en;
			hasScannedForEncodings = 0;
			knownRegions = (
				en,
				Base,
			);
			mainGroup = D7ADD14427C9763900321E23;
			packageReferences = (
			);
			productRefGroup = D7ADD15227C9763A00321E23 /* Products */;
			projectDirPath = "";
			projectRoot = "";
			targets = (
				D7ADD15027C9763A00321E23 /* Komodio (iOS) */,
				D7ADD15627C9763A00321E23 /* Komodio (macOS) */,
				D7ADD17027C9789D00321E23 /* Komodio (tvOS) */,
			);
		};
/* End PBXProject section */

/* Begin PBXResourcesBuildPhase section */
		D7ADD14F27C9763A00321E23 /* Resources */ = {
			isa = PBXResourcesBuildPhase;
			buildActionMask = 2147483647;
			files = (
				D7ADD15E27C9763A00321E23 /* Assets.xcassets in Resources */,
			);
			runOnlyForDeploymentPostprocessing = 0;
		};
		D7ADD15527C9763A00321E23 /* Resources */ = {
			isa = PBXResourcesBuildPhase;
			buildActionMask = 2147483647;
			files = (
				D7ADD15F27C9763A00321E23 /* Assets.xcassets in Resources */,
			);
			runOnlyForDeploymentPostprocessing = 0;
		};
		D7ADD16F27C9789D00321E23 /* Resources */ = {
			isa = PBXResourcesBuildPhase;
			buildActionMask = 2147483647;
			files = (
				D7B2F20927C9792E002DFC41 /* Assets.xcassets in Resources */,
				D788807427CC76D400F0C51A /* LaunchScreen.storyboard in Resources */,
			);
			runOnlyForDeploymentPostprocessing = 0;
		};
/* End PBXResourcesBuildPhase section */

/* Begin PBXSourcesBuildPhase section */
		D7ADD14D27C9763A00321E23 /* Sources */ = {
			isa = PBXSourcesBuildPhase;
			buildActionMask = 2147483647;
			files = (
				D7B2F23427C98578002DFC41 /* HomeView.swift in Sources */,
				D7B2F22C27C97F2D002DFC41 /* MusicVideosView.swift in Sources */,
				D78850C727D82C21002DC6FC /* AlbumsView.swift in Sources */,
				D7B2F22427C97EF0002DFC41 /* MoviesView.swift in Sources */,
				D735DED227CAF76300C63E1D /* EpisodesView.swift in Sources */,
				D7B2F23D27C98FDB002DFC41 /* GenresView.swift in Sources */,
				D735DEAD27C9EB6D00C63E1D /* ArtView.swift in Sources */,
				D7D0B86C27D2DE0B00C1C873 /* RouterLink.swift in Sources */,
				D735DEC127CA732700C63E1D /* RootView+iOS.swift in Sources */,
				D78850CF27D85A9B002DC6FC /* SongsView.swift in Sources */,
				D735DEDE27CB1FC700C63E1D /* LabelStyles.swift in Sources */,
				D7D0B86827D0673B00C1C873 /* Route.swift in Sources */,
				D735DED027CACAA400C63E1D /* DetailsView.swift in Sources */,
				D78850CB27D83389002DC6FC /* ArtistsView.swift in Sources */,
				D735DEB527C9F1C400C63E1D /* ItemsView.swift in Sources */,
				D7B2F21B27C97CD9002DFC41 /* AppState.swift in Sources */,
				D7EC594827C9C5B8004FFC57 /* PartsView.swift in Sources */,
				D7EC594427C9BB53004FFC57 /* PlayerView.swift in Sources */,
				D735DEB927C9F23600C63E1D /* ButtonStyles.swift in Sources */,
				D7B2F23027C9846B002DFC41 /* LoadingView.swift in Sources */,
				D75630AA27E4594F007A624C /* MainView.swift in Sources */,
				D7ADD15A27C9763A00321E23 /* KomodioApp.swift in Sources */,
				D735DEB127C9EB9E00C63E1D /* Extensions.swift in Sources */,
				D7B2F22827C97F1E002DFC41 /* TVshowsView.swift in Sources */,
				D731124027ECA3F000F1BF4A /* MovieSetView.swift in Sources */,
				D7D0B86227D052B900C1C873 /* RouterModel.swift in Sources */,
				D735DECD27CABCCF00C63E1D /* PartsView+iOS.swift in Sources */,
			);
			runOnlyForDeploymentPostprocessing = 0;
		};
		D7ADD15327C9763A00321E23 /* Sources */ = {
			isa = PBXSourcesBuildPhase;
			buildActionMask = 2147483647;
			files = (
				D735DED327CAF76300C63E1D /* EpisodesView.swift in Sources */,
				D78850CC27D83389002DC6FC /* ArtistsView.swift in Sources */,
				D7D0B86627D052EB00C1C873 /* MainView.swift in Sources */,
				D7B2F23527C98578002DFC41 /* HomeView.swift in Sources */,
				D735DEC827CABC2C00C63E1D /* PartsView+macOS.swift in Sources */,
				D7B2F22D27C97F2D002DFC41 /* MusicVideosView.swift in Sources */,
				D7B2F22527C97EF0002DFC41 /* MoviesView.swift in Sources */,
				D7D0B86327D052B900C1C873 /* RouterModel.swift in Sources */,
				D7B2F22127C97D4A002DFC41 /* RootView+macOS.swift in Sources */,
				D735DEAE27C9EB6D00C63E1D /* ArtView.swift in Sources */,
				D735DEB627C9F1C400C63E1D /* ItemsView.swift in Sources */,
				D7B2F23E27C98FDB002DFC41 /* GenresView.swift in Sources */,
				D731124127ECA3F000F1BF4A /* MovieSetView.swift in Sources */,
				D74F34A927D3FB5D009377FA /* TableView+macOS.swift in Sources */,
				D7B2F21C27C97CD9002DFC41 /* AppState.swift in Sources */,
				D75630AE27E5F368007A624C /* LabelStyles+macOS.swift in Sources */,
				D7D0B86927D0673B00C1C873 /* Route.swift in Sources */,
				D7EC594927C9C5B8004FFC57 /* PartsView.swift in Sources */,
				D7EC594527C9BB53004FFC57 /* PlayerView.swift in Sources */,
				D735DEBA27C9F23600C63E1D /* ButtonStyles.swift in Sources */,
				D7B2F23127C9846B002DFC41 /* LoadingView.swift in Sources */,
				D735DECF27CACAA400C63E1D /* DetailsView.swift in Sources */,
				D78850C827D82C21002DC6FC /* AlbumsView.swift in Sources */,
				D7ADD15B27C9763A00321E23 /* KomodioApp.swift in Sources */,
				D735DEB227C9EB9E00C63E1D /* Extensions.swift in Sources */,
				D735DEDF27CB1FC700C63E1D /* LabelStyles.swift in Sources */,
				D7B2F22927C97F1E002DFC41 /* TVshowsView.swift in Sources */,
				D7D0B86D27D2DE0B00C1C873 /* RouterLink.swift in Sources */,
				D735DED727CB07D800C63E1D /* Extensions+macOS.swift in Sources */,
				D78850D027D85A9B002DC6FC /* SongsView.swift in Sources */,
			);
			runOnlyForDeploymentPostprocessing = 0;
		};
		D7ADD16D27C9789D00321E23 /* Sources */ = {
			isa = PBXSourcesBuildPhase;
			buildActionMask = 2147483647;
			files = (
				D735DECB27CABCB800C63E1D /* PartsView+tvOS.swift in Sources */,
				D7B2F23627C98578002DFC41 /* HomeView.swift in Sources */,
				D78850CD27D83389002DC6FC /* ArtistsView.swift in Sources */,
				D735DEBF27C9F4FD00C63E1D /* ButtonStyles+tvOS.swift in Sources */,
				D75630A727E43879007A624C /* MainView.swift in Sources */,
				D735DED427CAF76300C63E1D /* EpisodesView.swift in Sources */,
				D7B2F22E27C97F2D002DFC41 /* MusicVideosView.swift in Sources */,
				D78850D127D85A9B002DC6FC /* SongsView.swift in Sources */,
				D7D0B86427D052B900C1C873 /* RouterModel.swift in Sources */,
				D7B2F22627C97EF0002DFC41 /* MoviesView.swift in Sources */,
				D735DEAF27C9EB6D00C63E1D /* ArtView.swift in Sources */,
				D735DEB727C9F1C400C63E1D /* ItemsView.swift in Sources */,
				D75630A927E43A87007A624C /* RootView+tvOS.swift in Sources */,
				D7B2F23F27C98FDB002DFC41 /* GenresView.swift in Sources */,
				D7B2F21D27C97CD9002DFC41 /* AppState.swift in Sources */,
				D731124227ECA3F000F1BF4A /* MovieSetView.swift in Sources */,
				D7D0B86A27D0673B00C1C873 /* Route.swift in Sources */,
				D7B2F24327C99465002DFC41 /* DetailsView.swift in Sources */,
				D735DEDA27CB088900C63E1D /* PlayerMetaData+tvOS.swift in Sources */,
				D735DEDC27CB1CB100C63E1D /* Extensions+tvOS.swift in Sources */,
				D7EC594A27C9C5B8004FFC57 /* PartsView.swift in Sources */,
				D7EC594627C9BB53004FFC57 /* PlayerView.swift in Sources */,
				D7B2F23227C9846B002DFC41 /* LoadingView.swift in Sources */,
				D7B2F20727C97926002DFC41 /* KomodioApp.swift in Sources */,
				D735DEE027CB1FC700C63E1D /* LabelStyles.swift in Sources */,
				D735DEB327C9EB9E00C63E1D /* Extensions.swift in Sources */,
				D7D0B86E27D2DE0B00C1C873 /* RouterLink.swift in Sources */,
				D78850C927D82C21002DC6FC /* AlbumsView.swift in Sources */,
				D7B2F22A27C97F1E002DFC41 /* TVshowsView.swift in Sources */,
			);
			runOnlyForDeploymentPostprocessing = 0;
		};
/* End PBXSourcesBuildPhase section */

/* Begin XCBuildConfiguration section */
		D7ADD16027C9763A00321E23 /* Debug */ = {
			isa = XCBuildConfiguration;
			buildSettings = {
				ALWAYS_SEARCH_USER_PATHS = NO;
				CLANG_ANALYZER_NONNULL = YES;
				CLANG_ANALYZER_NUMBER_OBJECT_CONVERSION = YES_AGGRESSIVE;
				CLANG_CXX_LANGUAGE_STANDARD = "gnu++17";
				CLANG_CXX_LIBRARY = "libc++";
				CLANG_ENABLE_MODULES = YES;
				CLANG_ENABLE_OBJC_ARC = YES;
				CLANG_ENABLE_OBJC_WEAK = YES;
				CLANG_WARN_BLOCK_CAPTURE_AUTORELEASING = YES;
				CLANG_WARN_BOOL_CONVERSION = YES;
				CLANG_WARN_COMMA = YES;
				CLANG_WARN_CONSTANT_CONVERSION = YES;
				CLANG_WARN_DEPRECATED_OBJC_IMPLEMENTATIONS = YES;
				CLANG_WARN_DIRECT_OBJC_ISA_USAGE = YES_ERROR;
				CLANG_WARN_DOCUMENTATION_COMMENTS = YES;
				CLANG_WARN_EMPTY_BODY = YES;
				CLANG_WARN_ENUM_CONVERSION = YES;
				CLANG_WARN_INFINITE_RECURSION = YES;
				CLANG_WARN_INT_CONVERSION = YES;
				CLANG_WARN_NON_LITERAL_NULL_CONVERSION = YES;
				CLANG_WARN_OBJC_IMPLICIT_RETAIN_SELF = YES;
				CLANG_WARN_OBJC_LITERAL_CONVERSION = YES;
				CLANG_WARN_OBJC_ROOT_CLASS = YES_ERROR;
				CLANG_WARN_QUOTED_INCLUDE_IN_FRAMEWORK_HEADER = YES;
				CLANG_WARN_RANGE_LOOP_ANALYSIS = YES;
				CLANG_WARN_STRICT_PROTOTYPES = YES;
				CLANG_WARN_SUSPICIOUS_MOVE = YES;
				CLANG_WARN_UNGUARDED_AVAILABILITY = YES_AGGRESSIVE;
				CLANG_WARN_UNREACHABLE_CODE = YES;
				CLANG_WARN__DUPLICATE_METHOD_MATCH = YES;
				COPY_PHASE_STRIP = NO;
				DEBUG_INFORMATION_FORMAT = dwarf;
				ENABLE_STRICT_OBJC_MSGSEND = YES;
				ENABLE_TESTABILITY = YES;
				GCC_C_LANGUAGE_STANDARD = gnu11;
				GCC_DYNAMIC_NO_PIC = NO;
				GCC_NO_COMMON_BLOCKS = YES;
				GCC_OPTIMIZATION_LEVEL = 0;
				GCC_PREPROCESSOR_DEFINITIONS = (
					"DEBUG=1",
					"$(inherited)",
				);
				GCC_WARN_64_TO_32_BIT_CONVERSION = YES;
				GCC_WARN_ABOUT_RETURN_TYPE = YES_ERROR;
				GCC_WARN_UNDECLARED_SELECTOR = YES;
				GCC_WARN_UNINITIALIZED_AUTOS = YES_AGGRESSIVE;
				GCC_WARN_UNUSED_FUNCTION = YES;
				GCC_WARN_UNUSED_VARIABLE = YES;
				MTL_ENABLE_DEBUG_INFO = INCLUDE_SOURCE;
				MTL_FAST_MATH = YES;
				ONLY_ACTIVE_ARCH = YES;
				SWIFT_ACTIVE_COMPILATION_CONDITIONS = DEBUG;
				SWIFT_OPTIMIZATION_LEVEL = "-Onone";
			};
			name = Debug;
		};
		D7ADD16127C9763A00321E23 /* Release */ = {
			isa = XCBuildConfiguration;
			buildSettings = {
				ALWAYS_SEARCH_USER_PATHS = NO;
				CLANG_ANALYZER_NONNULL = YES;
				CLANG_ANALYZER_NUMBER_OBJECT_CONVERSION = YES_AGGRESSIVE;
				CLANG_CXX_LANGUAGE_STANDARD = "gnu++17";
				CLANG_CXX_LIBRARY = "libc++";
				CLANG_ENABLE_MODULES = YES;
				CLANG_ENABLE_OBJC_ARC = YES;
				CLANG_ENABLE_OBJC_WEAK = YES;
				CLANG_WARN_BLOCK_CAPTURE_AUTORELEASING = YES;
				CLANG_WARN_BOOL_CONVERSION = YES;
				CLANG_WARN_COMMA = YES;
				CLANG_WARN_CONSTANT_CONVERSION = YES;
				CLANG_WARN_DEPRECATED_OBJC_IMPLEMENTATIONS = YES;
				CLANG_WARN_DIRECT_OBJC_ISA_USAGE = YES_ERROR;
				CLANG_WARN_DOCUMENTATION_COMMENTS = YES;
				CLANG_WARN_EMPTY_BODY = YES;
				CLANG_WARN_ENUM_CONVERSION = YES;
				CLANG_WARN_INFINITE_RECURSION = YES;
				CLANG_WARN_INT_CONVERSION = YES;
				CLANG_WARN_NON_LITERAL_NULL_CONVERSION = YES;
				CLANG_WARN_OBJC_IMPLICIT_RETAIN_SELF = YES;
				CLANG_WARN_OBJC_LITERAL_CONVERSION = YES;
				CLANG_WARN_OBJC_ROOT_CLASS = YES_ERROR;
				CLANG_WARN_QUOTED_INCLUDE_IN_FRAMEWORK_HEADER = YES;
				CLANG_WARN_RANGE_LOOP_ANALYSIS = YES;
				CLANG_WARN_STRICT_PROTOTYPES = YES;
				CLANG_WARN_SUSPICIOUS_MOVE = YES;
				CLANG_WARN_UNGUARDED_AVAILABILITY = YES_AGGRESSIVE;
				CLANG_WARN_UNREACHABLE_CODE = YES;
				CLANG_WARN__DUPLICATE_METHOD_MATCH = YES;
				COPY_PHASE_STRIP = NO;
				DEBUG_INFORMATION_FORMAT = "dwarf-with-dsym";
				ENABLE_NS_ASSERTIONS = NO;
				ENABLE_STRICT_OBJC_MSGSEND = YES;
				GCC_C_LANGUAGE_STANDARD = gnu11;
				GCC_NO_COMMON_BLOCKS = YES;
				GCC_WARN_64_TO_32_BIT_CONVERSION = YES;
				GCC_WARN_ABOUT_RETURN_TYPE = YES_ERROR;
				GCC_WARN_UNDECLARED_SELECTOR = YES;
				GCC_WARN_UNINITIALIZED_AUTOS = YES_AGGRESSIVE;
				GCC_WARN_UNUSED_FUNCTION = YES;
				GCC_WARN_UNUSED_VARIABLE = YES;
				MTL_ENABLE_DEBUG_INFO = NO;
				MTL_FAST_MATH = YES;
				SWIFT_COMPILATION_MODE = wholemodule;
				SWIFT_OPTIMIZATION_LEVEL = "-O";
			};
			name = Release;
		};
		D7ADD16327C9763A00321E23 /* Debug */ = {
			isa = XCBuildConfiguration;
			buildSettings = {
				ASSETCATALOG_COMPILER_APPICON_NAME = "App Icon iOS";
				ASSETCATALOG_COMPILER_GLOBAL_ACCENT_COLOR_NAME = AccentColor;
				CODE_SIGN_STYLE = Automatic;
				CURRENT_PROJECT_VERSION = 1;
				DEVELOPMENT_TEAM = FHPCJ7396C;
				ENABLE_PREVIEWS = YES;
				GENERATE_INFOPLIST_FILE = YES;
				INFOPLIST_KEY_UIApplicationSceneManifest_Generation = YES;
				INFOPLIST_KEY_UIApplicationSupportsIndirectInputEvents = YES;
				INFOPLIST_KEY_UILaunchScreen_Generation = YES;
				INFOPLIST_KEY_UISupportedInterfaceOrientations_iPad = "UIInterfaceOrientationPortrait UIInterfaceOrientationPortraitUpsideDown UIInterfaceOrientationLandscapeLeft UIInterfaceOrientationLandscapeRight";
				INFOPLIST_KEY_UISupportedInterfaceOrientations_iPhone = "UIInterfaceOrientationPortrait UIInterfaceOrientationLandscapeLeft UIInterfaceOrientationLandscapeRight";
				IPHONEOS_DEPLOYMENT_TARGET = 15.2;
				LD_RUNPATH_SEARCH_PATHS = (
					"$(inherited)",
					"@executable_path/Frameworks",
				);
				MARKETING_VERSION = 1.0;
				PRODUCT_BUNDLE_IDENTIFIER = nl.desbeers.Komodio;
				PRODUCT_NAME = Komodio;
				SDKROOT = iphoneos;
				SWIFT_EMIT_LOC_STRINGS = YES;
				SWIFT_VERSION = 5.0;
				TARGETED_DEVICE_FAMILY = 2;
			};
			name = Debug;
		};
		D7ADD16427C9763A00321E23 /* Release */ = {
			isa = XCBuildConfiguration;
			buildSettings = {
				ASSETCATALOG_COMPILER_APPICON_NAME = "App Icon iOS";
				ASSETCATALOG_COMPILER_GLOBAL_ACCENT_COLOR_NAME = AccentColor;
				CODE_SIGN_STYLE = Automatic;
				CURRENT_PROJECT_VERSION = 1;
				DEVELOPMENT_TEAM = FHPCJ7396C;
				ENABLE_PREVIEWS = YES;
				GENERATE_INFOPLIST_FILE = YES;
				INFOPLIST_KEY_UIApplicationSceneManifest_Generation = YES;
				INFOPLIST_KEY_UIApplicationSupportsIndirectInputEvents = YES;
				INFOPLIST_KEY_UILaunchScreen_Generation = YES;
				INFOPLIST_KEY_UISupportedInterfaceOrientations_iPad = "UIInterfaceOrientationPortrait UIInterfaceOrientationPortraitUpsideDown UIInterfaceOrientationLandscapeLeft UIInterfaceOrientationLandscapeRight";
				INFOPLIST_KEY_UISupportedInterfaceOrientations_iPhone = "UIInterfaceOrientationPortrait UIInterfaceOrientationLandscapeLeft UIInterfaceOrientationLandscapeRight";
				IPHONEOS_DEPLOYMENT_TARGET = 15.2;
				LD_RUNPATH_SEARCH_PATHS = (
					"$(inherited)",
					"@executable_path/Frameworks",
				);
				MARKETING_VERSION = 1.0;
				PRODUCT_BUNDLE_IDENTIFIER = nl.desbeers.Komodio;
				PRODUCT_NAME = Komodio;
				SDKROOT = iphoneos;
				SWIFT_EMIT_LOC_STRINGS = YES;
				SWIFT_VERSION = 5.0;
				TARGETED_DEVICE_FAMILY = 2;
				VALIDATE_PRODUCT = YES;
			};
			name = Release;
		};
		D7ADD16627C9763A00321E23 /* Debug */ = {
			isa = XCBuildConfiguration;
			buildSettings = {
				ASSETCATALOG_COMPILER_APPICON_NAME = "App Icon macOS";
				ASSETCATALOG_COMPILER_GLOBAL_ACCENT_COLOR_NAME = AccentColor;
				CODE_SIGN_ENTITLEMENTS = Komodio/macOS/macOS.entitlements;
				CODE_SIGN_IDENTITY = "-";
				CODE_SIGN_STYLE = Automatic;
				COMBINE_HIDPI_IMAGES = YES;
				CURRENT_PROJECT_VERSION = 1;
				DEVELOPMENT_TEAM = FHPCJ7396C;
				ENABLE_HARDENED_RUNTIME = YES;
				ENABLE_PREVIEWS = YES;
				GENERATE_INFOPLIST_FILE = YES;
				INFOPLIST_KEY_NSHumanReadableCopyright = "";
				LD_RUNPATH_SEARCH_PATHS = (
					"$(inherited)",
					"@executable_path/../Frameworks",
				);
				MACOSX_DEPLOYMENT_TARGET = 12.1;
				MARKETING_VERSION = 1.0;
				PRODUCT_BUNDLE_IDENTIFIER = nl.desbeers.Komodio;
				PRODUCT_NAME = Komodio;
				SDKROOT = macosx;
				SWIFT_EMIT_LOC_STRINGS = YES;
				SWIFT_VERSION = 5.0;
			};
			name = Debug;
		};
		D7ADD16727C9763A00321E23 /* Release */ = {
			isa = XCBuildConfiguration;
			buildSettings = {
				ASSETCATALOG_COMPILER_APPICON_NAME = "App Icon macOS";
				ASSETCATALOG_COMPILER_GLOBAL_ACCENT_COLOR_NAME = AccentColor;
				CODE_SIGN_ENTITLEMENTS = Komodio/macOS/macOS.entitlements;
				CODE_SIGN_IDENTITY = "-";
				CODE_SIGN_STYLE = Automatic;
				COMBINE_HIDPI_IMAGES = YES;
				CURRENT_PROJECT_VERSION = 1;
				DEVELOPMENT_TEAM = FHPCJ7396C;
				ENABLE_HARDENED_RUNTIME = YES;
				ENABLE_PREVIEWS = YES;
				GENERATE_INFOPLIST_FILE = YES;
				INFOPLIST_KEY_NSHumanReadableCopyright = "";
				LD_RUNPATH_SEARCH_PATHS = (
					"$(inherited)",
					"@executable_path/../Frameworks",
				);
				MACOSX_DEPLOYMENT_TARGET = 12.1;
				MARKETING_VERSION = 1.0;
				PRODUCT_BUNDLE_IDENTIFIER = nl.desbeers.Komodio;
				PRODUCT_NAME = Komodio;
				SDKROOT = macosx;
				SWIFT_EMIT_LOC_STRINGS = YES;
				SWIFT_VERSION = 5.0;
			};
			name = Release;
		};
		D7ADD17D27C9789E00321E23 /* Debug */ = {
			isa = XCBuildConfiguration;
			buildSettings = {
				ASSETCATALOG_COMPILER_APPICON_NAME = tvOS;
				ASSETCATALOG_COMPILER_GLOBAL_ACCENT_COLOR_NAME = AccentColor;
				CODE_SIGN_STYLE = Automatic;
				CURRENT_PROJECT_VERSION = 1;
				DEVELOPMENT_ASSET_PATHS = "\"Komodio/Preview Content\"";
				DEVELOPMENT_TEAM = FHPCJ7396C;
				ENABLE_PREVIEWS = YES;
				GENERATE_INFOPLIST_FILE = YES;
				INFOPLIST_FILE = Komodio/tvOS/tvOS.plist;
				INFOPLIST_KEY_UILaunchScreen_Generation = YES;
				INFOPLIST_KEY_UILaunchStoryboardName = LaunchScreen;
				INFOPLIST_KEY_UIUserInterfaceStyle = Automatic;
				LD_RUNPATH_SEARCH_PATHS = (
					"$(inherited)",
					"@executable_path/Frameworks",
				);
				MARKETING_VERSION = 1.0;
				PRODUCT_BUNDLE_IDENTIFIER = nl.desbeers.Komodio;
				PRODUCT_NAME = Komodio;
				SDKROOT = appletvos;
				SWIFT_EMIT_LOC_STRINGS = YES;
				SWIFT_VERSION = 5.0;
				TARGETED_DEVICE_FAMILY = 3;
				TVOS_DEPLOYMENT_TARGET = 15.2;
			};
			name = Debug;
		};
		D7ADD17E27C9789E00321E23 /* Release */ = {
			isa = XCBuildConfiguration;
			buildSettings = {
				ASSETCATALOG_COMPILER_APPICON_NAME = tvOS;
				ASSETCATALOG_COMPILER_GLOBAL_ACCENT_COLOR_NAME = AccentColor;
				CODE_SIGN_STYLE = Automatic;
				CURRENT_PROJECT_VERSION = 1;
				DEVELOPMENT_ASSET_PATHS = "\"Komodio/Preview Content\"";
				DEVELOPMENT_TEAM = FHPCJ7396C;
				ENABLE_PREVIEWS = YES;
				GENERATE_INFOPLIST_FILE = YES;
				INFOPLIST_FILE = Komodio/tvOS/tvOS.plist;
				INFOPLIST_KEY_UILaunchScreen_Generation = YES;
				INFOPLIST_KEY_UILaunchStoryboardName = LaunchScreen;
				INFOPLIST_KEY_UIUserInterfaceStyle = Automatic;
				LD_RUNPATH_SEARCH_PATHS = (
					"$(inherited)",
					"@executable_path/Frameworks",
				);
				MARKETING_VERSION = 1.0;
				PRODUCT_BUNDLE_IDENTIFIER = nl.desbeers.Komodio;
				PRODUCT_NAME = Komodio;
				SDKROOT = appletvos;
				SWIFT_EMIT_LOC_STRINGS = YES;
				SWIFT_VERSION = 5.0;
				TARGETED_DEVICE_FAMILY = 3;
				TVOS_DEPLOYMENT_TARGET = 15.2;
				VALIDATE_PRODUCT = YES;
			};
			name = Release;
		};
/* End XCBuildConfiguration section */

/* Begin XCConfigurationList section */
		D7ADD14827C9763900321E23 /* Build configuration list for PBXProject "Komodio" */ = {
			isa = XCConfigurationList;
			buildConfigurations = (
				D7ADD16027C9763A00321E23 /* Debug */,
				D7ADD16127C9763A00321E23 /* Release */,
			);
			defaultConfigurationIsVisible = 0;
			defaultConfigurationName = Release;
		};
		D7ADD16227C9763A00321E23 /* Build configuration list for PBXNativeTarget "Komodio (iOS)" */ = {
			isa = XCConfigurationList;
			buildConfigurations = (
				D7ADD16327C9763A00321E23 /* Debug */,
				D7ADD16427C9763A00321E23 /* Release */,
			);
			defaultConfigurationIsVisible = 0;
			defaultConfigurationName = Release;
		};
		D7ADD16527C9763A00321E23 /* Build configuration list for PBXNativeTarget "Komodio (macOS)" */ = {
			isa = XCConfigurationList;
			buildConfigurations = (
				D7ADD16627C9763A00321E23 /* Debug */,
				D7ADD16727C9763A00321E23 /* Release */,
			);
			defaultConfigurationIsVisible = 0;
			defaultConfigurationName = Release;
		};
		D7ADD17C27C9789E00321E23 /* Build configuration list for PBXNativeTarget "Komodio (tvOS)" */ = {
			isa = XCConfigurationList;
			buildConfigurations = (
				D7ADD17D27C9789E00321E23 /* Debug */,
				D7ADD17E27C9789E00321E23 /* Release */,
			);
			defaultConfigurationIsVisible = 0;
			defaultConfigurationName = Release;
		};
/* End XCConfigurationList section */

/* Begin XCSwiftPackageProductDependency section */
		D7CCA97027CC3B19001B4828 /* SwiftlyKodiAPI */ = {
			isa = XCSwiftPackageProductDependency;
			productName = SwiftlyKodiAPI;
		};
		D7CCA97227CC3B21001B4828 /* SwiftlyKodiAPI */ = {
			isa = XCSwiftPackageProductDependency;
			productName = SwiftlyKodiAPI;
		};
		D7CCA97427CC3B28001B4828 /* SwiftlyKodiAPI */ = {
			isa = XCSwiftPackageProductDependency;
			productName = SwiftlyKodiAPI;
		};
/* End XCSwiftPackageProductDependency section */
	};
	rootObject = D7ADD14527C9763900321E23 /* Project object */;
}
