// !$*UTF8*$!
{
	archiveVersion = 1;
	classes = {
	};
	objectVersion = 56;
	objects = {

/* Begin PBXBuildFile section */
		D715FC272A49D24900CC9699 /* KomodioApp.swift in Sources */ = {isa = PBXBuildFile; fileRef = D71BD53429056A5C00037DC9 /* KomodioApp.swift */; };
		D718206C2A8A5B6D00C5AED6 /* CollectionView.swift in Sources */ = {isa = PBXBuildFile; fileRef = D718206B2A8A5B6D00C5AED6 /* CollectionView.swift */; };
		D718206D2A8A5B6D00C5AED6 /* CollectionView.swift in Sources */ = {isa = PBXBuildFile; fileRef = D718206B2A8A5B6D00C5AED6 /* CollectionView.swift */; };
		D718206F2A8A5CC700C5AED6 /* CollectionView+Cell.swift in Sources */ = {isa = PBXBuildFile; fileRef = D718206E2A8A5CC700C5AED6 /* CollectionView+Cell.swift */; };
		D71820702A8A5CC700C5AED6 /* CollectionView+Cell.swift in Sources */ = {isa = PBXBuildFile; fileRef = D718206E2A8A5CC700C5AED6 /* CollectionView+Cell.swift */; };
		D71820782A8BA85A00C5AED6 /* StaticSetting.swift in Sources */ = {isa = PBXBuildFile; fileRef = D71820772A8BA85A00C5AED6 /* StaticSetting.swift */; };
		D71820792A8BA85A00C5AED6 /* StaticSetting.swift in Sources */ = {isa = PBXBuildFile; fileRef = D71820772A8BA85A00C5AED6 /* StaticSetting.swift */; };
		D71C89C62A4845750077DB0F /* LabelStyles.swift in Sources */ = {isa = PBXBuildFile; fileRef = D71C89C42A4845750077DB0F /* LabelStyles.swift */; };
		D71D2FDD2A4ADCC700E6AE5A /* StartView+Details.swift in Sources */ = {isa = PBXBuildFile; fileRef = D71D2FDB2A4ADCC700E6AE5A /* StartView+Details.swift */; };
		D7269CC72A475A2100CFBFE9 /* ContentView.swift in Sources */ = {isa = PBXBuildFile; fileRef = D71BD55F2905849A00037DC9 /* ContentView.swift */; };
		D72BF72729D7058600CFA373 /* ContentView+Wrapper.swift in Sources */ = {isa = PBXBuildFile; fileRef = D72BF72629D7058600CFA373 /* ContentView+Wrapper.swift */; };
		D72BF72A29D715EE00CFA373 /* Hosts.swift in Sources */ = {isa = PBXBuildFile; fileRef = D72BF72829D715EE00CFA373 /* Hosts.swift */; };
		D72DE7B52955F22500DD0FFB /* SidebarView (tvOS).swift in Sources */ = {isa = PBXBuildFile; fileRef = D72DE7B42955F22500DD0FFB /* SidebarView (tvOS).swift */; };
		D72DEEFE2A5F24E900EC0B8E /* AVKit.framework in Frameworks */ = {isa = PBXBuildFile; fileRef = D72DEEFD2A5F24E900EC0B8E /* AVKit.framework */; platformFilters = (macos, ); };
		D73BFC712A61B80E006F9846 /* LaunchScreen (iPadOS).storyboard in Resources */ = {isa = PBXBuildFile; fileRef = D73BFC702A61B80E006F9846 /* LaunchScreen (iPadOS).storyboard */; platformFilter = ios; };
		D73FBC712B39D78300259195 /* MacCommands (macOS).swift in Sources */ = {isa = PBXBuildFile; fileRef = D73FBC702B39D78300259195 /* MacCommands (macOS).swift */; platformFilters = (macos, ); };
		D747E34D2A5EAF4300DF2F54 /* Debug.swift in Sources */ = {isa = PBXBuildFile; fileRef = D747E34B2A5EAF4300DF2F54 /* Debug.swift */; };
		D747E37F2A5F1DF400DF2F54 /* MediaItem.swift in Sources */ = {isa = PBXBuildFile; fileRef = D71BD55929057FE400037DC9 /* MediaItem.swift */; };
		D747E3802A5F1DF400DF2F54 /* Hosts.swift in Sources */ = {isa = PBXBuildFile; fileRef = D72BF72829D715EE00CFA373 /* Hosts.swift */; };
		D747E3812A5F1DF400DF2F54 /* Backport.swift in Sources */ = {isa = PBXBuildFile; fileRef = D786DC992A45D7230086C8FB /* Backport.swift */; };
		D747E3822A5F1DF400DF2F54 /* Parts.swift in Sources */ = {isa = PBXBuildFile; fileRef = D779BEAF29882A67009FD90A /* Parts.swift */; };
		D747E3832A5F1DF400DF2F54 /* Assets.xcassets in Resources */ = {isa = PBXBuildFile; fileRef = D71BD53829056A5E00037DC9 /* Assets.xcassets */; };
		D747E3842A5F1DF400DF2F54 /* Debug.swift in Sources */ = {isa = PBXBuildFile; fileRef = D747E34B2A5EAF4300DF2F54 /* Debug.swift */; };
		D747E3862A5F1DF400DF2F54 /* SceneState.swift in Sources */ = {isa = PBXBuildFile; fileRef = D71BD55129056FB500037DC9 /* SceneState.swift */; };
		D747E3892A5F1DF900DF2F54 /* Router+DestinationView.swift in Sources */ = {isa = PBXBuildFile; fileRef = D7BA23112A5099D600624D0D /* Router+DestinationView.swift */; };
		D747E38A2A5F1DF900DF2F54 /* Router+Modifiers.swift in Sources */ = {isa = PBXBuildFile; fileRef = D766F5DE2A46EB10002DDB1C /* Router+Modifiers.swift */; };
		D747E38C2A5F1E0600DF2F54 /* MovieView+Details.swift in Sources */ = {isa = PBXBuildFile; fileRef = D7E7263329DB722200CEC57E /* MovieView+Details.swift */; };
		D747E38D2A5F1E0600DF2F54 /* MovieSetView.swift in Sources */ = {isa = PBXBuildFile; fileRef = D7325D512906852000D15D79 /* MovieSetView.swift */; };
		D747E38E2A5F1E0600DF2F54 /* MovieSetView+Details.swift in Sources */ = {isa = PBXBuildFile; fileRef = D7E7262D29DB705100CEC57E /* MovieSetView+Details.swift */; };
		D747E3902A5F1E0600DF2F54 /* MoviesView.swift in Sources */ = {isa = PBXBuildFile; fileRef = D71BD5532905726A00037DC9 /* MoviesView.swift */; };
		D747E3912A5F1E0600DF2F54 /* MovieView.swift in Sources */ = {isa = PBXBuildFile; fileRef = D71170B22934E8570059FCD3 /* MovieView.swift */; };
		D747E3922A5F1E0D00DF2F54 /* TVShowView+Details.swift in Sources */ = {isa = PBXBuildFile; fileRef = D7E7263929DB751500CEC57E /* TVShowView+Details.swift */; };
		D747E3932A5F1E0D00DF2F54 /* SeasonsView.swift in Sources */ = {isa = PBXBuildFile; fileRef = D71BD56729059C6D00037DC9 /* SeasonsView.swift */; };
		D747E3952A5F1E0D00DF2F54 /* UpNextView.swift in Sources */ = {isa = PBXBuildFile; fileRef = D7EFE462293B6B9100CE9B8D /* UpNextView.swift */; };
		D747E3962A5F1E0D00DF2F54 /* EpisodeView.swift in Sources */ = {isa = PBXBuildFile; fileRef = D71BD56529059B6000037DC9 /* EpisodeView.swift */; };
		D747E3972A5F1E0D00DF2F54 /* TVShowView.swift in Sources */ = {isa = PBXBuildFile; fileRef = D71170B02934E72D0059FCD3 /* TVShowView.swift */; };
		D747E3982A5F1E0D00DF2F54 /* SeasonView+Details.swift in Sources */ = {isa = PBXBuildFile; fileRef = D71BD56329059B1400037DC9 /* SeasonView+Details.swift */; };
		D747E39A2A5F1E0D00DF2F54 /* SeasonView.swift in Sources */ = {isa = PBXBuildFile; fileRef = D78164A82A58A29600AD1BE9 /* SeasonView.swift */; };
		D747E39B2A5F1E0D00DF2F54 /* EpisodeView+Details.swift in Sources */ = {isa = PBXBuildFile; fileRef = D7E7264529DB78A600CEC57E /* EpisodeView+Details.swift */; };
		D747E39C2A5F1E0D00DF2F54 /* TVShowsView.swift in Sources */ = {isa = PBXBuildFile; fileRef = D71BD55D290583F600037DC9 /* TVShowsView.swift */; };
		D747E39E2A5F1E0D00DF2F54 /* SeasonView+Details+ListItem.swift in Sources */ = {isa = PBXBuildFile; fileRef = D7E7263F29DB76FD00CEC57E /* SeasonView+Details+ListItem.swift */; };
		D747E39F2A5F1E1700DF2F54 /* PartsView.swift in Sources */ = {isa = PBXBuildFile; fileRef = D7EFE45D293A59AC00CE9B8D /* PartsView.swift */; };
		D747E3A02A5F1E1700DF2F54 /* ContentView+Wrapper.swift in Sources */ = {isa = PBXBuildFile; fileRef = D72BF72629D7058600CFA373 /* ContentView+Wrapper.swift */; };
		D747E3A12A5F1E1700DF2F54 /* MainView.swift in Sources */ = {isa = PBXBuildFile; fileRef = D71BD53629056A5C00037DC9 /* MainView.swift */; };
		D747E3A22A5F1E1700DF2F54 /* Buttons.swift in Sources */ = {isa = PBXBuildFile; fileRef = D71BD55729057F1A00037DC9 /* Buttons.swift */; };
		D747E3A32A5F1E1700DF2F54 /* Pickers.swift in Sources */ = {isa = PBXBuildFile; fileRef = D76BFFD7299521B0000E8E54 /* Pickers.swift */; };
		D747E3A42A5F1E1700DF2F54 /* ContentView.swift in Sources */ = {isa = PBXBuildFile; fileRef = D71BD55F2905849A00037DC9 /* ContentView.swift */; };
		D747E3A52A5F1E1700DF2F54 /* StatisticsView.swift in Sources */ = {isa = PBXBuildFile; fileRef = D7F03A782964635B0026D815 /* StatisticsView.swift */; };
		D747E3A62A5F1E1700DF2F54 /* KomodioPlayerView.swift in Sources */ = {isa = PBXBuildFile; fileRef = D77B1360296DECBF00ECE2F9 /* KomodioPlayerView.swift */; };
		D747E3A72A5F1E1700DF2F54 /* DetailView+Wrapper.swift in Sources */ = {isa = PBXBuildFile; fileRef = D7D000F929D1FED3007973C0 /* DetailView+Wrapper.swift */; };
		D747E3A82A5F1E1700DF2F54 /* Modifiers.swift in Sources */ = {isa = PBXBuildFile; fileRef = D71BD561290595FF00037DC9 /* Modifiers.swift */; };
		D747E3A92A5F1E1700DF2F54 /* SidebarView.swift in Sources */ = {isa = PBXBuildFile; fileRef = D786DC612A45D0E30086C8FB /* SidebarView.swift */; };
		D747E3AB2A5F1E1700DF2F54 /* FavouritesView.swift in Sources */ = {isa = PBXBuildFile; fileRef = D750D00129B50A8900088E0F /* FavouritesView.swift */; };
		D747E3AC2A5F1E1700DF2F54 /* KodiSettingsView.swift in Sources */ = {isa = PBXBuildFile; fileRef = D7EFE467293CDDE600CE9B8D /* KodiSettingsView.swift */; };
		D747E3AD2A5F1E1700DF2F54 /* DetailView.swift in Sources */ = {isa = PBXBuildFile; fileRef = D71BD55529057E6600037DC9 /* DetailView.swift */; };
		D747E3AE2A5F1E1700DF2F54 /* StartView+Details.swift in Sources */ = {isa = PBXBuildFile; fileRef = D71D2FDB2A4ADCC700E6AE5A /* StartView+Details.swift */; };
		D747E3AF2A5F1E1700DF2F54 /* HostItemView.swift in Sources */ = {isa = PBXBuildFile; fileRef = D77B1371297561AA00ECE2F9 /* HostItemView.swift */; };
		D747E3B02A5F1E1700DF2F54 /* HostItemView+Details.swift in Sources */ = {isa = PBXBuildFile; fileRef = D78164AC2A58A41F00AD1BE9 /* HostItemView+Details.swift */; };
		D747E3B12A5F1E1700DF2F54 /* SearchView.swift in Sources */ = {isa = PBXBuildFile; fileRef = D7EFE45B293A525800CE9B8D /* SearchView.swift */; };
		D747E3B22A5F1E1E00DF2F54 /* ArtistView+Details.swift in Sources */ = {isa = PBXBuildFile; fileRef = D770A27229DC00D3005076F5 /* ArtistView+Details.swift */; };
		D747E3B42A5F1E1E00DF2F54 /* MusicVideoAlbumView+Details.swift in Sources */ = {isa = PBXBuildFile; fileRef = D7C65F862A5AA46E00A0C0CD /* MusicVideoAlbumView+Details.swift */; };
		D747E3B52A5F1E1E00DF2F54 /* MusicVideosView.swift in Sources */ = {isa = PBXBuildFile; fileRef = D71170B6293502E90059FCD3 /* MusicVideosView.swift */; };
		D747E3B72A5F1E1E00DF2F54 /* MusicVideoAlbumView.swift in Sources */ = {isa = PBXBuildFile; fileRef = D71170BC293503A40059FCD3 /* MusicVideoAlbumView.swift */; };
		D747E3B82A5F1E1E00DF2F54 /* ArtistView.swift in Sources */ = {isa = PBXBuildFile; fileRef = D71170BA293503710059FCD3 /* ArtistView.swift */; };
		D747E3B92A5F1E1E00DF2F54 /* MusicVideoAlbumView+Details+ListItem.swift in Sources */ = {isa = PBXBuildFile; fileRef = D770A27629DC015A005076F5 /* MusicVideoAlbumView+Details+ListItem.swift */; };
		D747E3BA2A5F1E1E00DF2F54 /* ArtistsView.swift in Sources */ = {isa = PBXBuildFile; fileRef = D71170B8293503520059FCD3 /* ArtistsView.swift */; };
		D747E3BB2A5F1E1E00DF2F54 /* MusicVideoView.swift in Sources */ = {isa = PBXBuildFile; fileRef = D71170BE293503C70059FCD3 /* MusicVideoView.swift */; };
		D747E3BC2A5F1E1E00DF2F54 /* MusicVideoView+Details.swift in Sources */ = {isa = PBXBuildFile; fileRef = D770A27C29DC05AA005076F5 /* MusicVideoView+Details.swift */; };
		D747E3BD2A5F1E2600DF2F54 /* Styles.swift in Sources */ = {isa = PBXBuildFile; fileRef = D76750DA2969838800A95D52 /* Styles.swift */; };
		D747E3BE2A5F1E2600DF2F54 /* LabelStyles.swift in Sources */ = {isa = PBXBuildFile; fileRef = D71C89C42A4845750077DB0F /* LabelStyles.swift */; };
		D747E3BF2A5F1E2600DF2F54 /* ButtonStyles.swift in Sources */ = {isa = PBXBuildFile; fileRef = D7721D932A483DE2004D8531 /* ButtonStyles.swift */; };
		D747E3C02A5F1E2600DF2F54 /* KomodioApp.swift in Sources */ = {isa = PBXBuildFile; fileRef = D71BD53429056A5C00037DC9 /* KomodioApp.swift */; };
		D747E3C32A5F1EA100DF2F54 /* SwiftlyKodiAPI in Frameworks */ = {isa = PBXBuildFile; productRef = D747E3C22A5F1EA100DF2F54 /* SwiftlyKodiAPI */; };
		D74AA1F12B34B68000741B0D /* StartView.swift in Sources */ = {isa = PBXBuildFile; fileRef = D74AA1F02B34B68000741B0D /* StartView.swift */; };
		D74AA1F22B34B68000741B0D /* StartView.swift in Sources */ = {isa = PBXBuildFile; fileRef = D74AA1F02B34B68000741B0D /* StartView.swift */; };
		D750D00329B50A8900088E0F /* FavouritesView.swift in Sources */ = {isa = PBXBuildFile; fileRef = D750D00129B50A8900088E0F /* FavouritesView.swift */; };
		D7592F1A2B35F71900AB6125 /* ShelfView.swift in Sources */ = {isa = PBXBuildFile; fileRef = D7592F192B35F71900AB6125 /* ShelfView.swift */; };
		D7592F1B2B35F71900AB6125 /* ShelfView.swift in Sources */ = {isa = PBXBuildFile; fileRef = D7592F192B35F71900AB6125 /* ShelfView.swift */; };
		D75C3F64294DCFE2002BC065 /* Assets.xcassets in Resources */ = {isa = PBXBuildFile; fileRef = D71BD53829056A5E00037DC9 /* Assets.xcassets */; };
		D75C3F68294DDD3B002BC065 /* TVShowsView.swift in Sources */ = {isa = PBXBuildFile; fileRef = D71BD55D290583F600037DC9 /* TVShowsView.swift */; };
		D75C3F69294DDD3F002BC065 /* TVShowView.swift in Sources */ = {isa = PBXBuildFile; fileRef = D71170B02934E72D0059FCD3 /* TVShowView.swift */; };
		D75C3F6A294DDD42002BC065 /* SeasonsView.swift in Sources */ = {isa = PBXBuildFile; fileRef = D71BD56729059C6D00037DC9 /* SeasonsView.swift */; };
		D75C3F6B294DDD46002BC065 /* SeasonView+Details.swift in Sources */ = {isa = PBXBuildFile; fileRef = D71BD56329059B1400037DC9 /* SeasonView+Details.swift */; };
		D75C3F6C294DDD49002BC065 /* EpisodeView.swift in Sources */ = {isa = PBXBuildFile; fileRef = D71BD56529059B6000037DC9 /* EpisodeView.swift */; };
		D75C3F6D294DDD4D002BC065 /* UpNextView.swift in Sources */ = {isa = PBXBuildFile; fileRef = D7EFE462293B6B9100CE9B8D /* UpNextView.swift */; };
		D75C3F6E294DED8F002BC065 /* ArtistsView.swift in Sources */ = {isa = PBXBuildFile; fileRef = D71170B8293503520059FCD3 /* ArtistsView.swift */; };
		D75C3F6F294DED93002BC065 /* MusicVideosView.swift in Sources */ = {isa = PBXBuildFile; fileRef = D71170B6293502E90059FCD3 /* MusicVideosView.swift */; };
		D75C3F70294DED96002BC065 /* ArtistView.swift in Sources */ = {isa = PBXBuildFile; fileRef = D71170BA293503710059FCD3 /* ArtistView.swift */; };
		D75C3F71294DED9A002BC065 /* MusicVideoAlbumView.swift in Sources */ = {isa = PBXBuildFile; fileRef = D71170BC293503A40059FCD3 /* MusicVideoAlbumView.swift */; };
		D75C3F72294DED9D002BC065 /* MusicVideoView.swift in Sources */ = {isa = PBXBuildFile; fileRef = D71170BE293503C70059FCD3 /* MusicVideoView.swift */; };
		D766F5E02A46EB10002DDB1C /* Router+Modifiers.swift in Sources */ = {isa = PBXBuildFile; fileRef = D766F5DE2A46EB10002DDB1C /* Router+Modifiers.swift */; };
		D76750DC2969838800A95D52 /* Styles.swift in Sources */ = {isa = PBXBuildFile; fileRef = D76750DA2969838800A95D52 /* Styles.swift */; };
		D76BFFD32990F7E7000E8E54 /* LaunchScreen (tvOS).storyboard in Resources */ = {isa = PBXBuildFile; fileRef = D76BFFD12990F7E7000E8E54 /* LaunchScreen (tvOS).storyboard */; };
		D76BFFD62993AF08000E8E54 /* PlaylistsView (tvOS).swift in Sources */ = {isa = PBXBuildFile; fileRef = D76BFFD52993AF08000E8E54 /* PlaylistsView (tvOS).swift */; };
		D76BFFD9299521B0000E8E54 /* Pickers.swift in Sources */ = {isa = PBXBuildFile; fileRef = D76BFFD7299521B0000E8E54 /* Pickers.swift */; };
		D770A27429DC00D3005076F5 /* ArtistView+Details.swift in Sources */ = {isa = PBXBuildFile; fileRef = D770A27229DC00D3005076F5 /* ArtistView+Details.swift */; };
		D770A27829DC015A005076F5 /* MusicVideoAlbumView+Details+ListItem.swift in Sources */ = {isa = PBXBuildFile; fileRef = D770A27629DC015A005076F5 /* MusicVideoAlbumView+Details+ListItem.swift */; };
		D770A27E29DC05AA005076F5 /* MusicVideoView+Details.swift in Sources */ = {isa = PBXBuildFile; fileRef = D770A27C29DC05AA005076F5 /* MusicVideoView+Details.swift */; };
		D7721D952A483DE2004D8531 /* ButtonStyles.swift in Sources */ = {isa = PBXBuildFile; fileRef = D7721D932A483DE2004D8531 /* ButtonStyles.swift */; };
		D779BEB129882A67009FD90A /* Parts.swift in Sources */ = {isa = PBXBuildFile; fileRef = D779BEAF29882A67009FD90A /* Parts.swift */; };
		D77B1362296DECBF00ECE2F9 /* KomodioPlayerView.swift in Sources */ = {isa = PBXBuildFile; fileRef = D77B1360296DECBF00ECE2F9 /* KomodioPlayerView.swift */; };
		D77B1373297561AA00ECE2F9 /* HostItemView.swift in Sources */ = {isa = PBXBuildFile; fileRef = D77B1371297561AA00ECE2F9 /* HostItemView.swift */; };
		D78164AA2A58A29600AD1BE9 /* SeasonView.swift in Sources */ = {isa = PBXBuildFile; fileRef = D78164A82A58A29600AD1BE9 /* SeasonView.swift */; };
		D78164AE2A58A41F00AD1BE9 /* HostItemView+Details.swift in Sources */ = {isa = PBXBuildFile; fileRef = D78164AC2A58A41F00AD1BE9 /* HostItemView+Details.swift */; };
		D78486932B2C890300517EFC /* SwiftlyRotatingView in Frameworks */ = {isa = PBXBuildFile; productRef = D78486922B2C890300517EFC /* SwiftlyRotatingView */; };
		D78486952B2C891100517EFC /* SwiftlyRotatingView in Frameworks */ = {isa = PBXBuildFile; productRef = D78486942B2C891100517EFC /* SwiftlyRotatingView */; };
		D785A19A294B63D900530F62 /* SwiftlyKodiAPI in Frameworks */ = {isa = PBXBuildFile; productRef = D785A199294B63D900530F62 /* SwiftlyKodiAPI */; };
		D785A19D294B640300530F62 /* SceneState.swift in Sources */ = {isa = PBXBuildFile; fileRef = D71BD55129056FB500037DC9 /* SceneState.swift */; };
		D785A19E294B640800530F62 /* MediaItem.swift in Sources */ = {isa = PBXBuildFile; fileRef = D71BD55929057FE400037DC9 /* MediaItem.swift */; };
		D785A19F294B652100530F62 /* MoviesView.swift in Sources */ = {isa = PBXBuildFile; fileRef = D71BD5532905726A00037DC9 /* MoviesView.swift */; };
		D785A1A0294B653C00530F62 /* PartsView.swift in Sources */ = {isa = PBXBuildFile; fileRef = D7EFE45D293A59AC00CE9B8D /* PartsView.swift */; };
		D785A1A3294B665F00530F62 /* MovieSetView.swift in Sources */ = {isa = PBXBuildFile; fileRef = D7325D512906852000D15D79 /* MovieSetView.swift */; };
		D785A1A4294B668C00530F62 /* Modifiers.swift in Sources */ = {isa = PBXBuildFile; fileRef = D71BD561290595FF00037DC9 /* Modifiers.swift */; };
		D785A1A7294B7F3A00530F62 /* DetailView.swift in Sources */ = {isa = PBXBuildFile; fileRef = D71BD55529057E6600037DC9 /* DetailView.swift */; };
		D785A1A8294B7F8E00530F62 /* MovieView.swift in Sources */ = {isa = PBXBuildFile; fileRef = D71170B22934E8570059FCD3 /* MovieView.swift */; };
		D785A1A9294B7FA000530F62 /* Buttons.swift in Sources */ = {isa = PBXBuildFile; fileRef = D71BD55729057F1A00037DC9 /* Buttons.swift */; };
		D786DC9B2A45D7230086C8FB /* Backport.swift in Sources */ = {isa = PBXBuildFile; fileRef = D786DC992A45D7230086C8FB /* Backport.swift */; };
		D7A9B7C82A94B591007FD0A3 /* ImmersiveView (visionOS).swift in Sources */ = {isa = PBXBuildFile; fileRef = D7A9B7C72A94B591007FD0A3 /* ImmersiveView (visionOS).swift */; platformFilters = (xros, ); };
		D7B49BE22953262A00BBCB80 /* SiriRemoteController (tvOS).swift in Sources */ = {isa = PBXBuildFile; fileRef = D7B49BE12953262A00BBCB80 /* SiriRemoteController (tvOS).swift */; };
		D7BA23132A5099D600624D0D /* Router+DestinationView.swift in Sources */ = {isa = PBXBuildFile; fileRef = D7BA23112A5099D600624D0D /* Router+DestinationView.swift */; };
		D7BE6B982B37086D0051CEFD /* SettingsView.swift in Sources */ = {isa = PBXBuildFile; fileRef = D7BE6B972B37086D0051CEFD /* SettingsView.swift */; };
		D7BE6B992B3709570051CEFD /* SettingsView.swift in Sources */ = {isa = PBXBuildFile; fileRef = D7BE6B972B37086D0051CEFD /* SettingsView.swift */; };
		D7BE786F2A8CC54800F16E21 /* KodiCell.swift in Sources */ = {isa = PBXBuildFile; fileRef = D7BE786E2A8CC54800F16E21 /* KodiCell.swift */; };
		D7BE78702A8CC54800F16E21 /* KodiCell.swift in Sources */ = {isa = PBXBuildFile; fileRef = D7BE786E2A8CC54800F16E21 /* KodiCell.swift */; };
		D7BE78712A8D39FB00F16E21 /* SearchView.swift in Sources */ = {isa = PBXBuildFile; fileRef = D7EFE45B293A525800CE9B8D /* SearchView.swift */; };
		D7C65F882A5AA46E00A0C0CD /* MusicVideoAlbumView+Details.swift in Sources */ = {isa = PBXBuildFile; fileRef = D7C65F862A5AA46E00A0C0CD /* MusicVideoAlbumView+Details.swift */; };
		D7D000FB29D1FED3007973C0 /* DetailView+Wrapper.swift in Sources */ = {isa = PBXBuildFile; fileRef = D7D000F929D1FED3007973C0 /* DetailView+Wrapper.swift */; };
		D7E7262F29DB705100CEC57E /* MovieSetView+Details.swift in Sources */ = {isa = PBXBuildFile; fileRef = D7E7262D29DB705100CEC57E /* MovieSetView+Details.swift */; };
		D7E7263529DB722200CEC57E /* MovieView+Details.swift in Sources */ = {isa = PBXBuildFile; fileRef = D7E7263329DB722200CEC57E /* MovieView+Details.swift */; };
		D7E7263B29DB751500CEC57E /* TVShowView+Details.swift in Sources */ = {isa = PBXBuildFile; fileRef = D7E7263929DB751500CEC57E /* TVShowView+Details.swift */; };
		D7E7264129DB76FD00CEC57E /* SeasonView+Details+ListItem.swift in Sources */ = {isa = PBXBuildFile; fileRef = D7E7263F29DB76FD00CEC57E /* SeasonView+Details+ListItem.swift */; };
		D7E7264729DB78A600CEC57E /* EpisodeView+Details.swift in Sources */ = {isa = PBXBuildFile; fileRef = D7E7264529DB78A600CEC57E /* EpisodeView+Details.swift */; };
		D7EFE452293A4E7900CE9B8D /* MainView (tvOS).swift in Sources */ = {isa = PBXBuildFile; fileRef = D7EFE451293A4E7900CE9B8D /* MainView (tvOS).swift */; };
		D7F03A6F296071F40026D815 /* KodiSettingsView.swift in Sources */ = {isa = PBXBuildFile; fileRef = D7EFE467293CDDE600CE9B8D /* KodiSettingsView.swift */; };
		D7F03A7A2964635B0026D815 /* StatisticsView.swift in Sources */ = {isa = PBXBuildFile; fileRef = D7F03A782964635B0026D815 /* StatisticsView.swift */; };
		D7FB40BF2A61E8C800C61356 /* KodiSettingsView+Details.swift in Sources */ = {isa = PBXBuildFile; fileRef = D7FB40BE2A61E8C800C61356 /* KodiSettingsView+Details.swift */; };
		D7FB40C02A61E8C800C61356 /* KodiSettingsView+Details.swift in Sources */ = {isa = PBXBuildFile; fileRef = D7FB40BE2A61E8C800C61356 /* KodiSettingsView+Details.swift */; };
/* End PBXBuildFile section */

/* Begin PBXFileReference section */
		D71170B02934E72D0059FCD3 /* TVShowView.swift */ = {isa = PBXFileReference; lastKnownFileType = sourcecode.swift; path = TVShowView.swift; sourceTree = "<group>"; };
		D71170B22934E8570059FCD3 /* MovieView.swift */ = {isa = PBXFileReference; lastKnownFileType = sourcecode.swift; path = MovieView.swift; sourceTree = "<group>"; };
		D71170B6293502E90059FCD3 /* MusicVideosView.swift */ = {isa = PBXFileReference; lastKnownFileType = sourcecode.swift; path = MusicVideosView.swift; sourceTree = "<group>"; };
		D71170B8293503520059FCD3 /* ArtistsView.swift */ = {isa = PBXFileReference; lastKnownFileType = sourcecode.swift; path = ArtistsView.swift; sourceTree = "<group>"; };
		D71170BA293503710059FCD3 /* ArtistView.swift */ = {isa = PBXFileReference; lastKnownFileType = sourcecode.swift; path = ArtistView.swift; sourceTree = "<group>"; };
		D71170BC293503A40059FCD3 /* MusicVideoAlbumView.swift */ = {isa = PBXFileReference; lastKnownFileType = sourcecode.swift; path = MusicVideoAlbumView.swift; sourceTree = "<group>"; };
		D71170BE293503C70059FCD3 /* MusicVideoView.swift */ = {isa = PBXFileReference; lastKnownFileType = sourcecode.swift; path = MusicVideoView.swift; sourceTree = "<group>"; };
		D718206B2A8A5B6D00C5AED6 /* CollectionView.swift */ = {isa = PBXFileReference; lastKnownFileType = sourcecode.swift; path = CollectionView.swift; sourceTree = "<group>"; };
		D718206E2A8A5CC700C5AED6 /* CollectionView+Cell.swift */ = {isa = PBXFileReference; lastKnownFileType = sourcecode.swift; path = "CollectionView+Cell.swift"; sourceTree = "<group>"; };
		D71820772A8BA85A00C5AED6 /* StaticSetting.swift */ = {isa = PBXFileReference; lastKnownFileType = sourcecode.swift; path = StaticSetting.swift; sourceTree = "<group>"; };
		D71BD53429056A5C00037DC9 /* KomodioApp.swift */ = {isa = PBXFileReference; lastKnownFileType = sourcecode.swift; path = KomodioApp.swift; sourceTree = "<group>"; };
		D71BD53629056A5C00037DC9 /* MainView.swift */ = {isa = PBXFileReference; lastKnownFileType = sourcecode.swift; path = MainView.swift; sourceTree = "<group>"; };
		D71BD53829056A5E00037DC9 /* Assets.xcassets */ = {isa = PBXFileReference; lastKnownFileType = folder.assetcatalog; path = Assets.xcassets; sourceTree = "<group>"; };
		D71BD55129056FB500037DC9 /* SceneState.swift */ = {isa = PBXFileReference; lastKnownFileType = sourcecode.swift; path = SceneState.swift; sourceTree = "<group>"; };
		D71BD5532905726A00037DC9 /* MoviesView.swift */ = {isa = PBXFileReference; lastKnownFileType = sourcecode.swift; path = MoviesView.swift; sourceTree = "<group>"; };
		D71BD55529057E6600037DC9 /* DetailView.swift */ = {isa = PBXFileReference; lastKnownFileType = sourcecode.swift; path = DetailView.swift; sourceTree = "<group>"; };
		D71BD55729057F1A00037DC9 /* Buttons.swift */ = {isa = PBXFileReference; lastKnownFileType = sourcecode.swift; path = Buttons.swift; sourceTree = "<group>"; };
		D71BD55929057FE400037DC9 /* MediaItem.swift */ = {isa = PBXFileReference; lastKnownFileType = sourcecode.swift; path = MediaItem.swift; sourceTree = "<group>"; };
		D71BD55D290583F600037DC9 /* TVShowsView.swift */ = {isa = PBXFileReference; lastKnownFileType = sourcecode.swift; path = TVShowsView.swift; sourceTree = "<group>"; };
		D71BD55F2905849A00037DC9 /* ContentView.swift */ = {isa = PBXFileReference; lastKnownFileType = sourcecode.swift; path = ContentView.swift; sourceTree = "<group>"; };
		D71BD561290595FF00037DC9 /* Modifiers.swift */ = {isa = PBXFileReference; lastKnownFileType = sourcecode.swift; path = Modifiers.swift; sourceTree = "<group>"; };
		D71BD56329059B1400037DC9 /* SeasonView+Details.swift */ = {isa = PBXFileReference; lastKnownFileType = sourcecode.swift; path = "SeasonView+Details.swift"; sourceTree = "<group>"; };
		D71BD56529059B6000037DC9 /* EpisodeView.swift */ = {isa = PBXFileReference; lastKnownFileType = sourcecode.swift; path = EpisodeView.swift; sourceTree = "<group>"; };
		D71BD56729059C6D00037DC9 /* SeasonsView.swift */ = {isa = PBXFileReference; lastKnownFileType = sourcecode.swift; path = SeasonsView.swift; sourceTree = "<group>"; };
		D71C89C42A4845750077DB0F /* LabelStyles.swift */ = {isa = PBXFileReference; lastKnownFileType = sourcecode.swift; path = LabelStyles.swift; sourceTree = "<group>"; };
		D71D2FDB2A4ADCC700E6AE5A /* StartView+Details.swift */ = {isa = PBXFileReference; lastKnownFileType = sourcecode.swift; path = "StartView+Details.swift"; sourceTree = "<group>"; };
		D72BF72629D7058600CFA373 /* ContentView+Wrapper.swift */ = {isa = PBXFileReference; lastKnownFileType = sourcecode.swift; path = "ContentView+Wrapper.swift"; sourceTree = "<group>"; };
		D72BF72829D715EE00CFA373 /* Hosts.swift */ = {isa = PBXFileReference; lastKnownFileType = sourcecode.swift; path = Hosts.swift; sourceTree = "<group>"; };
		D72DE7B42955F22500DD0FFB /* SidebarView (tvOS).swift */ = {isa = PBXFileReference; lastKnownFileType = sourcecode.swift; path = "SidebarView (tvOS).swift"; sourceTree = "<group>"; };
		D72DEEFD2A5F24E900EC0B8E /* AVKit.framework */ = {isa = PBXFileReference; lastKnownFileType = wrapper.framework; name = AVKit.framework; path = Platforms/iPhoneOS.platform/Developer/SDKs/iPhoneOS16.4.sdk/System/Library/Frameworks/AVKit.framework; sourceTree = DEVELOPER_DIR; };
		D7325D512906852000D15D79 /* MovieSetView.swift */ = {isa = PBXFileReference; lastKnownFileType = sourcecode.swift; path = MovieSetView.swift; sourceTree = "<group>"; };
		D73BFC702A61B80E006F9846 /* LaunchScreen (iPadOS).storyboard */ = {isa = PBXFileReference; lastKnownFileType = file.storyboard; path = "LaunchScreen (iPadOS).storyboard"; sourceTree = "<group>"; };
		D73FBC702B39D78300259195 /* MacCommands (macOS).swift */ = {isa = PBXFileReference; lastKnownFileType = sourcecode.swift; path = "MacCommands (macOS).swift"; sourceTree = "<group>"; };
		D747E34B2A5EAF4300DF2F54 /* Debug.swift */ = {isa = PBXFileReference; lastKnownFileType = sourcecode.swift; path = Debug.swift; sourceTree = "<group>"; };
		D747E3702A5F1D8800DF2F54 /* Komodio.app */ = {isa = PBXFileReference; explicitFileType = wrapper.application; includeInIndex = 0; path = Komodio.app; sourceTree = BUILT_PRODUCTS_DIR; };
		D747E3782A5F1D8900DF2F54 /* Komodio.entitlements */ = {isa = PBXFileReference; lastKnownFileType = text.plist.entitlements; path = Komodio.entitlements; sourceTree = "<group>"; };
		D747E3C42A5F1FEA00DF2F54 /* Info.plist */ = {isa = PBXFileReference; lastKnownFileType = text.plist.xml; path = Info.plist; sourceTree = "<group>"; };
		D74AA1F02B34B68000741B0D /* StartView.swift */ = {isa = PBXFileReference; lastKnownFileType = sourcecode.swift; path = StartView.swift; sourceTree = "<group>"; };
		D750D00129B50A8900088E0F /* FavouritesView.swift */ = {isa = PBXFileReference; lastKnownFileType = sourcecode.swift; path = FavouritesView.swift; sourceTree = "<group>"; };
		D7592F192B35F71900AB6125 /* ShelfView.swift */ = {isa = PBXFileReference; lastKnownFileType = sourcecode.swift; path = ShelfView.swift; sourceTree = "<group>"; };
		D766F5DE2A46EB10002DDB1C /* Router+Modifiers.swift */ = {isa = PBXFileReference; lastKnownFileType = sourcecode.swift; path = "Router+Modifiers.swift"; sourceTree = "<group>"; };
		D76750DA2969838800A95D52 /* Styles.swift */ = {isa = PBXFileReference; lastKnownFileType = sourcecode.swift; path = Styles.swift; sourceTree = "<group>"; };
		D76BFFD12990F7E7000E8E54 /* LaunchScreen (tvOS).storyboard */ = {isa = PBXFileReference; fileEncoding = 4; lastKnownFileType = file.storyboard; path = "LaunchScreen (tvOS).storyboard"; sourceTree = "<group>"; };
		D76BFFD52993AF08000E8E54 /* PlaylistsView (tvOS).swift */ = {isa = PBXFileReference; lastKnownFileType = sourcecode.swift; path = "PlaylistsView (tvOS).swift"; sourceTree = "<group>"; };
		D76BFFD7299521B0000E8E54 /* Pickers.swift */ = {isa = PBXFileReference; lastKnownFileType = sourcecode.swift; path = Pickers.swift; sourceTree = "<group>"; };
		D770A27229DC00D3005076F5 /* ArtistView+Details.swift */ = {isa = PBXFileReference; lastKnownFileType = sourcecode.swift; path = "ArtistView+Details.swift"; sourceTree = "<group>"; };
		D770A27629DC015A005076F5 /* MusicVideoAlbumView+Details+ListItem.swift */ = {isa = PBXFileReference; lastKnownFileType = sourcecode.swift; path = "MusicVideoAlbumView+Details+ListItem.swift"; sourceTree = "<group>"; };
		D770A27C29DC05AA005076F5 /* MusicVideoView+Details.swift */ = {isa = PBXFileReference; lastKnownFileType = sourcecode.swift; path = "MusicVideoView+Details.swift"; sourceTree = "<group>"; };
		D7721D932A483DE2004D8531 /* ButtonStyles.swift */ = {isa = PBXFileReference; lastKnownFileType = sourcecode.swift; path = ButtonStyles.swift; sourceTree = "<group>"; };
		D779BEAF29882A67009FD90A /* Parts.swift */ = {isa = PBXFileReference; lastKnownFileType = sourcecode.swift; path = Parts.swift; sourceTree = "<group>"; };
		D77B1360296DECBF00ECE2F9 /* KomodioPlayerView.swift */ = {isa = PBXFileReference; lastKnownFileType = sourcecode.swift; path = KomodioPlayerView.swift; sourceTree = "<group>"; };
		D77B1371297561AA00ECE2F9 /* HostItemView.swift */ = {isa = PBXFileReference; lastKnownFileType = sourcecode.swift; path = HostItemView.swift; sourceTree = "<group>"; };
		D78164A82A58A29600AD1BE9 /* SeasonView.swift */ = {isa = PBXFileReference; lastKnownFileType = sourcecode.swift; path = SeasonView.swift; sourceTree = "<group>"; };
		D78164AC2A58A41F00AD1BE9 /* HostItemView+Details.swift */ = {isa = PBXFileReference; lastKnownFileType = sourcecode.swift; path = "HostItemView+Details.swift"; sourceTree = "<group>"; };
		D786DC612A45D0E30086C8FB /* SidebarView.swift */ = {isa = PBXFileReference; lastKnownFileType = sourcecode.swift; path = SidebarView.swift; sourceTree = "<group>"; };
		D786DC992A45D7230086C8FB /* Backport.swift */ = {isa = PBXFileReference; lastKnownFileType = sourcecode.swift; path = Backport.swift; sourceTree = "<group>"; };
		D7A9B7C72A94B591007FD0A3 /* ImmersiveView (visionOS).swift */ = {isa = PBXFileReference; lastKnownFileType = sourcecode.swift; path = "ImmersiveView (visionOS).swift"; sourceTree = "<group>"; };
		D7B49BE12953262A00BBCB80 /* SiriRemoteController (tvOS).swift */ = {isa = PBXFileReference; fileEncoding = 4; lastKnownFileType = sourcecode.swift; path = "SiriRemoteController (tvOS).swift"; sourceTree = "<group>"; };
		D7BA23112A5099D600624D0D /* Router+DestinationView.swift */ = {isa = PBXFileReference; lastKnownFileType = sourcecode.swift; path = "Router+DestinationView.swift"; sourceTree = "<group>"; };
		D7BE6B972B37086D0051CEFD /* SettingsView.swift */ = {isa = PBXFileReference; lastKnownFileType = sourcecode.swift; path = SettingsView.swift; sourceTree = "<group>"; };
		D7BE786E2A8CC54800F16E21 /* KodiCell.swift */ = {isa = PBXFileReference; lastKnownFileType = sourcecode.swift; path = KodiCell.swift; sourceTree = "<group>"; };
		D7C65F862A5AA46E00A0C0CD /* MusicVideoAlbumView+Details.swift */ = {isa = PBXFileReference; lastKnownFileType = sourcecode.swift; path = "MusicVideoAlbumView+Details.swift"; sourceTree = "<group>"; };
		D7D000F929D1FED3007973C0 /* DetailView+Wrapper.swift */ = {isa = PBXFileReference; lastKnownFileType = sourcecode.swift; path = "DetailView+Wrapper.swift"; sourceTree = "<group>"; };
		D7E7262D29DB705100CEC57E /* MovieSetView+Details.swift */ = {isa = PBXFileReference; lastKnownFileType = sourcecode.swift; path = "MovieSetView+Details.swift"; sourceTree = "<group>"; };
		D7E7263329DB722200CEC57E /* MovieView+Details.swift */ = {isa = PBXFileReference; lastKnownFileType = sourcecode.swift; path = "MovieView+Details.swift"; sourceTree = "<group>"; };
		D7E7263929DB751500CEC57E /* TVShowView+Details.swift */ = {isa = PBXFileReference; lastKnownFileType = sourcecode.swift; path = "TVShowView+Details.swift"; sourceTree = "<group>"; };
		D7E7263F29DB76FD00CEC57E /* SeasonView+Details+ListItem.swift */ = {isa = PBXFileReference; lastKnownFileType = sourcecode.swift; path = "SeasonView+Details+ListItem.swift"; sourceTree = "<group>"; };
		D7E7264529DB78A600CEC57E /* EpisodeView+Details.swift */ = {isa = PBXFileReference; lastKnownFileType = sourcecode.swift; path = "EpisodeView+Details.swift"; sourceTree = "<group>"; };
		D7EFE44D293A4E7900CE9B8D /* KomodioTV.app */ = {isa = PBXFileReference; explicitFileType = wrapper.application; includeInIndex = 0; path = KomodioTV.app; sourceTree = BUILT_PRODUCTS_DIR; };
		D7EFE451293A4E7900CE9B8D /* MainView (tvOS).swift */ = {isa = PBXFileReference; lastKnownFileType = sourcecode.swift; path = "MainView (tvOS).swift"; sourceTree = "<group>"; };
		D7EFE45B293A525800CE9B8D /* SearchView.swift */ = {isa = PBXFileReference; lastKnownFileType = sourcecode.swift; path = SearchView.swift; sourceTree = "<group>"; };
		D7EFE45D293A59AC00CE9B8D /* PartsView.swift */ = {isa = PBXFileReference; lastKnownFileType = sourcecode.swift; path = PartsView.swift; sourceTree = "<group>"; };
		D7EFE462293B6B9100CE9B8D /* UpNextView.swift */ = {isa = PBXFileReference; lastKnownFileType = sourcecode.swift; path = UpNextView.swift; sourceTree = "<group>"; };
		D7EFE467293CDDE600CE9B8D /* KodiSettingsView.swift */ = {isa = PBXFileReference; lastKnownFileType = sourcecode.swift; path = KodiSettingsView.swift; sourceTree = "<group>"; };
		D7F03A782964635B0026D815 /* StatisticsView.swift */ = {isa = PBXFileReference; lastKnownFileType = sourcecode.swift; path = StatisticsView.swift; sourceTree = "<group>"; };
		D7F03A8029685E2D0026D815 /* Komodio.plist */ = {isa = PBXFileReference; lastKnownFileType = text.plist.xml; path = Komodio.plist; sourceTree = "<group>"; };
		D7FB40BE2A61E8C800C61356 /* KodiSettingsView+Details.swift */ = {isa = PBXFileReference; lastKnownFileType = sourcecode.swift; path = "KodiSettingsView+Details.swift"; sourceTree = "<group>"; };
/* End PBXFileReference section */

/* Begin PBXFrameworksBuildPhase section */
		D747E36D2A5F1D8800DF2F54 /* Frameworks */ = {
			isa = PBXFrameworksBuildPhase;
			buildActionMask = 2147483647;
			files = (
				D78486932B2C890300517EFC /* SwiftlyRotatingView in Frameworks */,
				D72DEEFE2A5F24E900EC0B8E /* AVKit.framework in Frameworks */,
				D747E3C32A5F1EA100DF2F54 /* SwiftlyKodiAPI in Frameworks */,
			);
			runOnlyForDeploymentPostprocessing = 0;
		};
		D7EFE44A293A4E7900CE9B8D /* Frameworks */ = {
			isa = PBXFrameworksBuildPhase;
			buildActionMask = 2147483647;
			files = (
				D78486952B2C891100517EFC /* SwiftlyRotatingView in Frameworks */,
				D785A19A294B63D900530F62 /* SwiftlyKodiAPI in Frameworks */,
			);
			runOnlyForDeploymentPostprocessing = 0;
		};
/* End PBXFrameworksBuildPhase section */

/* Begin PBXGroup section */
		D71170AE2934E6AF0059FCD3 /* Movies */ = {
			isa = PBXGroup;
			children = (
				D71BD5532905726A00037DC9 /* MoviesView.swift */,
				D71170B22934E8570059FCD3 /* MovieView.swift */,
				D7E7263329DB722200CEC57E /* MovieView+Details.swift */,
				D7325D512906852000D15D79 /* MovieSetView.swift */,
				D7E7262D29DB705100CEC57E /* MovieSetView+Details.swift */,
			);
			path = Movies;
			sourceTree = "<group>";
		};
		D71170AF2934E6CB0059FCD3 /* TVShows */ = {
			isa = PBXGroup;
			children = (
				D71BD55D290583F600037DC9 /* TVShowsView.swift */,
				D71170B02934E72D0059FCD3 /* TVShowView.swift */,
				D7E7263929DB751500CEC57E /* TVShowView+Details.swift */,
				D71BD56729059C6D00037DC9 /* SeasonsView.swift */,
				D78164A82A58A29600AD1BE9 /* SeasonView.swift */,
				D71BD56329059B1400037DC9 /* SeasonView+Details.swift */,
				D7E7263F29DB76FD00CEC57E /* SeasonView+Details+ListItem.swift */,
				D71BD56529059B6000037DC9 /* EpisodeView.swift */,
				D7E7264529DB78A600CEC57E /* EpisodeView+Details.swift */,
				D7EFE462293B6B9100CE9B8D /* UpNextView.swift */,
			);
			path = TVShows;
			sourceTree = "<group>";
		};
		D71170B5293502D00059FCD3 /* MusicVideos */ = {
			isa = PBXGroup;
			children = (
				D71170B8293503520059FCD3 /* ArtistsView.swift */,
				D71170BA293503710059FCD3 /* ArtistView.swift */,
				D770A27229DC00D3005076F5 /* ArtistView+Details.swift */,
				D71170B6293502E90059FCD3 /* MusicVideosView.swift */,
				D71170BC293503A40059FCD3 /* MusicVideoAlbumView.swift */,
				D7C65F862A5AA46E00A0C0CD /* MusicVideoAlbumView+Details.swift */,
				D770A27629DC015A005076F5 /* MusicVideoAlbumView+Details+ListItem.swift */,
				D71170BE293503C70059FCD3 /* MusicVideoView.swift */,
				D770A27C29DC05AA005076F5 /* MusicVideoView+Details.swift */,
			);
			path = MusicVideos;
			sourceTree = "<group>";
		};
		D71BD52829056A5C00037DC9 = {
			isa = PBXGroup;
			children = (
				D71BD53329056A5C00037DC9 /* Komodio */,
				D71BD53229056A5C00037DC9 /* Products */,
				D785A198294B63D900530F62 /* Frameworks */,
			);
			sourceTree = "<group>";
		};
		D71BD53229056A5C00037DC9 /* Products */ = {
			isa = PBXGroup;
			children = (
				D7EFE44D293A4E7900CE9B8D /* KomodioTV.app */,
				D747E3702A5F1D8800DF2F54 /* Komodio.app */,
			);
			name = Products;
			sourceTree = "<group>";
		};
		D71BD53329056A5C00037DC9 /* Komodio */ = {
			isa = PBXGroup;
			children = (
				D75C3F60294DCCB2002BC065 /* Shared */,
				D7592F162B35CE1500AB6125 /* macOS */,
				D7EFE44E293A4E7900CE9B8D /* tvOS */,
				D7B2F7E52B386E2900A6211B /* visionOS */,
				D73BFC6F2A61B7B3006F9846 /* LaunchScreens */,
			);
			path = Komodio;
			sourceTree = "<group>";
		};
		D72DE7B32955F21200DD0FFB /* Views */ = {
			isa = PBXGroup;
			children = (
				D7EFE451293A4E7900CE9B8D /* MainView (tvOS).swift */,
				D72DE7B42955F22500DD0FFB /* SidebarView (tvOS).swift */,
				D76BFFD52993AF08000E8E54 /* PlaylistsView (tvOS).swift */,
			);
			path = Views;
			sourceTree = "<group>";
		};
		D72DE7B62955F27300DD0FFB /* General */ = {
			isa = PBXGroup;
			children = (
				D7B49BE12953262A00BBCB80 /* SiriRemoteController (tvOS).swift */,
			);
			path = General;
			sourceTree = "<group>";
		};
		D73BFC6F2A61B7B3006F9846 /* LaunchScreens */ = {
			isa = PBXGroup;
			children = (
				D76BFFD12990F7E7000E8E54 /* LaunchScreen (tvOS).storyboard */,
				D73BFC702A61B80E006F9846 /* LaunchScreen (iPadOS).storyboard */,
			);
			path = LaunchScreens;
			sourceTree = "<group>";
		};
		D74A75D72A51852700A820F6 /* Router */ = {
			isa = PBXGroup;
			children = (
				D7BA23112A5099D600624D0D /* Router+DestinationView.swift */,
				D766F5DE2A46EB10002DDB1C /* Router+Modifiers.swift */,
			);
			path = Router;
			sourceTree = "<group>";
		};
		D7592F162B35CE1500AB6125 /* macOS */ = {
			isa = PBXGroup;
			children = (
				D73FBC702B39D78300259195 /* MacCommands (macOS).swift */,
			);
			path = macOS;
			sourceTree = "<group>";
		};
		D75C3F60294DCCB2002BC065 /* Shared */ = {
			isa = PBXGroup;
			children = (
				D75C3F61294DCCC8002BC065 /* General */,
				D74A75D72A51852700A820F6 /* Router */,
				D75C3F66294DD454002BC065 /* Views */,
				D7721D922A483D88004D8531 /* Styles */,
				D71BD53429056A5C00037DC9 /* KomodioApp.swift */,
				D747E3C42A5F1FEA00DF2F54 /* Info.plist */,
				D747E3782A5F1D8900DF2F54 /* Komodio.entitlements */,
			);
			path = Shared;
			sourceTree = "<group>";
		};
		D75C3F61294DCCC8002BC065 /* General */ = {
			isa = PBXGroup;
			children = (
				D71BD55129056FB500037DC9 /* SceneState.swift */,
				D71BD55929057FE400037DC9 /* MediaItem.swift */,
				D72BF72829D715EE00CFA373 /* Hosts.swift */,
				D779BEAF29882A67009FD90A /* Parts.swift */,
				D786DC992A45D7230086C8FB /* Backport.swift */,
				D747E34B2A5EAF4300DF2F54 /* Debug.swift */,
				D71820772A8BA85A00C5AED6 /* StaticSetting.swift */,
				D7BE786E2A8CC54800F16E21 /* KodiCell.swift */,
				D71BD53829056A5E00037DC9 /* Assets.xcassets */,
			);
			path = General;
			sourceTree = "<group>";
		};
		D75C3F66294DD454002BC065 /* Views */ = {
			isa = PBXGroup;
			children = (
				D71170AE2934E6AF0059FCD3 /* Movies */,
				D71170AF2934E6CB0059FCD3 /* TVShows */,
				D71170B5293502D00059FCD3 /* MusicVideos */,
				D71BD53629056A5C00037DC9 /* MainView.swift */,
				D786DC612A45D0E30086C8FB /* SidebarView.swift */,
				D71BD55F2905849A00037DC9 /* ContentView.swift */,
				D72BF72629D7058600CFA373 /* ContentView+Wrapper.swift */,
				D718206B2A8A5B6D00C5AED6 /* CollectionView.swift */,
				D718206E2A8A5CC700C5AED6 /* CollectionView+Cell.swift */,
				D71BD55529057E6600037DC9 /* DetailView.swift */,
				D7D000F929D1FED3007973C0 /* DetailView+Wrapper.swift */,
				D74AA1F02B34B68000741B0D /* StartView.swift */,
				D7592F192B35F71900AB6125 /* ShelfView.swift */,
				D7BE6B972B37086D0051CEFD /* SettingsView.swift */,
				D71D2FDB2A4ADCC700E6AE5A /* StartView+Details.swift */,
				D7EFE467293CDDE600CE9B8D /* KodiSettingsView.swift */,
				D7FB40BE2A61E8C800C61356 /* KodiSettingsView+Details.swift */,
				D77B1371297561AA00ECE2F9 /* HostItemView.swift */,
				D78164AC2A58A41F00AD1BE9 /* HostItemView+Details.swift */,
				D7F03A782964635B0026D815 /* StatisticsView.swift */,
				D750D00129B50A8900088E0F /* FavouritesView.swift */,
				D7EFE45B293A525800CE9B8D /* SearchView.swift */,
				D77B1360296DECBF00ECE2F9 /* KomodioPlayerView.swift */,
				D7EFE45D293A59AC00CE9B8D /* PartsView.swift */,
				D71BD55729057F1A00037DC9 /* Buttons.swift */,
				D76BFFD7299521B0000E8E54 /* Pickers.swift */,
				D71BD561290595FF00037DC9 /* Modifiers.swift */,
			);
			path = Views;
			sourceTree = "<group>";
		};
		D7721D922A483D88004D8531 /* Styles */ = {
			isa = PBXGroup;
			children = (
				D76750DA2969838800A95D52 /* Styles.swift */,
				D7721D932A483DE2004D8531 /* ButtonStyles.swift */,
				D71C89C42A4845750077DB0F /* LabelStyles.swift */,
			);
			path = Styles;
			sourceTree = "<group>";
		};
		D785A198294B63D900530F62 /* Frameworks */ = {
			isa = PBXGroup;
			children = (
				D72DEEFD2A5F24E900EC0B8E /* AVKit.framework */,
			);
			name = Frameworks;
			sourceTree = "<group>";
		};
		D7B2F7E52B386E2900A6211B /* visionOS */ = {
			isa = PBXGroup;
			children = (
				D7A9B7C72A94B591007FD0A3 /* ImmersiveView (visionOS).swift */,
			);
			path = visionOS;
			sourceTree = "<group>";
		};
		D7EFE44E293A4E7900CE9B8D /* tvOS */ = {
			isa = PBXGroup;
			children = (
				D72DE7B62955F27300DD0FFB /* General */,
				D72DE7B32955F21200DD0FFB /* Views */,
				D7F03A8029685E2D0026D815 /* Komodio.plist */,
			);
			path = tvOS;
			sourceTree = "<group>";
		};
/* End PBXGroup section */

/* Begin PBXNativeTarget section */
		D747E36F2A5F1D8800DF2F54 /* Komodio */ = {
			isa = PBXNativeTarget;
			buildConfigurationList = D747E37E2A5F1D8900DF2F54 /* Build configuration list for PBXNativeTarget "Komodio" */;
			buildPhases = (
				D747E36C2A5F1D8800DF2F54 /* Sources */,
				D747E36D2A5F1D8800DF2F54 /* Frameworks */,
				D747E36E2A5F1D8800DF2F54 /* Resources */,
				D72DEEFF2A5F25D100EC0B8E /* SwiftLint */,
				D7FB40C42A61F9DB00C61356 /* Set Build Number */,
			);
			buildRules = (
			);
			dependencies = (
			);
			name = Komodio;
			packageProductDependencies = (
				D747E3C22A5F1EA100DF2F54 /* SwiftlyKodiAPI */,
				D78486922B2C890300517EFC /* SwiftlyRotatingView */,
			);
			productName = KomodioMulti;
			productReference = D747E3702A5F1D8800DF2F54 /* Komodio.app */;
			productType = "com.apple.product-type.application";
		};
		D7EFE44C293A4E7900CE9B8D /* KomodioTV */ = {
			isa = PBXNativeTarget;
			buildConfigurationList = D7EFE45A293A4E7900CE9B8D /* Build configuration list for PBXNativeTarget "KomodioTV" */;
			buildPhases = (
				D7EFE449293A4E7900CE9B8D /* Sources */,
				D7EFE44A293A4E7900CE9B8D /* Frameworks */,
				D7EFE44B293A4E7900CE9B8D /* Resources */,
				D72DE7B72955F29600DD0FFB /* SwiftLint */,
				D7FB40C52A61FD4F00C61356 /* Set Build Number */,
			);
			buildRules = (
			);
			dependencies = (
			);
			name = KomodioTV;
			packageProductDependencies = (
				D785A199294B63D900530F62 /* SwiftlyKodiAPI */,
				D78486942B2C891100517EFC /* SwiftlyRotatingView */,
			);
			productName = KomodioTV;
			productReference = D7EFE44D293A4E7900CE9B8D /* KomodioTV.app */;
			productType = "com.apple.product-type.application";
		};
/* End PBXNativeTarget section */

/* Begin PBXProject section */
		D71BD52929056A5C00037DC9 /* Project object */ = {
			isa = PBXProject;
			attributes = {
				BuildIndependentTargetsInParallel = 1;
				LastSwiftUpdateCheck = 1430;
				LastUpgradeCheck = 1520;
				TargetAttributes = {
					D747E36F2A5F1D8800DF2F54 = {
						CreatedOnToolsVersion = 14.3.1;
					};
					D7EFE44C293A4E7900CE9B8D = {
						CreatedOnToolsVersion = 14.1;
					};
				};
			};
			buildConfigurationList = D71BD52C29056A5C00037DC9 /* Build configuration list for PBXProject "Komodio" */;
			compatibilityVersion = "Xcode 14.0";
			developmentRegion = en;
			hasScannedForEncodings = 0;
			knownRegions = (
				en,
				Base,
			);
			mainGroup = D71BD52829056A5C00037DC9;
			packageReferences = (
				D71BD54329056AD800037DC9 /* XCRemoteSwiftPackageReference "SwiftlyKodiAPI" */,
				D78486912B2C890300517EFC /* XCRemoteSwiftPackageReference "SwiftlyRotatingView" */,
			);
			productRefGroup = D71BD53229056A5C00037DC9 /* Products */;
			projectDirPath = "";
			projectRoot = "";
			targets = (
				D747E36F2A5F1D8800DF2F54 /* Komodio */,
				D7EFE44C293A4E7900CE9B8D /* KomodioTV */,
			);
		};
/* End PBXProject section */

/* Begin PBXResourcesBuildPhase section */
		D747E36E2A5F1D8800DF2F54 /* Resources */ = {
			isa = PBXResourcesBuildPhase;
			buildActionMask = 2147483647;
			files = (
				D747E3832A5F1DF400DF2F54 /* Assets.xcassets in Resources */,
				D73BFC712A61B80E006F9846 /* LaunchScreen (iPadOS).storyboard in Resources */,
			);
			runOnlyForDeploymentPostprocessing = 0;
		};
		D7EFE44B293A4E7900CE9B8D /* Resources */ = {
			isa = PBXResourcesBuildPhase;
			buildActionMask = 2147483647;
			files = (
				D76BFFD32990F7E7000E8E54 /* LaunchScreen (tvOS).storyboard in Resources */,
				D75C3F64294DCFE2002BC065 /* Assets.xcassets in Resources */,
			);
			runOnlyForDeploymentPostprocessing = 0;
		};
/* End PBXResourcesBuildPhase section */

/* Begin PBXShellScriptBuildPhase section */
		D72DE7B72955F29600DD0FFB /* SwiftLint */ = {
			isa = PBXShellScriptBuildPhase;
			alwaysOutOfDate = 1;
			buildActionMask = 2147483647;
			files = (
			);
			inputFileListPaths = (
			);
			inputPaths = (
			);
			name = SwiftLint;
			outputFileListPaths = (
			);
			outputPaths = (
			);
			runOnlyForDeploymentPostprocessing = 0;
			shellPath = /bin/sh;
			shellScript = "if which /opt/homebrew/bin/swiftlint >/dev/null; then\n  /opt/homebrew/bin/swiftlint --no-cache\nelse\n  echo \"warning: SwiftLint not installed, download from https://github.com/realm/SwiftLint\"\nfi\n";
		};
		D72DEEFF2A5F25D100EC0B8E /* SwiftLint */ = {
			isa = PBXShellScriptBuildPhase;
			alwaysOutOfDate = 1;
			buildActionMask = 2147483647;
			files = (
			);
			inputFileListPaths = (
			);
			inputPaths = (
			);
			name = SwiftLint;
			outputFileListPaths = (
			);
			outputPaths = (
			);
			runOnlyForDeploymentPostprocessing = 0;
			shellPath = /bin/sh;
			shellScript = "if which /opt/homebrew/bin/swiftlint >/dev/null; then\n  /opt/homebrew/bin/swiftlint --no-cache\nelse\n  echo \"warning: SwiftLint not installed, download from https://github.com/realm/SwiftLint\"\nfi\n";
		};
		D7FB40C42A61F9DB00C61356 /* Set Build Number */ = {
			isa = PBXShellScriptBuildPhase;
			alwaysOutOfDate = 1;
			buildActionMask = 12;
			files = (
			);
			inputFileListPaths = (
			);
			inputPaths = (
			);
			name = "Set Build Number";
			outputFileListPaths = (
			);
			outputPaths = (
			);
			runOnlyForDeploymentPostprocessing = 0;
			shellPath = /bin/sh;
			shellScript = "# Type a script or drag a script file from your workspace to insert its path.\n#git=$(sh /etc/profile; which git)\n#number_of_commits=$(\"$git\" rev-list HEAD --count)\n#git_release_version=$(\"$git\" describe --tags --always --abbrev=0)\n\n#cd \"${PROJECT_DIR}\" ; agvtool new-version ${number_of_commits}\n";
		};
		D7FB40C52A61FD4F00C61356 /* Set Build Number */ = {
			isa = PBXShellScriptBuildPhase;
			alwaysOutOfDate = 1;
			buildActionMask = 2147483647;
			files = (
			);
			inputFileListPaths = (
			);
			inputPaths = (
			);
			name = "Set Build Number";
			outputFileListPaths = (
			);
			outputPaths = (
			);
			runOnlyForDeploymentPostprocessing = 0;
			shellPath = /bin/sh;
			shellScript = "# Type a script or drag a script file from your workspace to insert its path.\n\n";
		};
/* End PBXShellScriptBuildPhase section */

/* Begin PBXSourcesBuildPhase section */
		D747E36C2A5F1D8800DF2F54 /* Sources */ = {
			isa = PBXSourcesBuildPhase;
			buildActionMask = 2147483647;
			files = (
				D747E3B72A5F1E1E00DF2F54 /* MusicVideoAlbumView.swift in Sources */,
				D718206F2A8A5CC700C5AED6 /* CollectionView+Cell.swift in Sources */,
				D747E39E2A5F1E0D00DF2F54 /* SeasonView+Details+ListItem.swift in Sources */,
				D747E3A12A5F1E1700DF2F54 /* MainView.swift in Sources */,
				D73FBC712B39D78300259195 /* MacCommands (macOS).swift in Sources */,
				D747E39B2A5F1E0D00DF2F54 /* EpisodeView+Details.swift in Sources */,
				D747E3922A5F1E0D00DF2F54 /* TVShowView+Details.swift in Sources */,
				D747E3952A5F1E0D00DF2F54 /* UpNextView.swift in Sources */,
				D747E3892A5F1DF900DF2F54 /* Router+DestinationView.swift in Sources */,
				D747E3BC2A5F1E1E00DF2F54 /* MusicVideoView+Details.swift in Sources */,
				D747E3B12A5F1E1700DF2F54 /* SearchView.swift in Sources */,
				D747E3B82A5F1E1E00DF2F54 /* ArtistView.swift in Sources */,
				D747E3A82A5F1E1700DF2F54 /* Modifiers.swift in Sources */,
				D747E3B92A5F1E1E00DF2F54 /* MusicVideoAlbumView+Details+ListItem.swift in Sources */,
				D747E3912A5F1E0600DF2F54 /* MovieView.swift in Sources */,
				D747E3AF2A5F1E1700DF2F54 /* HostItemView.swift in Sources */,
				D747E3902A5F1E0600DF2F54 /* MoviesView.swift in Sources */,
				D7A9B7C82A94B591007FD0A3 /* ImmersiveView (visionOS).swift in Sources */,
				D747E3AC2A5F1E1700DF2F54 /* KodiSettingsView.swift in Sources */,
				D747E39C2A5F1E0D00DF2F54 /* TVShowsView.swift in Sources */,
				D747E38D2A5F1E0600DF2F54 /* MovieSetView.swift in Sources */,
				D747E3AB2A5F1E1700DF2F54 /* FavouritesView.swift in Sources */,
				D747E3A32A5F1E1700DF2F54 /* Pickers.swift in Sources */,
				D74AA1F12B34B68000741B0D /* StartView.swift in Sources */,
				D747E3A22A5F1E1700DF2F54 /* Buttons.swift in Sources */,
				D718206C2A8A5B6D00C5AED6 /* CollectionView.swift in Sources */,
				D7BE6B982B37086D0051CEFD /* SettingsView.swift in Sources */,
				D747E3BA2A5F1E1E00DF2F54 /* ArtistsView.swift in Sources */,
				D747E3B52A5F1E1E00DF2F54 /* MusicVideosView.swift in Sources */,
				D747E37F2A5F1DF400DF2F54 /* MediaItem.swift in Sources */,
				D747E3862A5F1DF400DF2F54 /* SceneState.swift in Sources */,
				D747E3A52A5F1E1700DF2F54 /* StatisticsView.swift in Sources */,
				D747E3B42A5F1E1E00DF2F54 /* MusicVideoAlbumView+Details.swift in Sources */,
				D747E3AD2A5F1E1700DF2F54 /* DetailView.swift in Sources */,
				D747E3982A5F1E0D00DF2F54 /* SeasonView+Details.swift in Sources */,
				D747E39F2A5F1E1700DF2F54 /* PartsView.swift in Sources */,
				D747E3A42A5F1E1700DF2F54 /* ContentView.swift in Sources */,
				D747E3802A5F1DF400DF2F54 /* Hosts.swift in Sources */,
				D747E39A2A5F1E0D00DF2F54 /* SeasonView.swift in Sources */,
				D747E38A2A5F1DF900DF2F54 /* Router+Modifiers.swift in Sources */,
				D747E3BD2A5F1E2600DF2F54 /* Styles.swift in Sources */,
				D747E3A92A5F1E1700DF2F54 /* SidebarView.swift in Sources */,
				D747E3B22A5F1E1E00DF2F54 /* ArtistView+Details.swift in Sources */,
				D747E3A02A5F1E1700DF2F54 /* ContentView+Wrapper.swift in Sources */,
				D747E3822A5F1DF400DF2F54 /* Parts.swift in Sources */,
				D747E3A72A5F1E1700DF2F54 /* DetailView+Wrapper.swift in Sources */,
				D747E3BB2A5F1E1E00DF2F54 /* MusicVideoView.swift in Sources */,
				D747E3962A5F1E0D00DF2F54 /* EpisodeView.swift in Sources */,
				D747E3BF2A5F1E2600DF2F54 /* ButtonStyles.swift in Sources */,
				D747E3A62A5F1E1700DF2F54 /* KomodioPlayerView.swift in Sources */,
				D747E3842A5F1DF400DF2F54 /* Debug.swift in Sources */,
				D747E38E2A5F1E0600DF2F54 /* MovieSetView+Details.swift in Sources */,
				D7FB40BF2A61E8C800C61356 /* KodiSettingsView+Details.swift in Sources */,
				D747E3B02A5F1E1700DF2F54 /* HostItemView+Details.swift in Sources */,
				D747E3932A5F1E0D00DF2F54 /* SeasonsView.swift in Sources */,
				D7592F1A2B35F71900AB6125 /* ShelfView.swift in Sources */,
				D747E3972A5F1E0D00DF2F54 /* TVShowView.swift in Sources */,
				D747E38C2A5F1E0600DF2F54 /* MovieView+Details.swift in Sources */,
				D747E3BE2A5F1E2600DF2F54 /* LabelStyles.swift in Sources */,
				D71820782A8BA85A00C5AED6 /* StaticSetting.swift in Sources */,
				D747E3AE2A5F1E1700DF2F54 /* StartView+Details.swift in Sources */,
				D747E3812A5F1DF400DF2F54 /* Backport.swift in Sources */,
				D747E3C02A5F1E2600DF2F54 /* KomodioApp.swift in Sources */,
				D7BE786F2A8CC54800F16E21 /* KodiCell.swift in Sources */,
			);
			runOnlyForDeploymentPostprocessing = 0;
		};
		D7EFE449293A4E7900CE9B8D /* Sources */ = {
			isa = PBXSourcesBuildPhase;
			buildActionMask = 2147483647;
			files = (
				D71820702A8A5CC700C5AED6 /* CollectionView+Cell.swift in Sources */,
				D779BEB129882A67009FD90A /* Parts.swift in Sources */,
				D71C89C62A4845750077DB0F /* LabelStyles.swift in Sources */,
				D75C3F6D294DDD4D002BC065 /* UpNextView.swift in Sources */,
				D75C3F69294DDD3F002BC065 /* TVShowView.swift in Sources */,
				D7BA23132A5099D600624D0D /* Router+DestinationView.swift in Sources */,
				D7721D952A483DE2004D8531 /* ButtonStyles.swift in Sources */,
				D7E7264729DB78A600CEC57E /* EpisodeView+Details.swift in Sources */,
				D785A1A9294B7FA000530F62 /* Buttons.swift in Sources */,
				D7B49BE22953262A00BBCB80 /* SiriRemoteController (tvOS).swift in Sources */,
				D75C3F68294DDD3B002BC065 /* TVShowsView.swift in Sources */,
				D71D2FDD2A4ADCC700E6AE5A /* StartView+Details.swift in Sources */,
				D76BFFD9299521B0000E8E54 /* Pickers.swift in Sources */,
				D770A27E29DC05AA005076F5 /* MusicVideoView+Details.swift in Sources */,
				D718206D2A8A5B6D00C5AED6 /* CollectionView.swift in Sources */,
				D770A27829DC015A005076F5 /* MusicVideoAlbumView+Details+ListItem.swift in Sources */,
				D75C3F72294DED9D002BC065 /* MusicVideoView.swift in Sources */,
				D72BF72A29D715EE00CFA373 /* Hosts.swift in Sources */,
				D72BF72729D7058600CFA373 /* ContentView+Wrapper.swift in Sources */,
				D785A1A0294B653C00530F62 /* PartsView.swift in Sources */,
				D7C65F882A5AA46E00A0C0CD /* MusicVideoAlbumView+Details.swift in Sources */,
				D75C3F6B294DDD46002BC065 /* SeasonView+Details.swift in Sources */,
				D786DC9B2A45D7230086C8FB /* Backport.swift in Sources */,
				D7E7264129DB76FD00CEC57E /* SeasonView+Details+ListItem.swift in Sources */,
				D7BE6B992B3709570051CEFD /* SettingsView.swift in Sources */,
				D75C3F6F294DED93002BC065 /* MusicVideosView.swift in Sources */,
				D7D000FB29D1FED3007973C0 /* DetailView+Wrapper.swift in Sources */,
				D76750DC2969838800A95D52 /* Styles.swift in Sources */,
				D785A1A4294B668C00530F62 /* Modifiers.swift in Sources */,
				D715FC272A49D24900CC9699 /* KomodioApp.swift in Sources */,
				D75C3F6E294DED8F002BC065 /* ArtistsView.swift in Sources */,
				D7EFE452293A4E7900CE9B8D /* MainView (tvOS).swift in Sources */,
				D785A1A3294B665F00530F62 /* MovieSetView.swift in Sources */,
				D71820792A8BA85A00C5AED6 /* StaticSetting.swift in Sources */,
				D7269CC72A475A2100CFBFE9 /* ContentView.swift in Sources */,
				D785A19D294B640300530F62 /* SceneState.swift in Sources */,
				D76BFFD62993AF08000E8E54 /* PlaylistsView (tvOS).swift in Sources */,
				D7E7263529DB722200CEC57E /* MovieView+Details.swift in Sources */,
				D785A1A7294B7F3A00530F62 /* DetailView.swift in Sources */,
				D7BE78702A8CC54800F16E21 /* KodiCell.swift in Sources */,
				D78164AA2A58A29600AD1BE9 /* SeasonView.swift in Sources */,
				D75C3F6C294DDD49002BC065 /* EpisodeView.swift in Sources */,
				D785A1A8294B7F8E00530F62 /* MovieView.swift in Sources */,
				D7F03A6F296071F40026D815 /* KodiSettingsView.swift in Sources */,
				D7E7262F29DB705100CEC57E /* MovieSetView+Details.swift in Sources */,
				D770A27429DC00D3005076F5 /* ArtistView+Details.swift in Sources */,
				D77B1362296DECBF00ECE2F9 /* KomodioPlayerView.swift in Sources */,
				D75C3F71294DED9A002BC065 /* MusicVideoAlbumView.swift in Sources */,
				D7F03A7A2964635B0026D815 /* StatisticsView.swift in Sources */,
				D7BE78712A8D39FB00F16E21 /* SearchView.swift in Sources */,
				D75C3F70294DED96002BC065 /* ArtistView.swift in Sources */,
				D74AA1F22B34B68000741B0D /* StartView.swift in Sources */,
				D785A19F294B652100530F62 /* MoviesView.swift in Sources */,
				D750D00329B50A8900088E0F /* FavouritesView.swift in Sources */,
				D747E34D2A5EAF4300DF2F54 /* Debug.swift in Sources */,
				D7592F1B2B35F71900AB6125 /* ShelfView.swift in Sources */,
				D7FB40C02A61E8C800C61356 /* KodiSettingsView+Details.swift in Sources */,
				D72DE7B52955F22500DD0FFB /* SidebarView (tvOS).swift in Sources */,
				D78164AE2A58A41F00AD1BE9 /* HostItemView+Details.swift in Sources */,
				D766F5E02A46EB10002DDB1C /* Router+Modifiers.swift in Sources */,
				D77B1373297561AA00ECE2F9 /* HostItemView.swift in Sources */,
				D785A19E294B640800530F62 /* MediaItem.swift in Sources */,
				D7E7263B29DB751500CEC57E /* TVShowView+Details.swift in Sources */,
				D75C3F6A294DDD42002BC065 /* SeasonsView.swift in Sources */,
			);
			runOnlyForDeploymentPostprocessing = 0;
		};
/* End PBXSourcesBuildPhase section */

/* Begin XCBuildConfiguration section */
		D71BD53E29056A5E00037DC9 /* Debug */ = {
			isa = XCBuildConfiguration;
			buildSettings = {
				ALWAYS_SEARCH_USER_PATHS = NO;
				ASSETCATALOG_COMPILER_GENERATE_SWIFT_ASSET_SYMBOL_EXTENSIONS = YES;
				CLANG_ANALYZER_NONNULL = YES;
				CLANG_ANALYZER_NUMBER_OBJECT_CONVERSION = YES_AGGRESSIVE;
				CLANG_CXX_LANGUAGE_STANDARD = "gnu++20";
				CLANG_ENABLE_MODULES = YES;
				CLANG_ENABLE_OBJC_ARC = YES;
				CLANG_ENABLE_OBJC_WEAK = YES;
				CLANG_WARN_BLOCK_CAPTURE_AUTORELEASING = YES;
				CLANG_WARN_BOOL_CONVERSION = YES;
				CLANG_WARN_COMMA = YES;
				CLANG_WARN_CONSTANT_CONVERSION = YES;
				CLANG_WARN_DEPRECATED_OBJC_IMPLEMENTATIONS = YES;
				CLANG_WARN_DIRECT_OBJC_ISA_USAGE = YES_ERROR;
				CLANG_WARN_DOCUMENTATION_COMMENTS = YES;
				CLANG_WARN_EMPTY_BODY = YES;
				CLANG_WARN_ENUM_CONVERSION = YES;
				CLANG_WARN_INFINITE_RECURSION = YES;
				CLANG_WARN_INT_CONVERSION = YES;
				CLANG_WARN_NON_LITERAL_NULL_CONVERSION = YES;
				CLANG_WARN_OBJC_IMPLICIT_RETAIN_SELF = YES;
				CLANG_WARN_OBJC_LITERAL_CONVERSION = YES;
				CLANG_WARN_OBJC_ROOT_CLASS = YES_ERROR;
				CLANG_WARN_QUOTED_INCLUDE_IN_FRAMEWORK_HEADER = YES;
				CLANG_WARN_RANGE_LOOP_ANALYSIS = YES;
				CLANG_WARN_STRICT_PROTOTYPES = YES;
				CLANG_WARN_SUSPICIOUS_MOVE = YES;
				CLANG_WARN_UNGUARDED_AVAILABILITY = YES_AGGRESSIVE;
				CLANG_WARN_UNREACHABLE_CODE = YES;
				CLANG_WARN__DUPLICATE_METHOD_MATCH = YES;
				COPY_PHASE_STRIP = NO;
				DEAD_CODE_STRIPPING = YES;
				DEBUG_INFORMATION_FORMAT = dwarf;
				ENABLE_STRICT_OBJC_MSGSEND = YES;
				ENABLE_TESTABILITY = YES;
				GCC_C_LANGUAGE_STANDARD = gnu11;
				GCC_DYNAMIC_NO_PIC = NO;
				GCC_NO_COMMON_BLOCKS = YES;
				GCC_OPTIMIZATION_LEVEL = 0;
				GCC_PREPROCESSOR_DEFINITIONS = (
					"DEBUG=1",
					"$(inherited)",
				);
				GCC_WARN_64_TO_32_BIT_CONVERSION = YES;
				GCC_WARN_ABOUT_RETURN_TYPE = YES_ERROR;
				GCC_WARN_UNDECLARED_SELECTOR = YES;
				GCC_WARN_UNINITIALIZED_AUTOS = YES_AGGRESSIVE;
				GCC_WARN_UNUSED_FUNCTION = YES;
				GCC_WARN_UNUSED_VARIABLE = YES;
				IPHONEOS_DEPLOYMENT_TARGET = 17.1;
				MACOSX_DEPLOYMENT_TARGET = 14.1;
				MTL_ENABLE_DEBUG_INFO = INCLUDE_SOURCE;
				MTL_FAST_MATH = YES;
				ONLY_ACTIVE_ARCH = YES;
				SDKROOT = macosx;
				SWIFT_ACTIVE_COMPILATION_CONDITIONS = DEBUG;
				SWIFT_OPTIMIZATION_LEVEL = "-Onone";
				TVOS_DEPLOYMENT_TARGET = 17.1;
			};
			name = Debug;
		};
		D71BD53F29056A5E00037DC9 /* Release */ = {
			isa = XCBuildConfiguration;
			buildSettings = {
				ALWAYS_SEARCH_USER_PATHS = NO;
				ASSETCATALOG_COMPILER_GENERATE_SWIFT_ASSET_SYMBOL_EXTENSIONS = YES;
				CLANG_ANALYZER_NONNULL = YES;
				CLANG_ANALYZER_NUMBER_OBJECT_CONVERSION = YES_AGGRESSIVE;
				CLANG_CXX_LANGUAGE_STANDARD = "gnu++20";
				CLANG_ENABLE_MODULES = YES;
				CLANG_ENABLE_OBJC_ARC = YES;
				CLANG_ENABLE_OBJC_WEAK = YES;
				CLANG_WARN_BLOCK_CAPTURE_AUTORELEASING = YES;
				CLANG_WARN_BOOL_CONVERSION = YES;
				CLANG_WARN_COMMA = YES;
				CLANG_WARN_CONSTANT_CONVERSION = YES;
				CLANG_WARN_DEPRECATED_OBJC_IMPLEMENTATIONS = YES;
				CLANG_WARN_DIRECT_OBJC_ISA_USAGE = YES_ERROR;
				CLANG_WARN_DOCUMENTATION_COMMENTS = YES;
				CLANG_WARN_EMPTY_BODY = YES;
				CLANG_WARN_ENUM_CONVERSION = YES;
				CLANG_WARN_INFINITE_RECURSION = YES;
				CLANG_WARN_INT_CONVERSION = YES;
				CLANG_WARN_NON_LITERAL_NULL_CONVERSION = YES;
				CLANG_WARN_OBJC_IMPLICIT_RETAIN_SELF = YES;
				CLANG_WARN_OBJC_LITERAL_CONVERSION = YES;
				CLANG_WARN_OBJC_ROOT_CLASS = YES_ERROR;
				CLANG_WARN_QUOTED_INCLUDE_IN_FRAMEWORK_HEADER = YES;
				CLANG_WARN_RANGE_LOOP_ANALYSIS = YES;
				CLANG_WARN_STRICT_PROTOTYPES = YES;
				CLANG_WARN_SUSPICIOUS_MOVE = YES;
				CLANG_WARN_UNGUARDED_AVAILABILITY = YES_AGGRESSIVE;
				CLANG_WARN_UNREACHABLE_CODE = YES;
				CLANG_WARN__DUPLICATE_METHOD_MATCH = YES;
				COPY_PHASE_STRIP = NO;
				DEAD_CODE_STRIPPING = YES;
				DEBUG_INFORMATION_FORMAT = "dwarf-with-dsym";
				ENABLE_NS_ASSERTIONS = NO;
				ENABLE_STRICT_OBJC_MSGSEND = YES;
				GCC_C_LANGUAGE_STANDARD = gnu11;
				GCC_NO_COMMON_BLOCKS = YES;
				GCC_WARN_64_TO_32_BIT_CONVERSION = YES;
				GCC_WARN_ABOUT_RETURN_TYPE = YES_ERROR;
				GCC_WARN_UNDECLARED_SELECTOR = YES;
				GCC_WARN_UNINITIALIZED_AUTOS = YES_AGGRESSIVE;
				GCC_WARN_UNUSED_FUNCTION = YES;
				GCC_WARN_UNUSED_VARIABLE = YES;
				IPHONEOS_DEPLOYMENT_TARGET = 17.1;
				MACOSX_DEPLOYMENT_TARGET = 14.1;
				MTL_ENABLE_DEBUG_INFO = NO;
				MTL_FAST_MATH = YES;
				SDKROOT = macosx;
				SWIFT_COMPILATION_MODE = wholemodule;
				SWIFT_OPTIMIZATION_LEVEL = "-O";
				TVOS_DEPLOYMENT_TARGET = 17.1;
			};
			name = Release;
		};
		D747E37C2A5F1D8900DF2F54 /* Debug */ = {
			isa = XCBuildConfiguration;
			buildSettings = {
				ASSETCATALOG_COMPILER_APPICON_NAME = AppIcon;
				ASSETCATALOG_COMPILER_GENERATE_SWIFT_ASSET_SYMBOL_EXTENSIONS = YES;
				ASSETCATALOG_COMPILER_GLOBAL_ACCENT_COLOR_NAME = AccentColor;
				CODE_SIGN_ENTITLEMENTS = Komodio/Shared/Komodio.entitlements;
				CODE_SIGN_STYLE = Automatic;
				CURRENT_PROJECT_VERSION = "SwiftUI 5";
				DEVELOPMENT_ASSET_PATHS = "";
				DEVELOPMENT_TEAM = FHPCJ7396C;
				ENABLE_HARDENED_RUNTIME = YES;
				ENABLE_PREVIEWS = YES;
				GENERATE_INFOPLIST_FILE = YES;
				INFOPLIST_FILE = Komodio/Shared/Info.plist;
				INFOPLIST_KEY_NSHumanReadableCopyright = "© 2024 Nick Berendsen";
				INFOPLIST_KEY_NSLocalNetworkUsageDescription = "Access Kodi on your network";
				INFOPLIST_KEY_UIApplicationSceneManifest_Generation = YES;
				"INFOPLIST_KEY_UIApplicationSceneManifest_Generation[sdk=iphoneos*]" = YES;
				"INFOPLIST_KEY_UIApplicationSceneManifest_Generation[sdk=iphonesimulator*]" = YES;
				"INFOPLIST_KEY_UIApplicationSupportsIndirectInputEvents[sdk=iphoneos*]" = YES;
				"INFOPLIST_KEY_UIApplicationSupportsIndirectInputEvents[sdk=iphonesimulator*]" = YES;
				"INFOPLIST_KEY_UILaunchScreen_Generation[sdk=iphoneos*]" = YES;
				"INFOPLIST_KEY_UILaunchScreen_Generation[sdk=iphonesimulator*]" = YES;
				INFOPLIST_KEY_UILaunchStoryboardName = "LaunchScreen (iPadOS).storyboard";
				INFOPLIST_KEY_UIRequiresFullScreen = YES;
				"INFOPLIST_KEY_UIStatusBarStyle[sdk=iphoneos*]" = UIStatusBarStyleDefault;
				"INFOPLIST_KEY_UIStatusBarStyle[sdk=iphonesimulator*]" = UIStatusBarStyleDefault;
				INFOPLIST_KEY_UISupportedInterfaceOrientations_iPad = "UIInterfaceOrientationPortrait UIInterfaceOrientationPortraitUpsideDown UIInterfaceOrientationLandscapeLeft UIInterfaceOrientationLandscapeRight";
				INFOPLIST_KEY_UISupportedInterfaceOrientations_iPhone = "UIInterfaceOrientationPortrait UIInterfaceOrientationLandscapeLeft UIInterfaceOrientationLandscapeRight";
				IPHONEOS_DEPLOYMENT_TARGET = 17.0;
				LD_RUNPATH_SEARCH_PATHS = "@executable_path/Frameworks";
				"LD_RUNPATH_SEARCH_PATHS[sdk=macosx*]" = "@executable_path/../Frameworks";
				MACOSX_DEPLOYMENT_TARGET = 14.1;
				MARKETING_VERSION = 5.0;
				PRODUCT_BUNDLE_IDENTIFIER = nl.desbeers.Komodio;
				PRODUCT_NAME = "$(TARGET_NAME)";
				SDKROOT = auto;
				SUPPORTED_PLATFORMS = "iphoneos iphonesimulator macosx xros xrsimulator";
				SUPPORTS_MACCATALYST = NO;
				SUPPORTS_MAC_DESIGNED_FOR_IPHONE_IPAD = NO;
				SUPPORTS_XR_DESIGNED_FOR_IPHONE_IPAD = NO;
				SWIFT_EMIT_LOC_STRINGS = YES;
				SWIFT_VERSION = 5.0;
				TARGETED_DEVICE_FAMILY = "2,7";
			};
			name = Debug;
		};
		D747E37D2A5F1D8900DF2F54 /* Release */ = {
			isa = XCBuildConfiguration;
			buildSettings = {
				ASSETCATALOG_COMPILER_APPICON_NAME = AppIcon;
				ASSETCATALOG_COMPILER_GENERATE_SWIFT_ASSET_SYMBOL_EXTENSIONS = YES;
				ASSETCATALOG_COMPILER_GLOBAL_ACCENT_COLOR_NAME = AccentColor;
				CODE_SIGN_ENTITLEMENTS = Komodio/Shared/Komodio.entitlements;
				CODE_SIGN_STYLE = Automatic;
				CURRENT_PROJECT_VERSION = "SwiftUI 5";
				DEVELOPMENT_ASSET_PATHS = "";
				DEVELOPMENT_TEAM = FHPCJ7396C;
				ENABLE_HARDENED_RUNTIME = YES;
				ENABLE_PREVIEWS = YES;
				GENERATE_INFOPLIST_FILE = YES;
				INFOPLIST_FILE = Komodio/Shared/Info.plist;
				INFOPLIST_KEY_NSHumanReadableCopyright = "© 2024 Nick Berendsen";
				INFOPLIST_KEY_NSLocalNetworkUsageDescription = "Access Kodi on your network";
				INFOPLIST_KEY_UIApplicationSceneManifest_Generation = YES;
				"INFOPLIST_KEY_UIApplicationSceneManifest_Generation[sdk=iphoneos*]" = YES;
				"INFOPLIST_KEY_UIApplicationSceneManifest_Generation[sdk=iphonesimulator*]" = YES;
				"INFOPLIST_KEY_UIApplicationSupportsIndirectInputEvents[sdk=iphoneos*]" = YES;
				"INFOPLIST_KEY_UIApplicationSupportsIndirectInputEvents[sdk=iphonesimulator*]" = YES;
				"INFOPLIST_KEY_UILaunchScreen_Generation[sdk=iphoneos*]" = YES;
				"INFOPLIST_KEY_UILaunchScreen_Generation[sdk=iphonesimulator*]" = YES;
				INFOPLIST_KEY_UILaunchStoryboardName = "LaunchScreen (iPadOS).storyboard";
				INFOPLIST_KEY_UIRequiresFullScreen = YES;
				"INFOPLIST_KEY_UIStatusBarStyle[sdk=iphoneos*]" = UIStatusBarStyleDefault;
				"INFOPLIST_KEY_UIStatusBarStyle[sdk=iphonesimulator*]" = UIStatusBarStyleDefault;
				INFOPLIST_KEY_UISupportedInterfaceOrientations_iPad = "UIInterfaceOrientationPortrait UIInterfaceOrientationPortraitUpsideDown UIInterfaceOrientationLandscapeLeft UIInterfaceOrientationLandscapeRight";
				INFOPLIST_KEY_UISupportedInterfaceOrientations_iPhone = "UIInterfaceOrientationPortrait UIInterfaceOrientationLandscapeLeft UIInterfaceOrientationLandscapeRight";
				IPHONEOS_DEPLOYMENT_TARGET = 17.0;
				LD_RUNPATH_SEARCH_PATHS = "@executable_path/Frameworks";
				"LD_RUNPATH_SEARCH_PATHS[sdk=macosx*]" = "@executable_path/../Frameworks";
				MACOSX_DEPLOYMENT_TARGET = 14.1;
				MARKETING_VERSION = 5.0;
				PRODUCT_BUNDLE_IDENTIFIER = nl.desbeers.Komodio;
				PRODUCT_NAME = "$(TARGET_NAME)";
				SDKROOT = auto;
				SUPPORTED_PLATFORMS = "iphoneos iphonesimulator macosx xros xrsimulator";
				SUPPORTS_MACCATALYST = NO;
				SUPPORTS_MAC_DESIGNED_FOR_IPHONE_IPAD = NO;
				SUPPORTS_XR_DESIGNED_FOR_IPHONE_IPAD = NO;
				SWIFT_EMIT_LOC_STRINGS = YES;
				SWIFT_VERSION = 5.0;
				TARGETED_DEVICE_FAMILY = "2,7";
			};
			name = Release;
		};
		D7EFE458293A4E7900CE9B8D /* Debug */ = {
			isa = XCBuildConfiguration;
			buildSettings = {
				ASSETCATALOG_COMPILER_APPICON_NAME = "App Icon & Top Shelf Image";
				ASSETCATALOG_COMPILER_GENERATE_SWIFT_ASSET_SYMBOL_EXTENSIONS = YES;
				ASSETCATALOG_COMPILER_GLOBAL_ACCENT_COLOR_NAME = AccentColor;
				CODE_SIGN_STYLE = Automatic;
				CURRENT_PROJECT_VERSION = "SwiftUI 5";
				DEVELOPMENT_ASSET_PATHS = "";
				DEVELOPMENT_TEAM = FHPCJ7396C;
				ENABLE_PREVIEWS = YES;
				GENERATE_INFOPLIST_FILE = YES;
				INFOPLIST_FILE = Komodio/tvOS/Komodio.plist;
				INFOPLIST_KEY_CFBundleDisplayName = Komodio;
				INFOPLIST_KEY_UILaunchScreen_Generation = YES;
				INFOPLIST_KEY_UILaunchStoryboardName = "LaunchScreen (tvOS).storyboard";
				INFOPLIST_KEY_UIUserInterfaceStyle = Automatic;
				LD_RUNPATH_SEARCH_PATHS = (
					"$(inherited)",
					"@executable_path/Frameworks",
				);
				MARKETING_VERSION = 5.0;
				PRODUCT_BUNDLE_IDENTIFIER = nl.desbeers.Komodio;
				PRODUCT_NAME = "$(TARGET_NAME)";
				SDKROOT = appletvos;
				SWIFT_EMIT_LOC_STRINGS = YES;
				SWIFT_STRICT_CONCURRENCY = targeted;
				SWIFT_VERSION = 5.0;
				TARGETED_DEVICE_FAMILY = 3;
				TVOS_DEPLOYMENT_TARGET = 17.0;
			};
			name = Debug;
		};
		D7EFE459293A4E7900CE9B8D /* Release */ = {
			isa = XCBuildConfiguration;
			buildSettings = {
				ASSETCATALOG_COMPILER_APPICON_NAME = "App Icon & Top Shelf Image";
				ASSETCATALOG_COMPILER_GENERATE_SWIFT_ASSET_SYMBOL_EXTENSIONS = YES;
				ASSETCATALOG_COMPILER_GLOBAL_ACCENT_COLOR_NAME = AccentColor;
				CODE_SIGN_STYLE = Automatic;
				CURRENT_PROJECT_VERSION = "SwiftUI 5";
				DEVELOPMENT_ASSET_PATHS = "";
				DEVELOPMENT_TEAM = FHPCJ7396C;
				ENABLE_PREVIEWS = YES;
				GENERATE_INFOPLIST_FILE = YES;
				INFOPLIST_FILE = Komodio/tvOS/Komodio.plist;
				INFOPLIST_KEY_CFBundleDisplayName = Komodio;
				INFOPLIST_KEY_UILaunchScreen_Generation = YES;
				INFOPLIST_KEY_UILaunchStoryboardName = "LaunchScreen (tvOS).storyboard";
				INFOPLIST_KEY_UIUserInterfaceStyle = Automatic;
				LD_RUNPATH_SEARCH_PATHS = (
					"$(inherited)",
					"@executable_path/Frameworks",
				);
				MARKETING_VERSION = 5.0;
				PRODUCT_BUNDLE_IDENTIFIER = nl.desbeers.Komodio;
				PRODUCT_NAME = "$(TARGET_NAME)";
				SDKROOT = appletvos;
				SWIFT_EMIT_LOC_STRINGS = YES;
				SWIFT_STRICT_CONCURRENCY = targeted;
				SWIFT_VERSION = 5.0;
				TARGETED_DEVICE_FAMILY = 3;
				TVOS_DEPLOYMENT_TARGET = 17.0;
				VALIDATE_PRODUCT = YES;
			};
			name = Release;
		};
/* End XCBuildConfiguration section */

/* Begin XCConfigurationList section */
		D71BD52C29056A5C00037DC9 /* Build configuration list for PBXProject "Komodio" */ = {
			isa = XCConfigurationList;
			buildConfigurations = (
				D71BD53E29056A5E00037DC9 /* Debug */,
				D71BD53F29056A5E00037DC9 /* Release */,
			);
			defaultConfigurationIsVisible = 0;
			defaultConfigurationName = Release;
		};
		D747E37E2A5F1D8900DF2F54 /* Build configuration list for PBXNativeTarget "Komodio" */ = {
			isa = XCConfigurationList;
			buildConfigurations = (
				D747E37C2A5F1D8900DF2F54 /* Debug */,
				D747E37D2A5F1D8900DF2F54 /* Release */,
			);
			defaultConfigurationIsVisible = 0;
			defaultConfigurationName = Release;
		};
		D7EFE45A293A4E7900CE9B8D /* Build configuration list for PBXNativeTarget "KomodioTV" */ = {
			isa = XCConfigurationList;
			buildConfigurations = (
				D7EFE458293A4E7900CE9B8D /* Debug */,
				D7EFE459293A4E7900CE9B8D /* Release */,
			);
			defaultConfigurationIsVisible = 0;
			defaultConfigurationName = Release;
		};
/* End XCConfigurationList section */

/* Begin XCRemoteSwiftPackageReference section */
		D71BD54329056AD800037DC9 /* XCRemoteSwiftPackageReference "SwiftlyKodiAPI" */ = {
			isa = XCRemoteSwiftPackageReference;
			repositoryURL = "https://github.com/Desbeers/SwiftlyKodiAPI";
			requirement = {
				branch = main;
				kind = branch;
			};
		};
		D78486912B2C890300517EFC /* XCRemoteSwiftPackageReference "SwiftlyRotatingView" */ = {
			isa = XCRemoteSwiftPackageReference;
			repositoryURL = "https://github.com/Desbeers/SwiftlyRotatingView";
			requirement = {
				branch = main;
				kind = branch;
			};
		};
/* End XCRemoteSwiftPackageReference section */

/* Begin XCSwiftPackageProductDependency section */
		D747E3C22A5F1EA100DF2F54 /* SwiftlyKodiAPI */ = {
			isa = XCSwiftPackageProductDependency;
			package = D71BD54329056AD800037DC9 /* XCRemoteSwiftPackageReference "SwiftlyKodiAPI" */;
			productName = SwiftlyKodiAPI;
		};
		D78486922B2C890300517EFC /* SwiftlyRotatingView */ = {
			isa = XCSwiftPackageProductDependency;
			package = D78486912B2C890300517EFC /* XCRemoteSwiftPackageReference "SwiftlyRotatingView" */;
			productName = SwiftlyRotatingView;
		};
		D78486942B2C891100517EFC /* SwiftlyRotatingView */ = {
			isa = XCSwiftPackageProductDependency;
			package = D78486912B2C890300517EFC /* XCRemoteSwiftPackageReference "SwiftlyRotatingView" */;
			productName = SwiftlyRotatingView;
		};
		D785A199294B63D900530F62 /* SwiftlyKodiAPI */ = {
			isa = XCSwiftPackageProductDependency;
			package = D71BD54329056AD800037DC9 /* XCRemoteSwiftPackageReference "SwiftlyKodiAPI" */;
			productName = SwiftlyKodiAPI;
		};
/* End XCSwiftPackageProductDependency section */
	};
	rootObject = D71BD52929056A5C00037DC9 /* Project object */;
}
